
Microsoft Visual Studio Solution File, Format Version 12.00
# Visual Studio Version 16
VisualStudioVersion = 16.0.30320.27
MinimumVisualStudioVersion = 10.0.40219.1
Project("{FAE04EC0-301F-11D3-BF4B-00C04F79EFBC}") = "Beylen.Android", "Beylen.Android\Beylen.Android.csproj", "{2D024400-7957-46E2-9B21-0E729A698BB3}"
	ProjectSection(ProjectDependencies) = postProject
		{C5C24D8F-7601-479F-9B29-AB8EB00D613C} = {C5C24D8F-7601-479F-9B29-AB8EB00D613C}
		{C8A321D4-1B21-4817-ADB6-C62037593324} = {C8A321D4-1B21-4817-ADB6-C62037593324}
		{A06154DE-D0EB-49C7-BD5E-C52E71459940} = {A06154DE-D0EB-49C7-BD5E-C52E71459940}
	EndProjectSection
EndProject
Project("{FAE04EC0-301F-11D3-BF4B-00C04F79EFBC}") = "Beylen.iOS", "Beylen.iOS\Beylen.iOS.csproj", "{F40EF4E2-6EF5-4C81-83B2-FF995CD684D2}"
	ProjectSection(ProjectDependencies) = postProject
		{C5C24D8F-7601-479F-9B29-AB8EB00D613C} = {C5C24D8F-7601-479F-9B29-AB8EB00D613C}
		{A06154DE-D0EB-49C7-BD5E-C52E71459940} = {A06154DE-D0EB-49C7-BD5E-C52E71459940}
	EndProjectSection
EndProject
Project("{9A19103F-16F7-4668-BE54-9A1E7A4F7556}") = "Beylen", "Beylen\Beylen.csproj", "{5AE6114E-1449-4529-82F5-3F8FD2D57F6F}"
	ProjectSection(ProjectDependencies) = postProject
		{C5C24D8F-7601-479F-9B29-AB8EB00D613C} = {C5C24D8F-7601-479F-9B29-AB8EB00D613C}
		{A06154DE-D0EB-49C7-BD5E-C52E71459940} = {A06154DE-D0EB-49C7-BD5E-C52E71459940}
		{A6A765F9-7D8C-47F0-BBD4-2D4DCCE0F75A} = {A6A765F9-7D8C-47F0-BBD4-2D4DCCE0F75A}
	EndProjectSection
EndProject
Project("{9A19103F-16F7-4668-BE54-9A1E7A4F7556}") = "Dwarf", "..\Dwarf\Dwarf.csproj", "{C5C24D8F-7601-479F-9B29-AB8EB00D613C}"
EndProject
Project("{9A19103F-16F7-4668-BE54-9A1E7A4F7556}") = "Druid", "..\Druid\Druid\Druid.csproj", "{A06154DE-D0EB-49C7-BD5E-C52E71459940}"
EndProject
Project("{FAE04EC0-301F-11D3-BF4B-00C04F79EFBC}") = "Druid.Android", "..\Druid\Druid.Android\Druid.Android.csproj", "{C8A321D4-1B21-4817-ADB6-C62037593324}"
EndProject
Project("{9A19103F-16F7-4668-BE54-9A1E7A4F7556}") = "Drudge", "..\Drudge\Drudge.csproj", "{BE4DEF63-A3EE-48FA-882E-AF30EE9BDC77}"
EndProject
Project("{9A19103F-16F7-4668-BE54-9A1E7A4F7556}") = "dotMorten.Xamarin.Forms.AutoSuggestBox", "AutoSuggestBox\dotMorten.Xamarin.Forms.AutoSuggestBox.csproj", "{A6A765F9-7D8C-47F0-BBD4-2D4DCCE0F75A}"
EndProject
Global
	GlobalSection(SolutionConfigurationPlatforms) = preSolution
		Debug|Any CPU = Debug|Any CPU
		Debug|iPhone = Debug|iPhone
		Debug|iPhoneSimulator = Debug|iPhoneSimulator
		Debug|x64 = Debug|x64
		Release|Any CPU = Release|Any CPU
		Release|iPhone = Release|iPhone
		Release|iPhoneSimulator = Release|iPhoneSimulator
		Release|x64 = Release|x64
	EndGlobalSection
	GlobalSection(ProjectConfigurationPlatforms) = postSolution
		{2D024400-7957-46E2-9B21-0E729A698BB3}.Debug|Any CPU.ActiveCfg = Debug|Any CPU
		{2D024400-7957-46E2-9B21-0E729A698BB3}.Debug|Any CPU.Build.0 = Debug|Any CPU
		{2D024400-7957-46E2-9B21-0E729A698BB3}.Debug|Any CPU.Deploy.0 = Debug|Any CPU
		{2D024400-7957-46E2-9B21-0E729A698BB3}.Debug|iPhone.ActiveCfg = Debug|Any CPU
		{2D024400-7957-46E2-9B21-0E729A698BB3}.Debug|iPhone.Build.0 = Debug|Any CPU
		{2D024400-7957-46E2-9B21-0E729A698BB3}.Debug|iPhone.Deploy.0 = Debug|Any CPU
		{2D024400-7957-46E2-9B21-0E729A698BB3}.Debug|iPhoneSimulator.ActiveCfg = Debug|Any CPU
		{2D024400-7957-46E2-9B21-0E729A698BB3}.Debug|iPhoneSimulator.Build.0 = Debug|Any CPU
		{2D024400-7957-46E2-9B21-0E729A698BB3}.Debug|iPhoneSimulator.Deploy.0 = Debug|Any CPU
		{2D024400-7957-46E2-9B21-0E729A698BB3}.Debug|x64.ActiveCfg = Debug|Any CPU
		{2D024400-7957-46E2-9B21-0E729A698BB3}.Debug|x64.Build.0 = Debug|Any CPU
		{2D024400-7957-46E2-9B21-0E729A698BB3}.Debug|x64.Deploy.0 = Debug|Any CPU
		{2D024400-7957-46E2-9B21-0E729A698BB3}.Release|Any CPU.ActiveCfg = Release|Any CPU
		{2D024400-7957-46E2-9B21-0E729A698BB3}.Release|Any CPU.Build.0 = Release|Any CPU
		{2D024400-7957-46E2-9B21-0E729A698BB3}.Release|Any CPU.Deploy.0 = Release|Any CPU
		{2D024400-7957-46E2-9B21-0E729A698BB3}.Release|iPhone.ActiveCfg = Release|Any CPU
		{2D024400-7957-46E2-9B21-0E729A698BB3}.Release|iPhone.Build.0 = Release|Any CPU
		{2D024400-7957-46E2-9B21-0E729A698BB3}.Release|iPhone.Deploy.0 = Release|Any CPU
		{2D024400-7957-46E2-9B21-0E729A698BB3}.Release|iPhoneSimulator.ActiveCfg = Release|Any CPU
		{2D024400-7957-46E2-9B21-0E729A698BB3}.Release|iPhoneSimulator.Build.0 = Release|Any CPU
		{2D024400-7957-46E2-9B21-0E729A698BB3}.Release|iPhoneSimulator.Deploy.0 = Release|Any CPU
		{2D024400-7957-46E2-9B21-0E729A698BB3}.Release|x64.ActiveCfg = Release|Any CPU
		{2D024400-7957-46E2-9B21-0E729A698BB3}.Release|x64.Build.0 = Release|Any CPU
		{2D024400-7957-46E2-9B21-0E729A698BB3}.Release|x64.Deploy.0 = Release|Any CPU
		{F40EF4E2-6EF5-4C81-83B2-FF995CD684D2}.Debug|Any CPU.ActiveCfg = Debug|iPhone
		{F40EF4E2-6EF5-4C81-83B2-FF995CD684D2}.Debug|Any CPU.Build.0 = Debug|iPhone
		{F40EF4E2-6EF5-4C81-83B2-FF995CD684D2}.Debug|Any CPU.Deploy.0 = Debug|iPhone
		{F40EF4E2-6EF5-4C81-83B2-FF995CD684D2}.Debug|iPhone.ActiveCfg = Debug|iPhone
		{F40EF4E2-6EF5-4C81-83B2-FF995CD684D2}.Debug|iPhone.Build.0 = Debug|iPhone
		{F40EF4E2-6EF5-4C81-83B2-FF995CD684D2}.Debug|iPhone.Deploy.0 = Debug|iPhone
		{F40EF4E2-6EF5-4C81-83B2-FF995CD684D2}.Debug|iPhoneSimulator.ActiveCfg = Debug|iPhoneSimulator
		{F40EF4E2-6EF5-4C81-83B2-FF995CD684D2}.Debug|iPhoneSimulator.Build.0 = Debug|iPhoneSimulator
		{F40EF4E2-6EF5-4C81-83B2-FF995CD684D2}.Debug|iPhoneSimulator.Deploy.0 = Debug|iPhoneSimulator
		{F40EF4E2-6EF5-4C81-83B2-FF995CD684D2}.Debug|x64.ActiveCfg = Debug|iPhone
		{F40EF4E2-6EF5-4C81-83B2-FF995CD684D2}.Release|Any CPU.ActiveCfg = Release|iPhone
		{F40EF4E2-6EF5-4C81-83B2-FF995CD684D2}.Release|Any CPU.Build.0 = Release|iPhone
		{F40EF4E2-6EF5-4C81-83B2-FF995CD684D2}.Release|Any CPU.Deploy.0 = Release|iPhone
		{F40EF4E2-6EF5-4C81-83B2-FF995CD684D2}.Release|iPhone.ActiveCfg = Release|iPhone
		{F40EF4E2-6EF5-4C81-83B2-FF995CD684D2}.Release|iPhone.Build.0 = Release|iPhone
		{F40EF4E2-6EF5-4C81-83B2-FF995CD684D2}.Release|iPhone.Deploy.0 = Release|iPhone
		{F40EF4E2-6EF5-4C81-83B2-FF995CD684D2}.Release|iPhoneSimulator.ActiveCfg = Release|iPhoneSimulator
		{F40EF4E2-6EF5-4C81-83B2-FF995CD684D2}.Release|iPhoneSimulator.Build.0 = Release|iPhoneSimulator
		{F40EF4E2-6EF5-4C81-83B2-FF995CD684D2}.Release|iPhoneSimulator.Deploy.0 = Release|iPhoneSimulator
		{F40EF4E2-6EF5-4C81-83B2-FF995CD684D2}.Release|x64.ActiveCfg = Release|iPhone
		{5AE6114E-1449-4529-82F5-3F8FD2D57F6F}.Debug|Any CPU.ActiveCfg = Debug|Any CPU
		{5AE6114E-1449-4529-82F5-3F8FD2D57F6F}.Debug|Any CPU.Build.0 = Debug|Any CPU
		{5AE6114E-1449-4529-82F5-3F8FD2D57F6F}.Debug|Any CPU.Deploy.0 = Debug|Any CPU
		{5AE6114E-1449-4529-82F5-3F8FD2D57F6F}.Debug|iPhone.ActiveCfg = Debug|Any CPU
		{5AE6114E-1449-4529-82F5-3F8FD2D57F6F}.Debug|iPhone.Build.0 = Debug|Any CPU
		{5AE6114E-1449-4529-82F5-3F8FD2D57F6F}.Debug|iPhone.Deploy.0 = Debug|Any CPU
		{5AE6114E-1449-4529-82F5-3F8FD2D57F6F}.Debug|iPhoneSimulator.ActiveCfg = Debug|Any CPU
		{5AE6114E-1449-4529-82F5-3F8FD2D57F6F}.Debug|iPhoneSimulator.Build.0 = Debug|Any CPU
		{5AE6114E-1449-4529-82F5-3F8FD2D57F6F}.Debug|iPhoneSimulator.Deploy.0 = Debug|Any CPU
		{5AE6114E-1449-4529-82F5-3F8FD2D57F6F}.Debug|x64.ActiveCfg = Debug|Any CPU
		{5AE6114E-1449-4529-82F5-3F8FD2D57F6F}.Debug|x64.Build.0 = Debug|Any CPU
		{5AE6114E-1449-4529-82F5-3F8FD2D57F6F}.Release|Any CPU.ActiveCfg = Release|Any CPU
		{5AE6114E-1449-4529-82F5-3F8FD2D57F6F}.Release|Any CPU.Build.0 = Release|Any CPU
		{5AE6114E-1449-4529-82F5-3F8FD2D57F6F}.Release|Any CPU.Deploy.0 = Release|Any CPU
		{5AE6114E-1449-4529-82F5-3F8FD2D57F6F}.Release|iPhone.ActiveCfg = Release|Any CPU
		{5AE6114E-1449-4529-82F5-3F8FD2D57F6F}.Release|iPhone.Build.0 = Release|Any CPU
		{5AE6114E-1449-4529-82F5-3F8FD2D57F6F}.Release|iPhone.Deploy.0 = Release|Any CPU
		{5AE6114E-1449-4529-82F5-3F8FD2D57F6F}.Release|iPhoneSimulator.ActiveCfg = Release|Any CPU
		{5AE6114E-1449-4529-82F5-3F8FD2D57F6F}.Release|iPhoneSimulator.Build.0 = Release|Any CPU
		{5AE6114E-1449-4529-82F5-3F8FD2D57F6F}.Release|iPhoneSimulator.Deploy.0 = Release|Any CPU
		{5AE6114E-1449-4529-82F5-3F8FD2D57F6F}.Release|x64.ActiveCfg = Release|Any CPU
		{5AE6114E-1449-4529-82F5-3F8FD2D57F6F}.Release|x64.Build.0 = Release|Any CPU
		{C5C24D8F-7601-479F-9B29-AB8EB00D613C}.Debug|Any CPU.ActiveCfg = Debug|Any CPU
		{C5C24D8F-7601-479F-9B29-AB8EB00D613C}.Debug|Any CPU.Build.0 = Debug|Any CPU
		{C5C24D8F-7601-479F-9B29-AB8EB00D613C}.Debug|iPhone.ActiveCfg = Debug|Any CPU
		{C5C24D8F-7601-479F-9B29-AB8EB00D613C}.Debug|iPhone.Build.0 = Debug|Any CPU
		{C5C24D8F-7601-479F-9B29-AB8EB00D613C}.Debug|iPhoneSimulator.ActiveCfg = Debug|Any CPU
		{C5C24D8F-7601-479F-9B29-AB8EB00D613C}.Debug|iPhoneSimulator.Build.0 = Debug|Any CPU
		{C5C24D8F-7601-479F-9B29-AB8EB00D613C}.Debug|x64.ActiveCfg = Debug|Any CPU
		{C5C24D8F-7601-479F-9B29-AB8EB00D613C}.Debug|x64.Build.0 = Debug|Any CPU
		{C5C24D8F-7601-479F-9B29-AB8EB00D613C}.Release|Any CPU.ActiveCfg = Release|Any CPU
		{C5C24D8F-7601-479F-9B29-AB8EB00D613C}.Release|Any CPU.Build.0 = Release|Any CPU
		{C5C24D8F-7601-479F-9B29-AB8EB00D613C}.Release|iPhone.ActiveCfg = Release|Any CPU
		{C5C24D8F-7601-479F-9B29-AB8EB00D613C}.Release|iPhone.Build.0 = Release|Any CPU
		{C5C24D8F-7601-479F-9B29-AB8EB00D613C}.Release|iPhoneSimulator.ActiveCfg = Release|Any CPU
		{C5C24D8F-7601-479F-9B29-AB8EB00D613C}.Release|iPhoneSimulator.Build.0 = Release|Any CPU
		{C5C24D8F-7601-479F-9B29-AB8EB00D613C}.Release|x64.ActiveCfg = Release|Any CPU
		{C5C24D8F-7601-479F-9B29-AB8EB00D613C}.Release|x64.Build.0 = Release|Any CPU
		{A06154DE-D0EB-49C7-BD5E-C52E71459940}.Debug|Any CPU.ActiveCfg = Debug|Any CPU
		{A06154DE-D0EB-49C7-BD5E-C52E71459940}.Debug|Any CPU.Build.0 = Debug|Any CPU
		{A06154DE-D0EB-49C7-BD5E-C52E71459940}.Debug|iPhone.ActiveCfg = Debug|Any CPU
		{A06154DE-D0EB-49C7-BD5E-C52E71459940}.Debug|iPhone.Build.0 = Debug|Any CPU
		{A06154DE-D0EB-49C7-BD5E-C52E71459940}.Debug|iPhoneSimulator.ActiveCfg = Debug|Any CPU
		{A06154DE-D0EB-49C7-BD5E-C52E71459940}.Debug|iPhoneSimulator.Build.0 = Debug|Any CPU
		{A06154DE-D0EB-49C7-BD5E-C52E71459940}.Debug|x64.ActiveCfg = Debug|x64
		{A06154DE-D0EB-49C7-BD5E-C52E71459940}.Debug|x64.Build.0 = Debug|x64
		{A06154DE-D0EB-49C7-BD5E-C52E71459940}.Release|Any CPU.ActiveCfg = Release|Any CPU
		{A06154DE-D0EB-49C7-BD5E-C52E71459940}.Release|Any CPU.Build.0 = Release|Any CPU
		{A06154DE-D0EB-49C7-BD5E-C52E71459940}.Release|iPhone.ActiveCfg = Release|Any CPU
		{A06154DE-D0EB-49C7-BD5E-C52E71459940}.Release|iPhone.Build.0 = Release|Any CPU
		{A06154DE-D0EB-49C7-BD5E-C52E71459940}.Release|iPhoneSimulator.ActiveCfg = Release|Any CPU
		{A06154DE-D0EB-49C7-BD5E-C52E71459940}.Release|iPhoneSimulator.Build.0 = Release|Any CPU
		{A06154DE-D0EB-49C7-BD5E-C52E71459940}.Release|x64.ActiveCfg = Release|x64
		{A06154DE-D0EB-49C7-BD5E-C52E71459940}.Release|x64.Build.0 = Release|x64
		{C8A321D4-1B21-4817-ADB6-C62037593324}.Debug|Any CPU.ActiveCfg = Debug|Any CPU
		{C8A321D4-1B21-4817-ADB6-C62037593324}.Debug|Any CPU.Build.0 = Debug|Any CPU
		{C8A321D4-1B21-4817-ADB6-C62037593324}.Debug|iPhone.ActiveCfg = Debug|Any CPU
		{C8A321D4-1B21-4817-ADB6-C62037593324}.Debug|iPhone.Build.0 = Debug|Any CPU
		{C8A321D4-1B21-4817-ADB6-C62037593324}.Debug|iPhoneSimulator.ActiveCfg = Debug|Any CPU
		{C8A321D4-1B21-4817-ADB6-C62037593324}.Debug|iPhoneSimulator.Build.0 = Debug|Any CPU
		{C8A321D4-1B21-4817-ADB6-C62037593324}.Debug|x64.ActiveCfg = Debug|Any CPU
		{C8A321D4-1B21-4817-ADB6-C62037593324}.Debug|x64.Build.0 = Debug|Any CPU
		{C8A321D4-1B21-4817-ADB6-C62037593324}.Release|Any CPU.ActiveCfg = Release|Any CPU
		{C8A321D4-1B21-4817-ADB6-C62037593324}.Release|Any CPU.Build.0 = Release|Any CPU
		{C8A321D4-1B21-4817-ADB6-C62037593324}.Release|iPhone.ActiveCfg = Release|Any CPU
		{C8A321D4-1B21-4817-ADB6-C62037593324}.Release|iPhone.Build.0 = Release|Any CPU
		{C8A321D4-1B21-4817-ADB6-C62037593324}.Release|iPhoneSimulator.ActiveCfg = Release|Any CPU
		{C8A321D4-1B21-4817-ADB6-C62037593324}.Release|iPhoneSimulator.Build.0 = Release|Any CPU
		{C8A321D4-1B21-4817-ADB6-C62037593324}.Release|x64.ActiveCfg = Release|Any CPU
		{C8A321D4-1B21-4817-ADB6-C62037593324}.Release|x64.Build.0 = Release|Any CPU
		{BE4DEF63-A3EE-48FA-882E-AF30EE9BDC77}.Debug|Any CPU.ActiveCfg = Debug|Any CPU
		{BE4DEF63-A3EE-48FA-882E-AF30EE9BDC77}.Debug|Any CPU.Build.0 = Debug|Any CPU
		{BE4DEF63-A3EE-48FA-882E-AF30EE9BDC77}.Debug|iPhone.ActiveCfg = Debug|Any CPU
		{BE4DEF63-A3EE-48FA-882E-AF30EE9BDC77}.Debug|iPhone.Build.0 = Debug|Any CPU
		{BE4DEF63-A3EE-48FA-882E-AF30EE9BDC77}.Debug|iPhoneSimulator.ActiveCfg = Debug|Any CPU
		{BE4DEF63-A3EE-48FA-882E-AF30EE9BDC77}.Debug|iPhoneSimulator.Build.0 = Debug|Any CPU
		{BE4DEF63-A3EE-48FA-882E-AF30EE9BDC77}.Debug|x64.ActiveCfg = Debug|Any CPU
		{BE4DEF63-A3EE-48FA-882E-AF30EE9BDC77}.Debug|x64.Build.0 = Debug|Any CPU
		{BE4DEF63-A3EE-48FA-882E-AF30EE9BDC77}.Release|Any CPU.ActiveCfg = Release|Any CPU
		{BE4DEF63-A3EE-48FA-882E-AF30EE9BDC77}.Release|Any CPU.Build.0 = Release|Any CPU
		{BE4DEF63-A3EE-48FA-882E-AF30EE9BDC77}.Release|iPhone.ActiveCfg = Release|Any CPU
		{BE4DEF63-A3EE-48FA-882E-AF30EE9BDC77}.Release|iPhone.Build.0 = Release|Any CPU
		{BE4DEF63-A3EE-48FA-882E-AF30EE9BDC77}.Release|iPhoneSimulator.ActiveCfg = Release|Any CPU
		{BE4DEF63-A3EE-48FA-882E-AF30EE9BDC77}.Release|iPhoneSimulator.Build.0 = Release|Any CPU
		{BE4DEF63-A3EE-48FA-882E-AF30EE9BDC77}.Release|x64.ActiveCfg = Release|Any CPU
		{BE4DEF63-A3EE-48FA-882E-AF30EE9BDC77}.Release|x64.Build.0 = Release|Any CPU
		{A6A765F9-7D8C-47F0-BBD4-2D4DCCE0F75A}.Debug|Any CPU.ActiveCfg = Debug|Any CPU
		{A6A765F9-7D8C-47F0-BBD4-2D4DCCE0F75A}.Debug|Any CPU.Build.0 = Debug|Any CPU
		{A6A765F9-7D8C-47F0-BBD4-2D4DCCE0F75A}.Debug|iPhone.ActiveCfg = Debug|Any CPU
		{A6A765F9-7D8C-47F0-BBD4-2D4DCCE0F75A}.Debug|iPhone.Build.0 = Debug|Any CPU
		{A6A765F9-7D8C-47F0-BBD4-2D4DCCE0F75A}.Debug|iPhoneSimulator.ActiveCfg = Debug|Any CPU
		{A6A765F9-7D8C-47F0-BBD4-2D4DCCE0F75A}.Debug|iPhoneSimulator.Build.0 = Debug|Any CPU
		{A6A765F9-7D8C-47F0-BBD4-2D4DCCE0F75A}.Debug|x64.ActiveCfg = Debug|Any CPU
		{A6A765F9-7D8C-47F0-BBD4-2D4DCCE0F75A}.Debug|x64.Build.0 = Debug|Any CPU
		{A6A765F9-7D8C-47F0-BBD4-2D4DCCE0F75A}.Release|Any CPU.ActiveCfg = Release|Any CPU
		{A6A765F9-7D8C-47F0-BBD4-2D4DCCE0F75A}.Release|Any CPU.Build.0 = Release|Any CPU
		{A6A765F9-7D8C-47F0-BBD4-2D4DCCE0F75A}.Release|iPhone.ActiveCfg = Release|Any CPU
		{A6A765F9-7D8C-47F0-BBD4-2D4DCCE0F75A}.Release|iPhone.Build.0 = Release|Any CPU
		{A6A765F9-7D8C-47F0-BBD4-2D4DCCE0F75A}.Release|iPhoneSimulator.ActiveCfg = Release|Any CPU
		{A6A765F9-7D8C-47F0-BBD4-2D4DCCE0F75A}.Release|iPhoneSimulator.Build.0 = Release|Any CPU
		{A6A765F9-7D8C-47F0-BBD4-2D4DCCE0F75A}.Release|x64.ActiveCfg = Release|Any CPU
		{A6A765F9-7D8C-47F0-BBD4-2D4DCCE0F75A}.Release|x64.Build.0 = Release|Any CPU
	EndGlobalSection
	GlobalSection(SolutionProperties) = preSolution
		HideSolutionNode = FALSE
	EndGlobalSection
	GlobalSection(ExtensibilityGlobals) = postSolution
		SolutionGuid = {88760922-52E9-407E-B91D-FA82F70C9023}
	EndGlobalSection
EndGlobal
