
Microsoft Visual Studio Solution File, Format Version 12.00
# Visual Studio 15
VisualStudioVersion = 15.0.28307.102
MinimumVisualStudioVersion = 10.0.40219.1
Project("{9A19103F-16F7-4668-BE54-9A1E7A4F7556}") = "Casket", "Casket\Casket.csproj", "{5BBF3557-6EC3-40ED-8AFE-9A554EED5EC9}"
	ProjectSection(ProjectDependencies) = postProject
		{0DA8856E-4A8E-4978-9D1C-107B6A6AA583} = {0DA8856E-4A8E-4978-9D1C-107B6A6AA583}
		{A97668E7-634B-4E2D-8B25-DD78C2FDAFCF} = {A97668E7-634B-4E2D-8B25-DD78C2FDAFCF}
	EndProjectSection
EndProject
Project("{FAE04EC0-301F-11D3-BF4B-00C04F79EFBC}") = "Casket.UWP", "Casket.UWP\Casket.UWP.csproj", "{608F7476-3DF6-497C-B99C-9E5B80A1EDA9}"
	ProjectSection(ProjectDependencies) = postProject
		{0DA8856E-4A8E-4978-9D1C-107B6A6AA583} = {0DA8856E-4A8E-4978-9D1C-107B6A6AA583}
		{0B5041DA-67D1-4D61-B874-645BC54FFA60} = {0B5041DA-67D1-4D61-B874-645BC54FFA60}
		{A97668E7-634B-4E2D-8B25-DD78C2FDAFCF} = {A97668E7-634B-4E2D-8B25-DD78C2FDAFCF}
	EndProjectSection
EndProject
Project("{9A19103F-16F7-4668-BE54-9A1E7A4F7556}") = "Dwarf", "..\Dwarf\Dwarf.csproj", "{A97668E7-634B-4E2D-8B25-DD78C2FDAFCF}"
EndProject
Project("{9A19103F-16F7-4668-BE54-9A1E7A4F7556}") = "Druid", "..\Druid\Druid\Druid.csproj", "{0DA8856E-4A8E-4978-9D1C-107B6A6AA583}"
EndProject
Project("{FAE04EC0-301F-11D3-BF4B-00C04F79EFBC}") = "Druid.UWP", "..\Druid\Druid.UWP\Druid.UWP.csproj", "{0B5041DA-67D1-4D61-B874-645BC54FFA60}"
EndProject
Global
	GlobalSection(SolutionConfigurationPlatforms) = preSolution
		Debug|Any CPU = Debug|Any CPU
		Debug|ARM = Debug|ARM
		Debug|iPhone = Debug|iPhone
		Debug|iPhoneSimulator = Debug|iPhoneSimulator
		Debug|x64 = Debug|x64
		Debug|x86 = Debug|x86
		Release|Any CPU = Release|Any CPU
		Release|ARM = Release|ARM
		Release|iPhone = Release|iPhone
		Release|iPhoneSimulator = Release|iPhoneSimulator
		Release|x64 = Release|x64
		Release|x86 = Release|x86
	EndGlobalSection
	GlobalSection(ProjectConfigurationPlatforms) = postSolution
		{5BBF3557-6EC3-40ED-8AFE-9A554EED5EC9}.Debug|Any CPU.ActiveCfg = Debug|Any CPU
		{5BBF3557-6EC3-40ED-8AFE-9A554EED5EC9}.Debug|Any CPU.Build.0 = Debug|Any CPU
		{5BBF3557-6EC3-40ED-8AFE-9A554EED5EC9}.Debug|ARM.ActiveCfg = Debug|Any CPU
		{5BBF3557-6EC3-40ED-8AFE-9A554EED5EC9}.Debug|ARM.Build.0 = Debug|Any CPU
		{5BBF3557-6EC3-40ED-8AFE-9A554EED5EC9}.Debug|iPhone.ActiveCfg = Debug|Any CPU
		{5BBF3557-6EC3-40ED-8AFE-9A554EED5EC9}.Debug|iPhone.Build.0 = Debug|Any CPU
		{5BBF3557-6EC3-40ED-8AFE-9A554EED5EC9}.Debug|iPhoneSimulator.ActiveCfg = Debug|Any CPU
		{5BBF3557-6EC3-40ED-8AFE-9A554EED5EC9}.Debug|iPhoneSimulator.Build.0 = Debug|Any CPU
		{5BBF3557-6EC3-40ED-8AFE-9A554EED5EC9}.Debug|x64.ActiveCfg = Debug|Any CPU
		{5BBF3557-6EC3-40ED-8AFE-9A554EED5EC9}.Debug|x64.Build.0 = Debug|Any CPU
		{5BBF3557-6EC3-40ED-8AFE-9A554EED5EC9}.Debug|x86.ActiveCfg = Debug|Any CPU
		{5BBF3557-6EC3-40ED-8AFE-9A554EED5EC9}.Debug|x86.Build.0 = Debug|Any CPU
		{5BBF3557-6EC3-40ED-8AFE-9A554EED5EC9}.Release|Any CPU.ActiveCfg = Release|Any CPU
		{5BBF3557-6EC3-40ED-8AFE-9A554EED5EC9}.Release|Any CPU.Build.0 = Release|Any CPU
		{5BBF3557-6EC3-40ED-8AFE-9A554EED5EC9}.Release|ARM.ActiveCfg = Release|Any CPU
		{5BBF3557-6EC3-40ED-8AFE-9A554EED5EC9}.Release|ARM.Build.0 = Release|Any CPU
		{5BBF3557-6EC3-40ED-8AFE-9A554EED5EC9}.Release|iPhone.ActiveCfg = Release|Any CPU
		{5BBF3557-6EC3-40ED-8AFE-9A554EED5EC9}.Release|iPhone.Build.0 = Release|Any CPU
		{5BBF3557-6EC3-40ED-8AFE-9A554EED5EC9}.Release|iPhoneSimulator.ActiveCfg = Release|Any CPU
		{5BBF3557-6EC3-40ED-8AFE-9A554EED5EC9}.Release|iPhoneSimulator.Build.0 = Release|Any CPU
		{5BBF3557-6EC3-40ED-8AFE-9A554EED5EC9}.Release|x64.ActiveCfg = Release|Any CPU
		{5BBF3557-6EC3-40ED-8AFE-9A554EED5EC9}.Release|x64.Build.0 = Release|Any CPU
		{5BBF3557-6EC3-40ED-8AFE-9A554EED5EC9}.Release|x86.ActiveCfg = Release|Any CPU
		{5BBF3557-6EC3-40ED-8AFE-9A554EED5EC9}.Release|x86.Build.0 = Release|Any CPU
		{608F7476-3DF6-497C-B99C-9E5B80A1EDA9}.Debug|Any CPU.ActiveCfg = Debug|x86
		{608F7476-3DF6-497C-B99C-9E5B80A1EDA9}.Debug|ARM.ActiveCfg = Debug|ARM
		{608F7476-3DF6-497C-B99C-9E5B80A1EDA9}.Debug|ARM.Build.0 = Debug|ARM
		{608F7476-3DF6-497C-B99C-9E5B80A1EDA9}.Debug|ARM.Deploy.0 = Debug|ARM
		{608F7476-3DF6-497C-B99C-9E5B80A1EDA9}.Debug|iPhone.ActiveCfg = Debug|x86
		{608F7476-3DF6-497C-B99C-9E5B80A1EDA9}.Debug|iPhoneSimulator.ActiveCfg = Debug|x86
		{608F7476-3DF6-497C-B99C-9E5B80A1EDA9}.Debug|x64.ActiveCfg = Debug|x64
		{608F7476-3DF6-497C-B99C-9E5B80A1EDA9}.Debug|x64.Build.0 = Debug|x64
		{608F7476-3DF6-497C-B99C-9E5B80A1EDA9}.Debug|x64.Deploy.0 = Debug|x64
		{608F7476-3DF6-497C-B99C-9E5B80A1EDA9}.Debug|x86.ActiveCfg = Debug|x86
		{608F7476-3DF6-497C-B99C-9E5B80A1EDA9}.Debug|x86.Build.0 = Debug|x86
		{608F7476-3DF6-497C-B99C-9E5B80A1EDA9}.Debug|x86.Deploy.0 = Debug|x86
		{608F7476-3DF6-497C-B99C-9E5B80A1EDA9}.Release|Any CPU.ActiveCfg = Release|x86
		{608F7476-3DF6-497C-B99C-9E5B80A1EDA9}.Release|ARM.ActiveCfg = Release|ARM
		{608F7476-3DF6-497C-B99C-9E5B80A1EDA9}.Release|ARM.Build.0 = Release|ARM
		{608F7476-3DF6-497C-B99C-9E5B80A1EDA9}.Release|ARM.Deploy.0 = Release|ARM
		{608F7476-3DF6-497C-B99C-9E5B80A1EDA9}.Release|iPhone.ActiveCfg = Release|x86
		{608F7476-3DF6-497C-B99C-9E5B80A1EDA9}.Release|iPhoneSimulator.ActiveCfg = Release|x86
		{608F7476-3DF6-497C-B99C-9E5B80A1EDA9}.Release|x64.ActiveCfg = Release|x64
		{608F7476-3DF6-497C-B99C-9E5B80A1EDA9}.Release|x64.Build.0 = Release|x64
		{608F7476-3DF6-497C-B99C-9E5B80A1EDA9}.Release|x64.Deploy.0 = Release|x64
		{608F7476-3DF6-497C-B99C-9E5B80A1EDA9}.Release|x86.ActiveCfg = Release|x86
		{608F7476-3DF6-497C-B99C-9E5B80A1EDA9}.Release|x86.Build.0 = Release|x86
		{608F7476-3DF6-497C-B99C-9E5B80A1EDA9}.Release|x86.Deploy.0 = Release|x86
		{A97668E7-634B-4E2D-8B25-DD78C2FDAFCF}.Debug|Any CPU.ActiveCfg = Debug|Any CPU
		{A97668E7-634B-4E2D-8B25-DD78C2FDAFCF}.Debug|Any CPU.Build.0 = Debug|Any CPU
		{A97668E7-634B-4E2D-8B25-DD78C2FDAFCF}.Debug|ARM.ActiveCfg = Debug|Any CPU
		{A97668E7-634B-4E2D-8B25-DD78C2FDAFCF}.Debug|ARM.Build.0 = Debug|Any CPU
		{A97668E7-634B-4E2D-8B25-DD78C2FDAFCF}.Debug|iPhone.ActiveCfg = Debug|Any CPU
		{A97668E7-634B-4E2D-8B25-DD78C2FDAFCF}.Debug|iPhone.Build.0 = Debug|Any CPU
		{A97668E7-634B-4E2D-8B25-DD78C2FDAFCF}.Debug|iPhoneSimulator.ActiveCfg = Debug|Any CPU
		{A97668E7-634B-4E2D-8B25-DD78C2FDAFCF}.Debug|iPhoneSimulator.Build.0 = Debug|Any CPU
		{A97668E7-634B-4E2D-8B25-DD78C2FDAFCF}.Debug|x64.ActiveCfg = Debug|Any CPU
		{A97668E7-634B-4E2D-8B25-DD78C2FDAFCF}.Debug|x64.Build.0 = Debug|Any CPU
		{A97668E7-634B-4E2D-8B25-DD78C2FDAFCF}.Debug|x86.ActiveCfg = Debug|Any CPU
		{A97668E7-634B-4E2D-8B25-DD78C2FDAFCF}.Debug|x86.Build.0 = Debug|Any CPU
		{A97668E7-634B-4E2D-8B25-DD78C2FDAFCF}.Release|Any CPU.ActiveCfg = Release|Any CPU
		{A97668E7-634B-4E2D-8B25-DD78C2FDAFCF}.Release|Any CPU.Build.0 = Release|Any CPU
		{A97668E7-634B-4E2D-8B25-DD78C2FDAFCF}.Release|ARM.ActiveCfg = Release|Any CPU
		{A97668E7-634B-4E2D-8B25-DD78C2FDAFCF}.Release|ARM.Build.0 = Release|Any CPU
		{A97668E7-634B-4E2D-8B25-DD78C2FDAFCF}.Release|iPhone.ActiveCfg = Release|Any CPU
		{A97668E7-634B-4E2D-8B25-DD78C2FDAFCF}.Release|iPhone.Build.0 = Release|Any CPU
		{A97668E7-634B-4E2D-8B25-DD78C2FDAFCF}.Release|iPhoneSimulator.ActiveCfg = Release|Any CPU
		{A97668E7-634B-4E2D-8B25-DD78C2FDAFCF}.Release|iPhoneSimulator.Build.0 = Release|Any CPU
		{A97668E7-634B-4E2D-8B25-DD78C2FDAFCF}.Release|x64.ActiveCfg = Release|Any CPU
		{A97668E7-634B-4E2D-8B25-DD78C2FDAFCF}.Release|x64.Build.0 = Release|Any CPU
		{A97668E7-634B-4E2D-8B25-DD78C2FDAFCF}.Release|x86.ActiveCfg = Release|Any CPU
		{A97668E7-634B-4E2D-8B25-DD78C2FDAFCF}.Release|x86.Build.0 = Release|Any CPU
		{0DA8856E-4A8E-4978-9D1C-107B6A6AA583}.Debug|Any CPU.ActiveCfg = Debug|Any CPU
		{0DA8856E-4A8E-4978-9D1C-107B6A6AA583}.Debug|Any CPU.Build.0 = Debug|Any CPU
		{0DA8856E-4A8E-4978-9D1C-107B6A6AA583}.Debug|ARM.ActiveCfg = Debug|Any CPU
		{0DA8856E-4A8E-4978-9D1C-107B6A6AA583}.Debug|ARM.Build.0 = Debug|Any CPU
		{0DA8856E-4A8E-4978-9D1C-107B6A6AA583}.Debug|iPhone.ActiveCfg = Debug|Any CPU
		{0DA8856E-4A8E-4978-9D1C-107B6A6AA583}.Debug|iPhone.Build.0 = Debug|Any CPU
		{0DA8856E-4A8E-4978-9D1C-107B6A6AA583}.Debug|iPhoneSimulator.ActiveCfg = Debug|Any CPU
		{0DA8856E-4A8E-4978-9D1C-107B6A6AA583}.Debug|iPhoneSimulator.Build.0 = Debug|Any CPU
		{0DA8856E-4A8E-4978-9D1C-107B6A6AA583}.Debug|x64.ActiveCfg = Debug|Any CPU
		{0DA8856E-4A8E-4978-9D1C-107B6A6AA583}.Debug|x64.Build.0 = Debug|Any CPU
		{0DA8856E-4A8E-4978-9D1C-107B6A6AA583}.Debug|x86.ActiveCfg = Debug|Any CPU
		{0DA8856E-4A8E-4978-9D1C-107B6A6AA583}.Debug|x86.Build.0 = Debug|Any CPU
		{0DA8856E-4A8E-4978-9D1C-107B6A6AA583}.Release|Any CPU.ActiveCfg = Release|Any CPU
		{0DA8856E-4A8E-4978-9D1C-107B6A6AA583}.Release|Any CPU.Build.0 = Release|Any CPU
		{0DA8856E-4A8E-4978-9D1C-107B6A6AA583}.Release|ARM.ActiveCfg = Release|Any CPU
		{0DA8856E-4A8E-4978-9D1C-107B6A6AA583}.Release|ARM.Build.0 = Release|Any CPU
		{0DA8856E-4A8E-4978-9D1C-107B6A6AA583}.Release|iPhone.ActiveCfg = Release|Any CPU
		{0DA8856E-4A8E-4978-9D1C-107B6A6AA583}.Release|iPhone.Build.0 = Release|Any CPU
		{0DA8856E-4A8E-4978-9D1C-107B6A6AA583}.Release|iPhoneSimulator.ActiveCfg = Release|Any CPU
		{0DA8856E-4A8E-4978-9D1C-107B6A6AA583}.Release|iPhoneSimulator.Build.0 = Release|Any CPU
		{0DA8856E-4A8E-4978-9D1C-107B6A6AA583}.Release|x64.ActiveCfg = Release|Any CPU
		{0DA8856E-4A8E-4978-9D1C-107B6A6AA583}.Release|x64.Build.0 = Release|Any CPU
		{0DA8856E-4A8E-4978-9D1C-107B6A6AA583}.Release|x86.ActiveCfg = Release|Any CPU
		{0DA8856E-4A8E-4978-9D1C-107B6A6AA583}.Release|x86.Build.0 = Release|Any CPU
		{0B5041DA-67D1-4D61-B874-645BC54FFA60}.Debug|Any CPU.ActiveCfg = Debug|Any CPU
		{0B5041DA-67D1-4D61-B874-645BC54FFA60}.Debug|Any CPU.Build.0 = Debug|Any CPU
		{0B5041DA-67D1-4D61-B874-645BC54FFA60}.Debug|ARM.ActiveCfg = Debug|ARM
		{0B5041DA-67D1-4D61-B874-645BC54FFA60}.Debug|ARM.Build.0 = Debug|ARM
		{0B5041DA-67D1-4D61-B874-645BC54FFA60}.Debug|iPhone.ActiveCfg = Debug|Any CPU
		{0B5041DA-67D1-4D61-B874-645BC54FFA60}.Debug|iPhone.Build.0 = Debug|Any CPU
		{0B5041DA-67D1-4D61-B874-645BC54FFA60}.Debug|iPhoneSimulator.ActiveCfg = Debug|Any CPU
		{0B5041DA-67D1-4D61-B874-645BC54FFA60}.Debug|iPhoneSimulator.Build.0 = Debug|Any CPU
		{0B5041DA-67D1-4D61-B874-645BC54FFA60}.Debug|x64.ActiveCfg = Debug|x64
		{0B5041DA-67D1-4D61-B874-645BC54FFA60}.Debug|x64.Build.0 = Debug|x64
		{0B5041DA-67D1-4D61-B874-645BC54FFA60}.Debug|x86.ActiveCfg = Debug|x86
		{0B5041DA-67D1-4D61-B874-645BC54FFA60}.Debug|x86.Build.0 = Debug|x86
		{0B5041DA-67D1-4D61-B874-645BC54FFA60}.Release|Any CPU.ActiveCfg = Release|Any CPU
		{0B5041DA-67D1-4D61-B874-645BC54FFA60}.Release|Any CPU.Build.0 = Release|Any CPU
		{0B5041DA-67D1-4D61-B874-645BC54FFA60}.Release|ARM.ActiveCfg = Release|ARM
		{0B5041DA-67D1-4D61-B874-645BC54FFA60}.Release|ARM.Build.0 = Release|ARM
		{0B5041DA-67D1-4D61-B874-645BC54FFA60}.Release|iPhone.ActiveCfg = Release|Any CPU
		{0B5041DA-67D1-4D61-B874-645BC54FFA60}.Release|iPhone.Build.0 = Release|Any CPU
		{0B5041DA-67D1-4D61-B874-645BC54FFA60}.Release|iPhoneSimulator.ActiveCfg = Release|Any CPU
		{0B5041DA-67D1-4D61-B874-645BC54FFA60}.Release|iPhoneSimulator.Build.0 = Release|Any CPU
		{0B5041DA-67D1-4D61-B874-645BC54FFA60}.Release|x64.ActiveCfg = Release|x64
		{0B5041DA-67D1-4D61-B874-645BC54FFA60}.Release|x64.Build.0 = Release|x64
		{0B5041DA-67D1-4D61-B874-645BC54FFA60}.Release|x86.ActiveCfg = Release|x86
		{0B5041DA-67D1-4D61-B874-645BC54FFA60}.Release|x86.Build.0 = Release|x86
	EndGlobalSection
	GlobalSection(SolutionProperties) = preSolution
		HideSolutionNode = FALSE
	EndGlobalSection
	GlobalSection(ExtensibilityGlobals) = postSolution
		SolutionGuid = {9291ED9E-B83C-4F19-96F5-548D523DC56F}
	EndGlobalSection
EndGlobal
