
Microsoft Visual Studio Solution File, Format Version 12.00
# Visual Studio Version 16
VisualStudioVersion = 16.0.31321.278
MinimumVisualStudioVersion = 10.0.40219.1
Project("{FAE04EC0-301F-11D3-BF4B-00C04F79EFBC}") = "Drive.UWP", "Drive.UWP\Drive.UWP.csproj", "{AB67665C-5D9E-4012-8BE6-AF9896213891}"
EndProject
Project("{FAE04EC0-301F-11D3-BF4B-00C04F79EFBC}") = "Drive.Android", "Drive.Android\Drive.Android.csproj", "{D4525C4D-E54B-4C96-A77F-2F9654FB2070}"
	ProjectSection(ProjectDependencies) = postProject
		{C8A321D4-1B21-4817-ADB6-C62037593324} = {C8A321D4-1B21-4817-ADB6-C62037593324}
	EndProjectSection
EndProject
Project("{FAE04EC0-301F-11D3-BF4B-00C04F79EFBC}") = "Drive.iOS", "Drive.iOS\Drive.iOS.csproj", "{C6C77FD0-56B5-490E-885C-8B4B25B03E4F}"
EndProject
Project("{FAE04EC0-301F-11D3-BF4B-00C04F79EFBC}") = "Drive", "Drive\Drive.csproj", "{71D25974-CF95-42F8-9BCC-E910A43CC8C8}"
	ProjectSection(ProjectDependencies) = postProject
		{CF4ECF13-9314-4D87-9930-23D3D7BD5A06} = {CF4ECF13-9314-4D87-9930-23D3D7BD5A06}
		{8C379160-F757-4F77-B40D-28D7A994A15E} = {8C379160-F757-4F77-B40D-28D7A994A15E}
		{B1DC9D84-D7C3-4D8C-93A2-D56436388010} = {B1DC9D84-D7C3-4D8C-93A2-D56436388010}
	EndProjectSection
EndProject
Project("{9A19103F-16F7-4668-BE54-9A1E7A4F7556}") = "Dwarf", "..\Dwarf\Dwarf.csproj", "{CF4ECF13-9314-4D87-9930-23D3D7BD5A06}"
EndProject
Project("{9A19103F-16F7-4668-BE54-9A1E7A4F7556}") = "Druid", "..\Druid\Druid\Druid.csproj", "{B1DC9D84-D7C3-4D8C-93A2-D56436388010}"
EndProject
Project("{FAE04EC0-301F-11D3-BF4B-00C04F79EFBC}") = "Druid.Android", "..\Druid\Druid.Android\Druid.Android.csproj", "{C8A321D4-1B21-4817-ADB6-C62037593324}"
EndProject
Project("{9A19103F-16F7-4668-BE54-9A1E7A4F7556}") = "Drudge", "..\Drudge\Drudge.csproj", "{8C379160-F757-4F77-B40D-28D7A994A15E}"
EndProject
Global
	GlobalSection(SolutionConfigurationPlatforms) = preSolution
		Debug|Any CPU = Debug|Any CPU
		Debug|ARM = Debug|ARM
		Debug|iPhone = Debug|iPhone
		Debug|iPhoneSimulator = Debug|iPhoneSimulator
		Debug|x64 = Debug|x64
		Debug|x86 = Debug|x86
		Release|Any CPU = Release|Any CPU
		Release|ARM = Release|ARM
		Release|iPhone = Release|iPhone
		Release|iPhoneSimulator = Release|iPhoneSimulator
		Release|x64 = Release|x64
		Release|x86 = Release|x86
	EndGlobalSection
	GlobalSection(ProjectConfigurationPlatforms) = postSolution
		{AB67665C-5D9E-4012-8BE6-AF9896213891}.Debug|Any CPU.ActiveCfg = Debug|x86
		{AB67665C-5D9E-4012-8BE6-AF9896213891}.Debug|Any CPU.Build.0 = Debug|x86
		{AB67665C-5D9E-4012-8BE6-AF9896213891}.Debug|Any CPU.Deploy.0 = Debug|x86
		{AB67665C-5D9E-4012-8BE6-AF9896213891}.Debug|ARM.ActiveCfg = Debug|ARM
		{AB67665C-5D9E-4012-8BE6-AF9896213891}.Debug|ARM.Build.0 = Debug|ARM
		{AB67665C-5D9E-4012-8BE6-AF9896213891}.Debug|ARM.Deploy.0 = Debug|ARM
		{AB67665C-5D9E-4012-8BE6-AF9896213891}.Debug|iPhone.ActiveCfg = Debug|x86
		{AB67665C-5D9E-4012-8BE6-AF9896213891}.Debug|iPhone.Build.0 = Debug|x86
		{AB67665C-5D9E-4012-8BE6-AF9896213891}.Debug|iPhone.Deploy.0 = Debug|x86
		{AB67665C-5D9E-4012-8BE6-AF9896213891}.Debug|iPhoneSimulator.ActiveCfg = Debug|x86
		{AB67665C-5D9E-4012-8BE6-AF9896213891}.Debug|iPhoneSimulator.Build.0 = Debug|x86
		{AB67665C-5D9E-4012-8BE6-AF9896213891}.Debug|iPhoneSimulator.Deploy.0 = Debug|x86
		{AB67665C-5D9E-4012-8BE6-AF9896213891}.Debug|x64.ActiveCfg = Debug|x64
		{AB67665C-5D9E-4012-8BE6-AF9896213891}.Debug|x64.Build.0 = Debug|x64
		{AB67665C-5D9E-4012-8BE6-AF9896213891}.Debug|x64.Deploy.0 = Debug|x64
		{AB67665C-5D9E-4012-8BE6-AF9896213891}.Debug|x86.ActiveCfg = Debug|x86
		{AB67665C-5D9E-4012-8BE6-AF9896213891}.Debug|x86.Build.0 = Debug|x86
		{AB67665C-5D9E-4012-8BE6-AF9896213891}.Debug|x86.Deploy.0 = Debug|x86
		{AB67665C-5D9E-4012-8BE6-AF9896213891}.Release|Any CPU.ActiveCfg = Release|x86
		{AB67665C-5D9E-4012-8BE6-AF9896213891}.Release|Any CPU.Build.0 = Release|x86
		{AB67665C-5D9E-4012-8BE6-AF9896213891}.Release|Any CPU.Deploy.0 = Release|x86
		{AB67665C-5D9E-4012-8BE6-AF9896213891}.Release|ARM.ActiveCfg = Release|ARM
		{AB67665C-5D9E-4012-8BE6-AF9896213891}.Release|ARM.Build.0 = Release|ARM
		{AB67665C-5D9E-4012-8BE6-AF9896213891}.Release|ARM.Deploy.0 = Release|ARM
		{AB67665C-5D9E-4012-8BE6-AF9896213891}.Release|iPhone.ActiveCfg = Release|x86
		{AB67665C-5D9E-4012-8BE6-AF9896213891}.Release|iPhone.Build.0 = Release|x86
		{AB67665C-5D9E-4012-8BE6-AF9896213891}.Release|iPhone.Deploy.0 = Release|x86
		{AB67665C-5D9E-4012-8BE6-AF9896213891}.Release|iPhoneSimulator.ActiveCfg = Release|x86
		{AB67665C-5D9E-4012-8BE6-AF9896213891}.Release|iPhoneSimulator.Build.0 = Release|x86
		{AB67665C-5D9E-4012-8BE6-AF9896213891}.Release|iPhoneSimulator.Deploy.0 = Release|x86
		{AB67665C-5D9E-4012-8BE6-AF9896213891}.Release|x64.ActiveCfg = Release|x64
		{AB67665C-5D9E-4012-8BE6-AF9896213891}.Release|x64.Build.0 = Release|x64
		{AB67665C-5D9E-4012-8BE6-AF9896213891}.Release|x64.Deploy.0 = Release|x64
		{AB67665C-5D9E-4012-8BE6-AF9896213891}.Release|x86.ActiveCfg = Release|x86
		{AB67665C-5D9E-4012-8BE6-AF9896213891}.Release|x86.Build.0 = Release|x86
		{AB67665C-5D9E-4012-8BE6-AF9896213891}.Release|x86.Deploy.0 = Release|x86
		{D4525C4D-E54B-4C96-A77F-2F9654FB2070}.Debug|Any CPU.ActiveCfg = Debug|Any CPU
		{D4525C4D-E54B-4C96-A77F-2F9654FB2070}.Debug|Any CPU.Build.0 = Debug|Any CPU
		{D4525C4D-E54B-4C96-A77F-2F9654FB2070}.Debug|Any CPU.Deploy.0 = Debug|Any CPU
		{D4525C4D-E54B-4C96-A77F-2F9654FB2070}.Debug|ARM.ActiveCfg = Debug|Any CPU
		{D4525C4D-E54B-4C96-A77F-2F9654FB2070}.Debug|ARM.Build.0 = Debug|Any CPU
		{D4525C4D-E54B-4C96-A77F-2F9654FB2070}.Debug|ARM.Deploy.0 = Debug|Any CPU
		{D4525C4D-E54B-4C96-A77F-2F9654FB2070}.Debug|iPhone.ActiveCfg = Debug|Any CPU
		{D4525C4D-E54B-4C96-A77F-2F9654FB2070}.Debug|iPhone.Build.0 = Debug|Any CPU
		{D4525C4D-E54B-4C96-A77F-2F9654FB2070}.Debug|iPhone.Deploy.0 = Debug|Any CPU
		{D4525C4D-E54B-4C96-A77F-2F9654FB2070}.Debug|iPhoneSimulator.ActiveCfg = Debug|Any CPU
		{D4525C4D-E54B-4C96-A77F-2F9654FB2070}.Debug|iPhoneSimulator.Build.0 = Debug|Any CPU
		{D4525C4D-E54B-4C96-A77F-2F9654FB2070}.Debug|iPhoneSimulator.Deploy.0 = Debug|Any CPU
		{D4525C4D-E54B-4C96-A77F-2F9654FB2070}.Debug|x64.ActiveCfg = Debug|Any CPU
		{D4525C4D-E54B-4C96-A77F-2F9654FB2070}.Debug|x64.Build.0 = Debug|Any CPU
		{D4525C4D-E54B-4C96-A77F-2F9654FB2070}.Debug|x64.Deploy.0 = Debug|Any CPU
		{D4525C4D-E54B-4C96-A77F-2F9654FB2070}.Debug|x86.ActiveCfg = Debug|Any CPU
		{D4525C4D-E54B-4C96-A77F-2F9654FB2070}.Debug|x86.Build.0 = Debug|Any CPU
		{D4525C4D-E54B-4C96-A77F-2F9654FB2070}.Debug|x86.Deploy.0 = Debug|Any CPU
		{D4525C4D-E54B-4C96-A77F-2F9654FB2070}.Release|Any CPU.ActiveCfg = Release|Any CPU
		{D4525C4D-E54B-4C96-A77F-2F9654FB2070}.Release|Any CPU.Build.0 = Release|Any CPU
		{D4525C4D-E54B-4C96-A77F-2F9654FB2070}.Release|Any CPU.Deploy.0 = Release|Any CPU
		{D4525C4D-E54B-4C96-A77F-2F9654FB2070}.Release|ARM.ActiveCfg = Release|Any CPU
		{D4525C4D-E54B-4C96-A77F-2F9654FB2070}.Release|ARM.Build.0 = Release|Any CPU
		{D4525C4D-E54B-4C96-A77F-2F9654FB2070}.Release|ARM.Deploy.0 = Release|Any CPU
		{D4525C4D-E54B-4C96-A77F-2F9654FB2070}.Release|iPhone.ActiveCfg = Release|Any CPU
		{D4525C4D-E54B-4C96-A77F-2F9654FB2070}.Release|iPhone.Build.0 = Release|Any CPU
		{D4525C4D-E54B-4C96-A77F-2F9654FB2070}.Release|iPhone.Deploy.0 = Release|Any CPU
		{D4525C4D-E54B-4C96-A77F-2F9654FB2070}.Release|iPhoneSimulator.ActiveCfg = Release|Any CPU
		{D4525C4D-E54B-4C96-A77F-2F9654FB2070}.Release|iPhoneSimulator.Build.0 = Release|Any CPU
		{D4525C4D-E54B-4C96-A77F-2F9654FB2070}.Release|iPhoneSimulator.Deploy.0 = Release|Any CPU
		{D4525C4D-E54B-4C96-A77F-2F9654FB2070}.Release|x64.ActiveCfg = Release|Any CPU
		{D4525C4D-E54B-4C96-A77F-2F9654FB2070}.Release|x64.Build.0 = Release|Any CPU
		{D4525C4D-E54B-4C96-A77F-2F9654FB2070}.Release|x64.Deploy.0 = Release|Any CPU
		{D4525C4D-E54B-4C96-A77F-2F9654FB2070}.Release|x86.ActiveCfg = Release|Any CPU
		{D4525C4D-E54B-4C96-A77F-2F9654FB2070}.Release|x86.Build.0 = Release|Any CPU
		{D4525C4D-E54B-4C96-A77F-2F9654FB2070}.Release|x86.Deploy.0 = Release|Any CPU
		{C6C77FD0-56B5-490E-885C-8B4B25B03E4F}.Debug|Any CPU.ActiveCfg = Debug|iPhoneSimulator
		{C6C77FD0-56B5-490E-885C-8B4B25B03E4F}.Debug|Any CPU.Build.0 = Debug|iPhoneSimulator
		{C6C77FD0-56B5-490E-885C-8B4B25B03E4F}.Debug|Any CPU.Deploy.0 = Debug|iPhoneSimulator
		{C6C77FD0-56B5-490E-885C-8B4B25B03E4F}.Debug|ARM.ActiveCfg = Debug|iPhone
		{C6C77FD0-56B5-490E-885C-8B4B25B03E4F}.Debug|ARM.Build.0 = Debug|iPhone
		{C6C77FD0-56B5-490E-885C-8B4B25B03E4F}.Debug|ARM.Deploy.0 = Debug|iPhone
		{C6C77FD0-56B5-490E-885C-8B4B25B03E4F}.Debug|iPhone.ActiveCfg = Debug|iPhone
		{C6C77FD0-56B5-490E-885C-8B4B25B03E4F}.Debug|iPhone.Build.0 = Debug|iPhone
		{C6C77FD0-56B5-490E-885C-8B4B25B03E4F}.Debug|iPhone.Deploy.0 = Debug|iPhone
		{C6C77FD0-56B5-490E-885C-8B4B25B03E4F}.Debug|iPhoneSimulator.ActiveCfg = Debug|iPhoneSimulator
		{C6C77FD0-56B5-490E-885C-8B4B25B03E4F}.Debug|iPhoneSimulator.Build.0 = Debug|iPhoneSimulator
		{C6C77FD0-56B5-490E-885C-8B4B25B03E4F}.Debug|iPhoneSimulator.Deploy.0 = Debug|iPhoneSimulator
		{C6C77FD0-56B5-490E-885C-8B4B25B03E4F}.Debug|x64.ActiveCfg = Debug|iPhoneSimulator
		{C6C77FD0-56B5-490E-885C-8B4B25B03E4F}.Debug|x64.Build.0 = Debug|iPhoneSimulator
		{C6C77FD0-56B5-490E-885C-8B4B25B03E4F}.Debug|x64.Deploy.0 = Debug|iPhoneSimulator
		{C6C77FD0-56B5-490E-885C-8B4B25B03E4F}.Debug|x86.ActiveCfg = Debug|iPhoneSimulator
		{C6C77FD0-56B5-490E-885C-8B4B25B03E4F}.Debug|x86.Build.0 = Debug|iPhoneSimulator
		{C6C77FD0-56B5-490E-885C-8B4B25B03E4F}.Debug|x86.Deploy.0 = Debug|iPhoneSimulator
		{C6C77FD0-56B5-490E-885C-8B4B25B03E4F}.Release|Any CPU.ActiveCfg = Release|iPhoneSimulator
		{C6C77FD0-56B5-490E-885C-8B4B25B03E4F}.Release|Any CPU.Build.0 = Release|iPhoneSimulator
		{C6C77FD0-56B5-490E-885C-8B4B25B03E4F}.Release|Any CPU.Deploy.0 = Release|iPhoneSimulator
		{C6C77FD0-56B5-490E-885C-8B4B25B03E4F}.Release|ARM.ActiveCfg = Release|iPhoneSimulator
		{C6C77FD0-56B5-490E-885C-8B4B25B03E4F}.Release|ARM.Build.0 = Release|iPhoneSimulator
		{C6C77FD0-56B5-490E-885C-8B4B25B03E4F}.Release|ARM.Deploy.0 = Release|iPhoneSimulator
		{C6C77FD0-56B5-490E-885C-8B4B25B03E4F}.Release|iPhone.ActiveCfg = Release|iPhone
		{C6C77FD0-56B5-490E-885C-8B4B25B03E4F}.Release|iPhone.Build.0 = Release|iPhone
		{C6C77FD0-56B5-490E-885C-8B4B25B03E4F}.Release|iPhone.Deploy.0 = Release|iPhone
		{C6C77FD0-56B5-490E-885C-8B4B25B03E4F}.Release|iPhoneSimulator.ActiveCfg = Release|iPhoneSimulator
		{C6C77FD0-56B5-490E-885C-8B4B25B03E4F}.Release|iPhoneSimulator.Build.0 = Release|iPhoneSimulator
		{C6C77FD0-56B5-490E-885C-8B4B25B03E4F}.Release|iPhoneSimulator.Deploy.0 = Release|iPhoneSimulator
		{C6C77FD0-56B5-490E-885C-8B4B25B03E4F}.Release|x64.ActiveCfg = Release|iPhoneSimulator
		{C6C77FD0-56B5-490E-885C-8B4B25B03E4F}.Release|x64.Build.0 = Release|iPhoneSimulator
		{C6C77FD0-56B5-490E-885C-8B4B25B03E4F}.Release|x64.Deploy.0 = Release|iPhoneSimulator
		{C6C77FD0-56B5-490E-885C-8B4B25B03E4F}.Release|x86.ActiveCfg = Release|iPhoneSimulator
		{C6C77FD0-56B5-490E-885C-8B4B25B03E4F}.Release|x86.Build.0 = Release|iPhoneSimulator
		{C6C77FD0-56B5-490E-885C-8B4B25B03E4F}.Release|x86.Deploy.0 = Release|iPhoneSimulator
		{71D25974-CF95-42F8-9BCC-E910A43CC8C8}.Debug|Any CPU.ActiveCfg = Debug|Any CPU
		{71D25974-CF95-42F8-9BCC-E910A43CC8C8}.Debug|Any CPU.Build.0 = Debug|Any CPU
		{71D25974-CF95-42F8-9BCC-E910A43CC8C8}.Debug|Any CPU.Deploy.0 = Debug|Any CPU
		{71D25974-CF95-42F8-9BCC-E910A43CC8C8}.Debug|ARM.ActiveCfg = Debug|Any CPU
		{71D25974-CF95-42F8-9BCC-E910A43CC8C8}.Debug|ARM.Build.0 = Debug|Any CPU
		{71D25974-CF95-42F8-9BCC-E910A43CC8C8}.Debug|ARM.Deploy.0 = Debug|Any CPU
		{71D25974-CF95-42F8-9BCC-E910A43CC8C8}.Debug|iPhone.ActiveCfg = Debug|Any CPU
		{71D25974-CF95-42F8-9BCC-E910A43CC8C8}.Debug|iPhone.Build.0 = Debug|Any CPU
		{71D25974-CF95-42F8-9BCC-E910A43CC8C8}.Debug|iPhone.Deploy.0 = Debug|Any CPU
		{71D25974-CF95-42F8-9BCC-E910A43CC8C8}.Debug|iPhoneSimulator.ActiveCfg = Debug|Any CPU
		{71D25974-CF95-42F8-9BCC-E910A43CC8C8}.Debug|iPhoneSimulator.Build.0 = Debug|Any CPU
		{71D25974-CF95-42F8-9BCC-E910A43CC8C8}.Debug|iPhoneSimulator.Deploy.0 = Debug|Any CPU
		{71D25974-CF95-42F8-9BCC-E910A43CC8C8}.Debug|x64.ActiveCfg = Debug|Any CPU
		{71D25974-CF95-42F8-9BCC-E910A43CC8C8}.Debug|x64.Build.0 = Debug|Any CPU
		{71D25974-CF95-42F8-9BCC-E910A43CC8C8}.Debug|x64.Deploy.0 = Debug|Any CPU
		{71D25974-CF95-42F8-9BCC-E910A43CC8C8}.Debug|x86.ActiveCfg = Debug|Any CPU
		{71D25974-CF95-42F8-9BCC-E910A43CC8C8}.Debug|x86.Build.0 = Debug|Any CPU
		{71D25974-CF95-42F8-9BCC-E910A43CC8C8}.Debug|x86.Deploy.0 = Debug|Any CPU
		{71D25974-CF95-42F8-9BCC-E910A43CC8C8}.Release|Any CPU.ActiveCfg = Release|Any CPU
		{71D25974-CF95-42F8-9BCC-E910A43CC8C8}.Release|Any CPU.Build.0 = Release|Any CPU
		{71D25974-CF95-42F8-9BCC-E910A43CC8C8}.Release|Any CPU.Deploy.0 = Release|Any CPU
		{71D25974-CF95-42F8-9BCC-E910A43CC8C8}.Release|ARM.ActiveCfg = Release|Any CPU
		{71D25974-CF95-42F8-9BCC-E910A43CC8C8}.Release|ARM.Build.0 = Release|Any CPU
		{71D25974-CF95-42F8-9BCC-E910A43CC8C8}.Release|ARM.Deploy.0 = Release|Any CPU
		{71D25974-CF95-42F8-9BCC-E910A43CC8C8}.Release|iPhone.ActiveCfg = Release|Any CPU
		{71D25974-CF95-42F8-9BCC-E910A43CC8C8}.Release|iPhone.Build.0 = Release|Any CPU
		{71D25974-CF95-42F8-9BCC-E910A43CC8C8}.Release|iPhone.Deploy.0 = Release|Any CPU
		{71D25974-CF95-42F8-9BCC-E910A43CC8C8}.Release|iPhoneSimulator.ActiveCfg = Release|Any CPU
		{71D25974-CF95-42F8-9BCC-E910A43CC8C8}.Release|iPhoneSimulator.Build.0 = Release|Any CPU
		{71D25974-CF95-42F8-9BCC-E910A43CC8C8}.Release|iPhoneSimulator.Deploy.0 = Release|Any CPU
		{71D25974-CF95-42F8-9BCC-E910A43CC8C8}.Release|x64.ActiveCfg = Release|Any CPU
		{71D25974-CF95-42F8-9BCC-E910A43CC8C8}.Release|x64.Build.0 = Release|Any CPU
		{71D25974-CF95-42F8-9BCC-E910A43CC8C8}.Release|x64.Deploy.0 = Release|Any CPU
		{71D25974-CF95-42F8-9BCC-E910A43CC8C8}.Release|x86.ActiveCfg = Release|Any CPU
		{71D25974-CF95-42F8-9BCC-E910A43CC8C8}.Release|x86.Build.0 = Release|Any CPU
		{71D25974-CF95-42F8-9BCC-E910A43CC8C8}.Release|x86.Deploy.0 = Release|Any CPU
		{CF4ECF13-9314-4D87-9930-23D3D7BD5A06}.Debug|Any CPU.ActiveCfg = Debug|Any CPU
		{CF4ECF13-9314-4D87-9930-23D3D7BD5A06}.Debug|Any CPU.Build.0 = Debug|Any CPU
		{CF4ECF13-9314-4D87-9930-23D3D7BD5A06}.Debug|ARM.ActiveCfg = Debug|Any CPU
		{CF4ECF13-9314-4D87-9930-23D3D7BD5A06}.Debug|ARM.Build.0 = Debug|Any CPU
		{CF4ECF13-9314-4D87-9930-23D3D7BD5A06}.Debug|iPhone.ActiveCfg = Debug|Any CPU
		{CF4ECF13-9314-4D87-9930-23D3D7BD5A06}.Debug|iPhone.Build.0 = Debug|Any CPU
		{CF4ECF13-9314-4D87-9930-23D3D7BD5A06}.Debug|iPhoneSimulator.ActiveCfg = Debug|Any CPU
		{CF4ECF13-9314-4D87-9930-23D3D7BD5A06}.Debug|iPhoneSimulator.Build.0 = Debug|Any CPU
		{CF4ECF13-9314-4D87-9930-23D3D7BD5A06}.Debug|x64.ActiveCfg = Debug|Any CPU
		{CF4ECF13-9314-4D87-9930-23D3D7BD5A06}.Debug|x64.Build.0 = Debug|Any CPU
		{CF4ECF13-9314-4D87-9930-23D3D7BD5A06}.Debug|x86.ActiveCfg = Debug|Any CPU
		{CF4ECF13-9314-4D87-9930-23D3D7BD5A06}.Debug|x86.Build.0 = Debug|Any CPU
		{CF4ECF13-9314-4D87-9930-23D3D7BD5A06}.Release|Any CPU.ActiveCfg = Release|Any CPU
		{CF4ECF13-9314-4D87-9930-23D3D7BD5A06}.Release|Any CPU.Build.0 = Release|Any CPU
		{CF4ECF13-9314-4D87-9930-23D3D7BD5A06}.Release|ARM.ActiveCfg = Release|Any CPU
		{CF4ECF13-9314-4D87-9930-23D3D7BD5A06}.Release|ARM.Build.0 = Release|Any CPU
		{CF4ECF13-9314-4D87-9930-23D3D7BD5A06}.Release|iPhone.ActiveCfg = Release|Any CPU
		{CF4ECF13-9314-4D87-9930-23D3D7BD5A06}.Release|iPhone.Build.0 = Release|Any CPU
		{CF4ECF13-9314-4D87-9930-23D3D7BD5A06}.Release|iPhoneSimulator.ActiveCfg = Release|Any CPU
		{CF4ECF13-9314-4D87-9930-23D3D7BD5A06}.Release|iPhoneSimulator.Build.0 = Release|Any CPU
		{CF4ECF13-9314-4D87-9930-23D3D7BD5A06}.Release|x64.ActiveCfg = Release|Any CPU
		{CF4ECF13-9314-4D87-9930-23D3D7BD5A06}.Release|x64.Build.0 = Release|Any CPU
		{CF4ECF13-9314-4D87-9930-23D3D7BD5A06}.Release|x86.ActiveCfg = Release|Any CPU
		{CF4ECF13-9314-4D87-9930-23D3D7BD5A06}.Release|x86.Build.0 = Release|Any CPU
		{B1DC9D84-D7C3-4D8C-93A2-D56436388010}.Debug|Any CPU.ActiveCfg = Debug|Any CPU
		{B1DC9D84-D7C3-4D8C-93A2-D56436388010}.Debug|Any CPU.Build.0 = Debug|Any CPU
		{B1DC9D84-D7C3-4D8C-93A2-D56436388010}.Debug|ARM.ActiveCfg = Debug|Any CPU
		{B1DC9D84-D7C3-4D8C-93A2-D56436388010}.Debug|ARM.Build.0 = Debug|Any CPU
		{B1DC9D84-D7C3-4D8C-93A2-D56436388010}.Debug|iPhone.ActiveCfg = Debug|Any CPU
		{B1DC9D84-D7C3-4D8C-93A2-D56436388010}.Debug|iPhone.Build.0 = Debug|Any CPU
		{B1DC9D84-D7C3-4D8C-93A2-D56436388010}.Debug|iPhoneSimulator.ActiveCfg = Debug|Any CPU
		{B1DC9D84-D7C3-4D8C-93A2-D56436388010}.Debug|iPhoneSimulator.Build.0 = Debug|Any CPU
		{B1DC9D84-D7C3-4D8C-93A2-D56436388010}.Debug|x64.ActiveCfg = Debug|x64
		{B1DC9D84-D7C3-4D8C-93A2-D56436388010}.Debug|x64.Build.0 = Debug|x64
		{B1DC9D84-D7C3-4D8C-93A2-D56436388010}.Debug|x86.ActiveCfg = Debug|Any CPU
		{B1DC9D84-D7C3-4D8C-93A2-D56436388010}.Debug|x86.Build.0 = Debug|Any CPU
		{B1DC9D84-D7C3-4D8C-93A2-D56436388010}.Release|Any CPU.ActiveCfg = Release|Any CPU
		{B1DC9D84-D7C3-4D8C-93A2-D56436388010}.Release|Any CPU.Build.0 = Release|Any CPU
		{B1DC9D84-D7C3-4D8C-93A2-D56436388010}.Release|ARM.ActiveCfg = Release|Any CPU
		{B1DC9D84-D7C3-4D8C-93A2-D56436388010}.Release|ARM.Build.0 = Release|Any CPU
		{B1DC9D84-D7C3-4D8C-93A2-D56436388010}.Release|iPhone.ActiveCfg = Release|Any CPU
		{B1DC9D84-D7C3-4D8C-93A2-D56436388010}.Release|iPhone.Build.0 = Release|Any CPU
		{B1DC9D84-D7C3-4D8C-93A2-D56436388010}.Release|iPhoneSimulator.ActiveCfg = Release|Any CPU
		{B1DC9D84-D7C3-4D8C-93A2-D56436388010}.Release|iPhoneSimulator.Build.0 = Release|Any CPU
		{B1DC9D84-D7C3-4D8C-93A2-D56436388010}.Release|x64.ActiveCfg = Release|x64
		{B1DC9D84-D7C3-4D8C-93A2-D56436388010}.Release|x64.Build.0 = Release|x64
		{B1DC9D84-D7C3-4D8C-93A2-D56436388010}.Release|x86.ActiveCfg = Release|Any CPU
		{B1DC9D84-D7C3-4D8C-93A2-D56436388010}.Release|x86.Build.0 = Release|Any CPU
		{C8A321D4-1B21-4817-ADB6-C62037593324}.Debug|Any CPU.ActiveCfg = Debug|Any CPU
		{C8A321D4-1B21-4817-ADB6-C62037593324}.Debug|Any CPU.Build.0 = Debug|Any CPU
		{C8A321D4-1B21-4817-ADB6-C62037593324}.Debug|ARM.ActiveCfg = Debug|Any CPU
		{C8A321D4-1B21-4817-ADB6-C62037593324}.Debug|ARM.Build.0 = Debug|Any CPU
		{C8A321D4-1B21-4817-ADB6-C62037593324}.Debug|iPhone.ActiveCfg = Debug|Any CPU
		{C8A321D4-1B21-4817-ADB6-C62037593324}.Debug|iPhone.Build.0 = Debug|Any CPU
		{C8A321D4-1B21-4817-ADB6-C62037593324}.Debug|iPhoneSimulator.ActiveCfg = Debug|Any CPU
		{C8A321D4-1B21-4817-ADB6-C62037593324}.Debug|iPhoneSimulator.Build.0 = Debug|Any CPU
		{C8A321D4-1B21-4817-ADB6-C62037593324}.Debug|x64.ActiveCfg = Debug|Any CPU
		{C8A321D4-1B21-4817-ADB6-C62037593324}.Debug|x64.Build.0 = Debug|Any CPU
		{C8A321D4-1B21-4817-ADB6-C62037593324}.Debug|x86.ActiveCfg = Debug|Any CPU
		{C8A321D4-1B21-4817-ADB6-C62037593324}.Debug|x86.Build.0 = Debug|Any CPU
		{C8A321D4-1B21-4817-ADB6-C62037593324}.Release|Any CPU.ActiveCfg = Release|Any CPU
		{C8A321D4-1B21-4817-ADB6-C62037593324}.Release|Any CPU.Build.0 = Release|Any CPU
		{C8A321D4-1B21-4817-ADB6-C62037593324}.Release|ARM.ActiveCfg = Release|Any CPU
		{C8A321D4-1B21-4817-ADB6-C62037593324}.Release|ARM.Build.0 = Release|Any CPU
		{C8A321D4-1B21-4817-ADB6-C62037593324}.Release|iPhone.ActiveCfg = Release|Any CPU
		{C8A321D4-1B21-4817-ADB6-C62037593324}.Release|iPhone.Build.0 = Release|Any CPU
		{C8A321D4-1B21-4817-ADB6-C62037593324}.Release|iPhoneSimulator.ActiveCfg = Release|Any CPU
		{C8A321D4-1B21-4817-ADB6-C62037593324}.Release|iPhoneSimulator.Build.0 = Release|Any CPU
		{C8A321D4-1B21-4817-ADB6-C62037593324}.Release|x64.ActiveCfg = Release|Any CPU
		{C8A321D4-1B21-4817-ADB6-C62037593324}.Release|x64.Build.0 = Release|Any CPU
		{C8A321D4-1B21-4817-ADB6-C62037593324}.Release|x86.ActiveCfg = Release|Any CPU
		{C8A321D4-1B21-4817-ADB6-C62037593324}.Release|x86.Build.0 = Release|Any CPU
		{8C379160-F757-4F77-B40D-28D7A994A15E}.Debug|Any CPU.ActiveCfg = Debug|Any CPU
		{8C379160-F757-4F77-B40D-28D7A994A15E}.Debug|Any CPU.Build.0 = Debug|Any CPU
		{8C379160-F757-4F77-B40D-28D7A994A15E}.Debug|ARM.ActiveCfg = Debug|Any CPU
		{8C379160-F757-4F77-B40D-28D7A994A15E}.Debug|ARM.Build.0 = Debug|Any CPU
		{8C379160-F757-4F77-B40D-28D7A994A15E}.Debug|iPhone.ActiveCfg = Debug|Any CPU
		{8C379160-F757-4F77-B40D-28D7A994A15E}.Debug|iPhone.Build.0 = Debug|Any CPU
		{8C379160-F757-4F77-B40D-28D7A994A15E}.Debug|iPhoneSimulator.ActiveCfg = Debug|Any CPU
		{8C379160-F757-4F77-B40D-28D7A994A15E}.Debug|iPhoneSimulator.Build.0 = Debug|Any CPU
		{8C379160-F757-4F77-B40D-28D7A994A15E}.Debug|x64.ActiveCfg = Debug|Any CPU
		{8C379160-F757-4F77-B40D-28D7A994A15E}.Debug|x64.Build.0 = Debug|Any CPU
		{8C379160-F757-4F77-B40D-28D7A994A15E}.Debug|x86.ActiveCfg = Debug|Any CPU
		{8C379160-F757-4F77-B40D-28D7A994A15E}.Debug|x86.Build.0 = Debug|Any CPU
		{8C379160-F757-4F77-B40D-28D7A994A15E}.Release|Any CPU.ActiveCfg = Release|Any CPU
		{8C379160-F757-4F77-B40D-28D7A994A15E}.Release|Any CPU.Build.0 = Release|Any CPU
		{8C379160-F757-4F77-B40D-28D7A994A15E}.Release|ARM.ActiveCfg = Release|Any CPU
		{8C379160-F757-4F77-B40D-28D7A994A15E}.Release|ARM.Build.0 = Release|Any CPU
		{8C379160-F757-4F77-B40D-28D7A994A15E}.Release|iPhone.ActiveCfg = Release|Any CPU
		{8C379160-F757-4F77-B40D-28D7A994A15E}.Release|iPhone.Build.0 = Release|Any CPU
		{8C379160-F757-4F77-B40D-28D7A994A15E}.Release|iPhoneSimulator.ActiveCfg = Release|Any CPU
		{8C379160-F757-4F77-B40D-28D7A994A15E}.Release|iPhoneSimulator.Build.0 = Release|Any CPU
		{8C379160-F757-4F77-B40D-28D7A994A15E}.Release|x64.ActiveCfg = Release|Any CPU
		{8C379160-F757-4F77-B40D-28D7A994A15E}.Release|x64.Build.0 = Release|Any CPU
		{8C379160-F757-4F77-B40D-28D7A994A15E}.Release|x86.ActiveCfg = Release|Any CPU
		{8C379160-F757-4F77-B40D-28D7A994A15E}.Release|x86.Build.0 = Release|Any CPU
	EndGlobalSection
	GlobalSection(SolutionProperties) = preSolution
		HideSolutionNode = FALSE
	EndGlobalSection
	GlobalSection(ExtensibilityGlobals) = postSolution
		SolutionGuid = {801B090E-8214-452E-B5F3-C082CE92D108}
	EndGlobalSection
EndGlobal
