
Microsoft Visual Studio Solution File, Format Version 12.00
# Visual Studio Version 16
VisualStudioVersion = 16.0.28803.452
MinimumVisualStudioVersion = 10.0.40219.1
Project("{9A19103F-16F7-4668-BE54-9A1E7A4F7556}") = "Drive", "Drive\Drive.csproj", "{86BBBCB1-4E1C-43EF-A436-0DB20A20B1C7}"
	ProjectSection(ProjectDependencies) = postProject
		{0D53DABE-1D38-4083-96D3-EC23B8A35FFF} = {0D53DABE-1D38-4083-96D3-EC23B8A35FFF}
	EndProjectSection
EndProject
Project("{FAE04EC0-301F-11D3-BF4B-00C04F79EFBC}") = "Drive.Android", "Drive.Android\Drive.Android.csproj", "{E924298F-FB7A-4CF9-8A36-6C2D4D175E8C}"
EndProject
Project("{FAE04EC0-301F-11D3-BF4B-00C04F79EFBC}") = "Drive.iOS", "Drive.iOS\Drive.iOS.csproj", "{D6071320-3EAD-4A3D-AE34-2B5A7A12C6AD}"
EndProject
Project("{FAE04EC0-301F-11D3-BF4B-00C04F79EFBC}") = "Drive.UWP", "Drive.UWP\Drive.UWP.csproj", "{0EE90748-3C7F-40E4-817D-9D633404AD9B}"
EndProject
Project("{9A19103F-16F7-4668-BE54-9A1E7A4F7556}") = "Dwarf", "..\Dwarf\Dwarf.csproj", "{12FB1819-0CAB-40EE-A768-81805987C736}"
EndProject
Project("{9A19103F-16F7-4668-BE54-9A1E7A4F7556}") = "Druid", "..\Druid\Druid\Druid.csproj", "{CA8E28A5-BD3F-4446-914B-5A7EE98E0140}"
EndProject
Project("{FAE04EC0-301F-11D3-BF4B-00C04F79EFBC}") = "Druid.Android", "..\Druid\Druid.Android\Druid.Android.csproj", "{C8A321D4-1B21-4817-ADB6-C62037593324}"
EndProject
Project("{FAE04EC0-301F-11D3-BF4B-00C04F79EFBC}") = "Druid.UWP", "..\Druid\Druid.UWP\Druid.UWP.csproj", "{0B5041DA-67D1-4D61-B874-645BC54FFA60}"
EndProject
Project("{9A19103F-16F7-4668-BE54-9A1E7A4F7556}") = "Drudge", "..\Drudge\Drudge.csproj", "{0D53DABE-1D38-4083-96D3-EC23B8A35FFF}"
	ProjectSection(ProjectDependencies) = postProject
		{12FB1819-0CAB-40EE-A768-81805987C736} = {12FB1819-0CAB-40EE-A768-81805987C736}
	EndProjectSection
EndProject
Global
	GlobalSection(SolutionConfigurationPlatforms) = preSolution
		Ad-Hoc|Any CPU = Ad-Hoc|Any CPU
		Ad-Hoc|ARM = Ad-Hoc|ARM
		Ad-Hoc|iPhone = Ad-Hoc|iPhone
		Ad-Hoc|iPhoneSimulator = Ad-Hoc|iPhoneSimulator
		Ad-Hoc|x64 = Ad-Hoc|x64
		Ad-Hoc|x86 = Ad-Hoc|x86
		AppStore|Any CPU = AppStore|Any CPU
		AppStore|ARM = AppStore|ARM
		AppStore|iPhone = AppStore|iPhone
		AppStore|iPhoneSimulator = AppStore|iPhoneSimulator
		AppStore|x64 = AppStore|x64
		AppStore|x86 = AppStore|x86
		Debug|Any CPU = Debug|Any CPU
		Debug|ARM = Debug|ARM
		Debug|iPhone = Debug|iPhone
		Debug|iPhoneSimulator = Debug|iPhoneSimulator
		Debug|x64 = Debug|x64
		Debug|x86 = Debug|x86
		Release|Any CPU = Release|Any CPU
		Release|ARM = Release|ARM
		Release|iPhone = Release|iPhone
		Release|iPhoneSimulator = Release|iPhoneSimulator
		Release|x64 = Release|x64
		Release|x86 = Release|x86
	EndGlobalSection
	GlobalSection(ProjectConfigurationPlatforms) = postSolution
		{86BBBCB1-4E1C-43EF-A436-0DB20A20B1C7}.Ad-Hoc|Any CPU.ActiveCfg = Debug|Any CPU
		{86BBBCB1-4E1C-43EF-A436-0DB20A20B1C7}.Ad-Hoc|Any CPU.Build.0 = Debug|Any CPU
		{86BBBCB1-4E1C-43EF-A436-0DB20A20B1C7}.Ad-Hoc|ARM.ActiveCfg = Debug|Any CPU
		{86BBBCB1-4E1C-43EF-A436-0DB20A20B1C7}.Ad-Hoc|ARM.Build.0 = Debug|Any CPU
		{86BBBCB1-4E1C-43EF-A436-0DB20A20B1C7}.Ad-Hoc|iPhone.ActiveCfg = Debug|Any CPU
		{86BBBCB1-4E1C-43EF-A436-0DB20A20B1C7}.Ad-Hoc|iPhone.Build.0 = Debug|Any CPU
		{86BBBCB1-4E1C-43EF-A436-0DB20A20B1C7}.Ad-Hoc|iPhoneSimulator.ActiveCfg = Debug|Any CPU
		{86BBBCB1-4E1C-43EF-A436-0DB20A20B1C7}.Ad-Hoc|iPhoneSimulator.Build.0 = Debug|Any CPU
		{86BBBCB1-4E1C-43EF-A436-0DB20A20B1C7}.Ad-Hoc|x64.ActiveCfg = Debug|Any CPU
		{86BBBCB1-4E1C-43EF-A436-0DB20A20B1C7}.Ad-Hoc|x64.Build.0 = Debug|Any CPU
		{86BBBCB1-4E1C-43EF-A436-0DB20A20B1C7}.Ad-Hoc|x86.ActiveCfg = Debug|Any CPU
		{86BBBCB1-4E1C-43EF-A436-0DB20A20B1C7}.Ad-Hoc|x86.Build.0 = Debug|Any CPU
		{86BBBCB1-4E1C-43EF-A436-0DB20A20B1C7}.AppStore|Any CPU.ActiveCfg = Debug|Any CPU
		{86BBBCB1-4E1C-43EF-A436-0DB20A20B1C7}.AppStore|Any CPU.Build.0 = Debug|Any CPU
		{86BBBCB1-4E1C-43EF-A436-0DB20A20B1C7}.AppStore|ARM.ActiveCfg = Debug|Any CPU
		{86BBBCB1-4E1C-43EF-A436-0DB20A20B1C7}.AppStore|ARM.Build.0 = Debug|Any CPU
		{86BBBCB1-4E1C-43EF-A436-0DB20A20B1C7}.AppStore|iPhone.ActiveCfg = Debug|Any CPU
		{86BBBCB1-4E1C-43EF-A436-0DB20A20B1C7}.AppStore|iPhone.Build.0 = Debug|Any CPU
		{86BBBCB1-4E1C-43EF-A436-0DB20A20B1C7}.AppStore|iPhoneSimulator.ActiveCfg = Debug|Any CPU
		{86BBBCB1-4E1C-43EF-A436-0DB20A20B1C7}.AppStore|iPhoneSimulator.Build.0 = Debug|Any CPU
		{86BBBCB1-4E1C-43EF-A436-0DB20A20B1C7}.AppStore|x64.ActiveCfg = Debug|Any CPU
		{86BBBCB1-4E1C-43EF-A436-0DB20A20B1C7}.AppStore|x64.Build.0 = Debug|Any CPU
		{86BBBCB1-4E1C-43EF-A436-0DB20A20B1C7}.AppStore|x86.ActiveCfg = Debug|Any CPU
		{86BBBCB1-4E1C-43EF-A436-0DB20A20B1C7}.AppStore|x86.Build.0 = Debug|Any CPU
		{86BBBCB1-4E1C-43EF-A436-0DB20A20B1C7}.Debug|Any CPU.ActiveCfg = Debug|Any CPU
		{86BBBCB1-4E1C-43EF-A436-0DB20A20B1C7}.Debug|Any CPU.Build.0 = Debug|Any CPU
		{86BBBCB1-4E1C-43EF-A436-0DB20A20B1C7}.Debug|ARM.ActiveCfg = Debug|Any CPU
		{86BBBCB1-4E1C-43EF-A436-0DB20A20B1C7}.Debug|ARM.Build.0 = Debug|Any CPU
		{86BBBCB1-4E1C-43EF-A436-0DB20A20B1C7}.Debug|iPhone.ActiveCfg = Debug|Any CPU
		{86BBBCB1-4E1C-43EF-A436-0DB20A20B1C7}.Debug|iPhone.Build.0 = Debug|Any CPU
		{86BBBCB1-4E1C-43EF-A436-0DB20A20B1C7}.Debug|iPhoneSimulator.ActiveCfg = Debug|Any CPU
		{86BBBCB1-4E1C-43EF-A436-0DB20A20B1C7}.Debug|iPhoneSimulator.Build.0 = Debug|Any CPU
		{86BBBCB1-4E1C-43EF-A436-0DB20A20B1C7}.Debug|x64.ActiveCfg = Debug|Any CPU
		{86BBBCB1-4E1C-43EF-A436-0DB20A20B1C7}.Debug|x64.Build.0 = Debug|Any CPU
		{86BBBCB1-4E1C-43EF-A436-0DB20A20B1C7}.Debug|x86.ActiveCfg = Debug|Any CPU
		{86BBBCB1-4E1C-43EF-A436-0DB20A20B1C7}.Debug|x86.Build.0 = Debug|Any CPU
		{86BBBCB1-4E1C-43EF-A436-0DB20A20B1C7}.Release|Any CPU.ActiveCfg = Release|Any CPU
		{86BBBCB1-4E1C-43EF-A436-0DB20A20B1C7}.Release|Any CPU.Build.0 = Release|Any CPU
		{86BBBCB1-4E1C-43EF-A436-0DB20A20B1C7}.Release|ARM.ActiveCfg = Release|Any CPU
		{86BBBCB1-4E1C-43EF-A436-0DB20A20B1C7}.Release|ARM.Build.0 = Release|Any CPU
		{86BBBCB1-4E1C-43EF-A436-0DB20A20B1C7}.Release|iPhone.ActiveCfg = Release|Any CPU
		{86BBBCB1-4E1C-43EF-A436-0DB20A20B1C7}.Release|iPhone.Build.0 = Release|Any CPU
		{86BBBCB1-4E1C-43EF-A436-0DB20A20B1C7}.Release|iPhoneSimulator.ActiveCfg = Release|Any CPU
		{86BBBCB1-4E1C-43EF-A436-0DB20A20B1C7}.Release|iPhoneSimulator.Build.0 = Release|Any CPU
		{86BBBCB1-4E1C-43EF-A436-0DB20A20B1C7}.Release|x64.ActiveCfg = Release|Any CPU
		{86BBBCB1-4E1C-43EF-A436-0DB20A20B1C7}.Release|x64.Build.0 = Release|Any CPU
		{86BBBCB1-4E1C-43EF-A436-0DB20A20B1C7}.Release|x86.ActiveCfg = Release|Any CPU
		{86BBBCB1-4E1C-43EF-A436-0DB20A20B1C7}.Release|x86.Build.0 = Release|Any CPU
		{E924298F-FB7A-4CF9-8A36-6C2D4D175E8C}.Ad-Hoc|Any CPU.ActiveCfg = Release|Any CPU
		{E924298F-FB7A-4CF9-8A36-6C2D4D175E8C}.Ad-Hoc|Any CPU.Build.0 = Release|Any CPU
		{E924298F-FB7A-4CF9-8A36-6C2D4D175E8C}.Ad-Hoc|Any CPU.Deploy.0 = Release|Any CPU
		{E924298F-FB7A-4CF9-8A36-6C2D4D175E8C}.Ad-Hoc|ARM.ActiveCfg = Release|Any CPU
		{E924298F-FB7A-4CF9-8A36-6C2D4D175E8C}.Ad-Hoc|ARM.Build.0 = Release|Any CPU
		{E924298F-FB7A-4CF9-8A36-6C2D4D175E8C}.Ad-Hoc|ARM.Deploy.0 = Release|Any CPU
		{E924298F-FB7A-4CF9-8A36-6C2D4D175E8C}.Ad-Hoc|iPhone.ActiveCfg = Release|Any CPU
		{E924298F-FB7A-4CF9-8A36-6C2D4D175E8C}.Ad-Hoc|iPhone.Build.0 = Release|Any CPU
		{E924298F-FB7A-4CF9-8A36-6C2D4D175E8C}.Ad-Hoc|iPhone.Deploy.0 = Release|Any CPU
		{E924298F-FB7A-4CF9-8A36-6C2D4D175E8C}.Ad-Hoc|iPhoneSimulator.ActiveCfg = Release|Any CPU
		{E924298F-FB7A-4CF9-8A36-6C2D4D175E8C}.Ad-Hoc|iPhoneSimulator.Build.0 = Release|Any CPU
		{E924298F-FB7A-4CF9-8A36-6C2D4D175E8C}.Ad-Hoc|iPhoneSimulator.Deploy.0 = Release|Any CPU
		{E924298F-FB7A-4CF9-8A36-6C2D4D175E8C}.Ad-Hoc|x64.ActiveCfg = Release|Any CPU
		{E924298F-FB7A-4CF9-8A36-6C2D4D175E8C}.Ad-Hoc|x64.Build.0 = Release|Any CPU
		{E924298F-FB7A-4CF9-8A36-6C2D4D175E8C}.Ad-Hoc|x64.Deploy.0 = Release|Any CPU
		{E924298F-FB7A-4CF9-8A36-6C2D4D175E8C}.Ad-Hoc|x86.ActiveCfg = Release|Any CPU
		{E924298F-FB7A-4CF9-8A36-6C2D4D175E8C}.Ad-Hoc|x86.Build.0 = Release|Any CPU
		{E924298F-FB7A-4CF9-8A36-6C2D4D175E8C}.Ad-Hoc|x86.Deploy.0 = Release|Any CPU
		{E924298F-FB7A-4CF9-8A36-6C2D4D175E8C}.AppStore|Any CPU.ActiveCfg = Release|Any CPU
		{E924298F-FB7A-4CF9-8A36-6C2D4D175E8C}.AppStore|Any CPU.Build.0 = Release|Any CPU
		{E924298F-FB7A-4CF9-8A36-6C2D4D175E8C}.AppStore|Any CPU.Deploy.0 = Release|Any CPU
		{E924298F-FB7A-4CF9-8A36-6C2D4D175E8C}.AppStore|ARM.ActiveCfg = Release|Any CPU
		{E924298F-FB7A-4CF9-8A36-6C2D4D175E8C}.AppStore|ARM.Build.0 = Release|Any CPU
		{E924298F-FB7A-4CF9-8A36-6C2D4D175E8C}.AppStore|ARM.Deploy.0 = Release|Any CPU
		{E924298F-FB7A-4CF9-8A36-6C2D4D175E8C}.AppStore|iPhone.ActiveCfg = Release|Any CPU
		{E924298F-FB7A-4CF9-8A36-6C2D4D175E8C}.AppStore|iPhone.Build.0 = Release|Any CPU
		{E924298F-FB7A-4CF9-8A36-6C2D4D175E8C}.AppStore|iPhone.Deploy.0 = Release|Any CPU
		{E924298F-FB7A-4CF9-8A36-6C2D4D175E8C}.AppStore|iPhoneSimulator.ActiveCfg = Release|Any CPU
		{E924298F-FB7A-4CF9-8A36-6C2D4D175E8C}.AppStore|iPhoneSimulator.Build.0 = Release|Any CPU
		{E924298F-FB7A-4CF9-8A36-6C2D4D175E8C}.AppStore|iPhoneSimulator.Deploy.0 = Release|Any CPU
		{E924298F-FB7A-4CF9-8A36-6C2D4D175E8C}.AppStore|x64.ActiveCfg = Release|Any CPU
		{E924298F-FB7A-4CF9-8A36-6C2D4D175E8C}.AppStore|x64.Build.0 = Release|Any CPU
		{E924298F-FB7A-4CF9-8A36-6C2D4D175E8C}.AppStore|x64.Deploy.0 = Release|Any CPU
		{E924298F-FB7A-4CF9-8A36-6C2D4D175E8C}.AppStore|x86.ActiveCfg = Release|Any CPU
		{E924298F-FB7A-4CF9-8A36-6C2D4D175E8C}.AppStore|x86.Build.0 = Release|Any CPU
		{E924298F-FB7A-4CF9-8A36-6C2D4D175E8C}.AppStore|x86.Deploy.0 = Release|Any CPU
		{E924298F-FB7A-4CF9-8A36-6C2D4D175E8C}.Debug|Any CPU.ActiveCfg = Debug|Any CPU
		{E924298F-FB7A-4CF9-8A36-6C2D4D175E8C}.Debug|Any CPU.Build.0 = Debug|Any CPU
		{E924298F-FB7A-4CF9-8A36-6C2D4D175E8C}.Debug|Any CPU.Deploy.0 = Debug|Any CPU
		{E924298F-FB7A-4CF9-8A36-6C2D4D175E8C}.Debug|ARM.ActiveCfg = Debug|Any CPU
		{E924298F-FB7A-4CF9-8A36-6C2D4D175E8C}.Debug|ARM.Build.0 = Debug|Any CPU
		{E924298F-FB7A-4CF9-8A36-6C2D4D175E8C}.Debug|ARM.Deploy.0 = Debug|Any CPU
		{E924298F-FB7A-4CF9-8A36-6C2D4D175E8C}.Debug|iPhone.ActiveCfg = Debug|Any CPU
		{E924298F-FB7A-4CF9-8A36-6C2D4D175E8C}.Debug|iPhone.Build.0 = Debug|Any CPU
		{E924298F-FB7A-4CF9-8A36-6C2D4D175E8C}.Debug|iPhone.Deploy.0 = Debug|Any CPU
		{E924298F-FB7A-4CF9-8A36-6C2D4D175E8C}.Debug|iPhoneSimulator.ActiveCfg = Debug|Any CPU
		{E924298F-FB7A-4CF9-8A36-6C2D4D175E8C}.Debug|iPhoneSimulator.Build.0 = Debug|Any CPU
		{E924298F-FB7A-4CF9-8A36-6C2D4D175E8C}.Debug|iPhoneSimulator.Deploy.0 = Debug|Any CPU
		{E924298F-FB7A-4CF9-8A36-6C2D4D175E8C}.Debug|x64.ActiveCfg = Debug|Any CPU
		{E924298F-FB7A-4CF9-8A36-6C2D4D175E8C}.Debug|x64.Build.0 = Debug|Any CPU
		{E924298F-FB7A-4CF9-8A36-6C2D4D175E8C}.Debug|x64.Deploy.0 = Debug|Any CPU
		{E924298F-FB7A-4CF9-8A36-6C2D4D175E8C}.Debug|x86.ActiveCfg = Debug|Any CPU
		{E924298F-FB7A-4CF9-8A36-6C2D4D175E8C}.Debug|x86.Build.0 = Debug|Any CPU
		{E924298F-FB7A-4CF9-8A36-6C2D4D175E8C}.Debug|x86.Deploy.0 = Debug|Any CPU
		{E924298F-FB7A-4CF9-8A36-6C2D4D175E8C}.Release|Any CPU.ActiveCfg = Release|Any CPU
		{E924298F-FB7A-4CF9-8A36-6C2D4D175E8C}.Release|Any CPU.Build.0 = Release|Any CPU
		{E924298F-FB7A-4CF9-8A36-6C2D4D175E8C}.Release|Any CPU.Deploy.0 = Release|Any CPU
		{E924298F-FB7A-4CF9-8A36-6C2D4D175E8C}.Release|ARM.ActiveCfg = Release|Any CPU
		{E924298F-FB7A-4CF9-8A36-6C2D4D175E8C}.Release|ARM.Build.0 = Release|Any CPU
		{E924298F-FB7A-4CF9-8A36-6C2D4D175E8C}.Release|ARM.Deploy.0 = Release|Any CPU
		{E924298F-FB7A-4CF9-8A36-6C2D4D175E8C}.Release|iPhone.ActiveCfg = Release|Any CPU
		{E924298F-FB7A-4CF9-8A36-6C2D4D175E8C}.Release|iPhone.Build.0 = Release|Any CPU
		{E924298F-FB7A-4CF9-8A36-6C2D4D175E8C}.Release|iPhone.Deploy.0 = Release|Any CPU
		{E924298F-FB7A-4CF9-8A36-6C2D4D175E8C}.Release|iPhoneSimulator.ActiveCfg = Release|Any CPU
		{E924298F-FB7A-4CF9-8A36-6C2D4D175E8C}.Release|iPhoneSimulator.Build.0 = Release|Any CPU
		{E924298F-FB7A-4CF9-8A36-6C2D4D175E8C}.Release|iPhoneSimulator.Deploy.0 = Release|Any CPU
		{E924298F-FB7A-4CF9-8A36-6C2D4D175E8C}.Release|x64.ActiveCfg = Release|Any CPU
		{E924298F-FB7A-4CF9-8A36-6C2D4D175E8C}.Release|x64.Build.0 = Release|Any CPU
		{E924298F-FB7A-4CF9-8A36-6C2D4D175E8C}.Release|x64.Deploy.0 = Release|Any CPU
		{E924298F-FB7A-4CF9-8A36-6C2D4D175E8C}.Release|x86.ActiveCfg = Release|Any CPU
		{E924298F-FB7A-4CF9-8A36-6C2D4D175E8C}.Release|x86.Build.0 = Release|Any CPU
		{E924298F-FB7A-4CF9-8A36-6C2D4D175E8C}.Release|x86.Deploy.0 = Release|Any CPU
		{D6071320-3EAD-4A3D-AE34-2B5A7A12C6AD}.Ad-Hoc|Any CPU.ActiveCfg = Ad-Hoc|iPhone
		{D6071320-3EAD-4A3D-AE34-2B5A7A12C6AD}.Ad-Hoc|ARM.ActiveCfg = Ad-Hoc|iPhone
		{D6071320-3EAD-4A3D-AE34-2B5A7A12C6AD}.Ad-Hoc|iPhone.ActiveCfg = Ad-Hoc|iPhone
		{D6071320-3EAD-4A3D-AE34-2B5A7A12C6AD}.Ad-Hoc|iPhone.Build.0 = Ad-Hoc|iPhone
		{D6071320-3EAD-4A3D-AE34-2B5A7A12C6AD}.Ad-Hoc|iPhoneSimulator.ActiveCfg = Ad-Hoc|iPhoneSimulator
		{D6071320-3EAD-4A3D-AE34-2B5A7A12C6AD}.Ad-Hoc|iPhoneSimulator.Build.0 = Ad-Hoc|iPhoneSimulator
		{D6071320-3EAD-4A3D-AE34-2B5A7A12C6AD}.Ad-Hoc|x64.ActiveCfg = Ad-Hoc|iPhone
		{D6071320-3EAD-4A3D-AE34-2B5A7A12C6AD}.Ad-Hoc|x86.ActiveCfg = Ad-Hoc|iPhone
		{D6071320-3EAD-4A3D-AE34-2B5A7A12C6AD}.AppStore|Any CPU.ActiveCfg = AppStore|iPhone
		{D6071320-3EAD-4A3D-AE34-2B5A7A12C6AD}.AppStore|ARM.ActiveCfg = AppStore|iPhone
		{D6071320-3EAD-4A3D-AE34-2B5A7A12C6AD}.AppStore|iPhone.ActiveCfg = AppStore|iPhone
		{D6071320-3EAD-4A3D-AE34-2B5A7A12C6AD}.AppStore|iPhone.Build.0 = AppStore|iPhone
		{D6071320-3EAD-4A3D-AE34-2B5A7A12C6AD}.AppStore|iPhoneSimulator.ActiveCfg = AppStore|iPhoneSimulator
		{D6071320-3EAD-4A3D-AE34-2B5A7A12C6AD}.AppStore|iPhoneSimulator.Build.0 = AppStore|iPhoneSimulator
		{D6071320-3EAD-4A3D-AE34-2B5A7A12C6AD}.AppStore|x64.ActiveCfg = AppStore|iPhone
		{D6071320-3EAD-4A3D-AE34-2B5A7A12C6AD}.AppStore|x86.ActiveCfg = AppStore|iPhone
		{D6071320-3EAD-4A3D-AE34-2B5A7A12C6AD}.Debug|Any CPU.ActiveCfg = Debug|iPhone
		{D6071320-3EAD-4A3D-AE34-2B5A7A12C6AD}.Debug|ARM.ActiveCfg = Debug|iPhone
		{D6071320-3EAD-4A3D-AE34-2B5A7A12C6AD}.Debug|iPhone.ActiveCfg = Debug|iPhone
		{D6071320-3EAD-4A3D-AE34-2B5A7A12C6AD}.Debug|iPhone.Build.0 = Debug|iPhone
		{D6071320-3EAD-4A3D-AE34-2B5A7A12C6AD}.Debug|iPhoneSimulator.ActiveCfg = Debug|iPhoneSimulator
		{D6071320-3EAD-4A3D-AE34-2B5A7A12C6AD}.Debug|iPhoneSimulator.Build.0 = Debug|iPhoneSimulator
		{D6071320-3EAD-4A3D-AE34-2B5A7A12C6AD}.Debug|x64.ActiveCfg = Debug|iPhone
		{D6071320-3EAD-4A3D-AE34-2B5A7A12C6AD}.Debug|x86.ActiveCfg = Debug|iPhone
		{D6071320-3EAD-4A3D-AE34-2B5A7A12C6AD}.Release|Any CPU.ActiveCfg = Release|iPhone
		{D6071320-3EAD-4A3D-AE34-2B5A7A12C6AD}.Release|ARM.ActiveCfg = Release|iPhone
		{D6071320-3EAD-4A3D-AE34-2B5A7A12C6AD}.Release|iPhone.ActiveCfg = Release|iPhone
		{D6071320-3EAD-4A3D-AE34-2B5A7A12C6AD}.Release|iPhone.Build.0 = Release|iPhone
		{D6071320-3EAD-4A3D-AE34-2B5A7A12C6AD}.Release|iPhoneSimulator.ActiveCfg = Release|iPhoneSimulator
		{D6071320-3EAD-4A3D-AE34-2B5A7A12C6AD}.Release|iPhoneSimulator.Build.0 = Release|iPhoneSimulator
		{D6071320-3EAD-4A3D-AE34-2B5A7A12C6AD}.Release|x64.ActiveCfg = Release|iPhone
		{D6071320-3EAD-4A3D-AE34-2B5A7A12C6AD}.Release|x86.ActiveCfg = Release|iPhone
		{0EE90748-3C7F-40E4-817D-9D633404AD9B}.Ad-Hoc|Any CPU.ActiveCfg = Release|x86
		{0EE90748-3C7F-40E4-817D-9D633404AD9B}.Ad-Hoc|Any CPU.Build.0 = Release|x86
		{0EE90748-3C7F-40E4-817D-9D633404AD9B}.Ad-Hoc|Any CPU.Deploy.0 = Release|x86
		{0EE90748-3C7F-40E4-817D-9D633404AD9B}.Ad-Hoc|ARM.ActiveCfg = Release|ARM
		{0EE90748-3C7F-40E4-817D-9D633404AD9B}.Ad-Hoc|ARM.Build.0 = Release|ARM
		{0EE90748-3C7F-40E4-817D-9D633404AD9B}.Ad-Hoc|ARM.Deploy.0 = Release|ARM
		{0EE90748-3C7F-40E4-817D-9D633404AD9B}.Ad-Hoc|iPhone.ActiveCfg = Release|x86
		{0EE90748-3C7F-40E4-817D-9D633404AD9B}.Ad-Hoc|iPhone.Build.0 = Release|x86
		{0EE90748-3C7F-40E4-817D-9D633404AD9B}.Ad-Hoc|iPhone.Deploy.0 = Release|x86
		{0EE90748-3C7F-40E4-817D-9D633404AD9B}.Ad-Hoc|iPhoneSimulator.ActiveCfg = Release|x86
		{0EE90748-3C7F-40E4-817D-9D633404AD9B}.Ad-Hoc|iPhoneSimulator.Build.0 = Release|x86
		{0EE90748-3C7F-40E4-817D-9D633404AD9B}.Ad-Hoc|iPhoneSimulator.Deploy.0 = Release|x86
		{0EE90748-3C7F-40E4-817D-9D633404AD9B}.Ad-Hoc|x64.ActiveCfg = Release|x64
		{0EE90748-3C7F-40E4-817D-9D633404AD9B}.Ad-Hoc|x64.Build.0 = Release|x64
		{0EE90748-3C7F-40E4-817D-9D633404AD9B}.Ad-Hoc|x64.Deploy.0 = Release|x64
		{0EE90748-3C7F-40E4-817D-9D633404AD9B}.Ad-Hoc|x86.ActiveCfg = Release|x86
		{0EE90748-3C7F-40E4-817D-9D633404AD9B}.Ad-Hoc|x86.Build.0 = Release|x86
		{0EE90748-3C7F-40E4-817D-9D633404AD9B}.Ad-Hoc|x86.Deploy.0 = Release|x86
		{0EE90748-3C7F-40E4-817D-9D633404AD9B}.AppStore|Any CPU.ActiveCfg = Release|x86
		{0EE90748-3C7F-40E4-817D-9D633404AD9B}.AppStore|Any CPU.Build.0 = Release|x86
		{0EE90748-3C7F-40E4-817D-9D633404AD9B}.AppStore|Any CPU.Deploy.0 = Release|x86
		{0EE90748-3C7F-40E4-817D-9D633404AD9B}.AppStore|ARM.ActiveCfg = Release|ARM
		{0EE90748-3C7F-40E4-817D-9D633404AD9B}.AppStore|ARM.Build.0 = Release|ARM
		{0EE90748-3C7F-40E4-817D-9D633404AD9B}.AppStore|ARM.Deploy.0 = Release|ARM
		{0EE90748-3C7F-40E4-817D-9D633404AD9B}.AppStore|iPhone.ActiveCfg = Release|x86
		{0EE90748-3C7F-40E4-817D-9D633404AD9B}.AppStore|iPhone.Build.0 = Release|x86
		{0EE90748-3C7F-40E4-817D-9D633404AD9B}.AppStore|iPhone.Deploy.0 = Release|x86
		{0EE90748-3C7F-40E4-817D-9D633404AD9B}.AppStore|iPhoneSimulator.ActiveCfg = Release|x86
		{0EE90748-3C7F-40E4-817D-9D633404AD9B}.AppStore|iPhoneSimulator.Build.0 = Release|x86
		{0EE90748-3C7F-40E4-817D-9D633404AD9B}.AppStore|iPhoneSimulator.Deploy.0 = Release|x86
		{0EE90748-3C7F-40E4-817D-9D633404AD9B}.AppStore|x64.ActiveCfg = Release|x64
		{0EE90748-3C7F-40E4-817D-9D633404AD9B}.AppStore|x64.Build.0 = Release|x64
		{0EE90748-3C7F-40E4-817D-9D633404AD9B}.AppStore|x64.Deploy.0 = Release|x64
		{0EE90748-3C7F-40E4-817D-9D633404AD9B}.AppStore|x86.ActiveCfg = Release|x86
		{0EE90748-3C7F-40E4-817D-9D633404AD9B}.AppStore|x86.Build.0 = Release|x86
		{0EE90748-3C7F-40E4-817D-9D633404AD9B}.AppStore|x86.Deploy.0 = Release|x86
		{0EE90748-3C7F-40E4-817D-9D633404AD9B}.Debug|Any CPU.ActiveCfg = Debug|x86
		{0EE90748-3C7F-40E4-817D-9D633404AD9B}.Debug|ARM.ActiveCfg = Debug|ARM
		{0EE90748-3C7F-40E4-817D-9D633404AD9B}.Debug|ARM.Build.0 = Debug|ARM
		{0EE90748-3C7F-40E4-817D-9D633404AD9B}.Debug|ARM.Deploy.0 = Debug|ARM
		{0EE90748-3C7F-40E4-817D-9D633404AD9B}.Debug|iPhone.ActiveCfg = Debug|x86
		{0EE90748-3C7F-40E4-817D-9D633404AD9B}.Debug|iPhoneSimulator.ActiveCfg = Debug|x86
		{0EE90748-3C7F-40E4-817D-9D633404AD9B}.Debug|x64.ActiveCfg = Debug|x64
		{0EE90748-3C7F-40E4-817D-9D633404AD9B}.Debug|x64.Build.0 = Debug|x64
		{0EE90748-3C7F-40E4-817D-9D633404AD9B}.Debug|x64.Deploy.0 = Debug|x64
		{0EE90748-3C7F-40E4-817D-9D633404AD9B}.Debug|x86.ActiveCfg = Debug|x86
		{0EE90748-3C7F-40E4-817D-9D633404AD9B}.Debug|x86.Build.0 = Debug|x86
		{0EE90748-3C7F-40E4-817D-9D633404AD9B}.Debug|x86.Deploy.0 = Debug|x86
		{0EE90748-3C7F-40E4-817D-9D633404AD9B}.Release|Any CPU.ActiveCfg = Release|x86
		{0EE90748-3C7F-40E4-817D-9D633404AD9B}.Release|ARM.ActiveCfg = Release|ARM
		{0EE90748-3C7F-40E4-817D-9D633404AD9B}.Release|ARM.Build.0 = Release|ARM
		{0EE90748-3C7F-40E4-817D-9D633404AD9B}.Release|ARM.Deploy.0 = Release|ARM
		{0EE90748-3C7F-40E4-817D-9D633404AD9B}.Release|iPhone.ActiveCfg = Release|x86
		{0EE90748-3C7F-40E4-817D-9D633404AD9B}.Release|iPhoneSimulator.ActiveCfg = Release|x86
		{0EE90748-3C7F-40E4-817D-9D633404AD9B}.Release|x64.ActiveCfg = Release|x64
		{0EE90748-3C7F-40E4-817D-9D633404AD9B}.Release|x64.Build.0 = Release|x64
		{0EE90748-3C7F-40E4-817D-9D633404AD9B}.Release|x64.Deploy.0 = Release|x64
		{0EE90748-3C7F-40E4-817D-9D633404AD9B}.Release|x86.ActiveCfg = Release|x86
		{0EE90748-3C7F-40E4-817D-9D633404AD9B}.Release|x86.Build.0 = Release|x86
		{0EE90748-3C7F-40E4-817D-9D633404AD9B}.Release|x86.Deploy.0 = Release|x86
		{12FB1819-0CAB-40EE-A768-81805987C736}.Ad-Hoc|Any CPU.ActiveCfg = Debug|Any CPU
		{12FB1819-0CAB-40EE-A768-81805987C736}.Ad-Hoc|Any CPU.Build.0 = Debug|Any CPU
		{12FB1819-0CAB-40EE-A768-81805987C736}.Ad-Hoc|ARM.ActiveCfg = Debug|Any CPU
		{12FB1819-0CAB-40EE-A768-81805987C736}.Ad-Hoc|ARM.Build.0 = Debug|Any CPU
		{12FB1819-0CAB-40EE-A768-81805987C736}.Ad-Hoc|iPhone.ActiveCfg = Debug|Any CPU
		{12FB1819-0CAB-40EE-A768-81805987C736}.Ad-Hoc|iPhone.Build.0 = Debug|Any CPU
		{12FB1819-0CAB-40EE-A768-81805987C736}.Ad-Hoc|iPhoneSimulator.ActiveCfg = Debug|Any CPU
		{12FB1819-0CAB-40EE-A768-81805987C736}.Ad-Hoc|iPhoneSimulator.Build.0 = Debug|Any CPU
		{12FB1819-0CAB-40EE-A768-81805987C736}.Ad-Hoc|x64.ActiveCfg = Debug|Any CPU
		{12FB1819-0CAB-40EE-A768-81805987C736}.Ad-Hoc|x64.Build.0 = Debug|Any CPU
		{12FB1819-0CAB-40EE-A768-81805987C736}.Ad-Hoc|x86.ActiveCfg = Debug|Any CPU
		{12FB1819-0CAB-40EE-A768-81805987C736}.Ad-Hoc|x86.Build.0 = Debug|Any CPU
		{12FB1819-0CAB-40EE-A768-81805987C736}.AppStore|Any CPU.ActiveCfg = Debug|Any CPU
		{12FB1819-0CAB-40EE-A768-81805987C736}.AppStore|Any CPU.Build.0 = Debug|Any CPU
		{12FB1819-0CAB-40EE-A768-81805987C736}.AppStore|ARM.ActiveCfg = Debug|Any CPU
		{12FB1819-0CAB-40EE-A768-81805987C736}.AppStore|ARM.Build.0 = Debug|Any CPU
		{12FB1819-0CAB-40EE-A768-81805987C736}.AppStore|iPhone.ActiveCfg = Debug|Any CPU
		{12FB1819-0CAB-40EE-A768-81805987C736}.AppStore|iPhone.Build.0 = Debug|Any CPU
		{12FB1819-0CAB-40EE-A768-81805987C736}.AppStore|iPhoneSimulator.ActiveCfg = Debug|Any CPU
		{12FB1819-0CAB-40EE-A768-81805987C736}.AppStore|iPhoneSimulator.Build.0 = Debug|Any CPU
		{12FB1819-0CAB-40EE-A768-81805987C736}.AppStore|x64.ActiveCfg = Debug|Any CPU
		{12FB1819-0CAB-40EE-A768-81805987C736}.AppStore|x64.Build.0 = Debug|Any CPU
		{12FB1819-0CAB-40EE-A768-81805987C736}.AppStore|x86.ActiveCfg = Debug|Any CPU
		{12FB1819-0CAB-40EE-A768-81805987C736}.AppStore|x86.Build.0 = Debug|Any CPU
		{12FB1819-0CAB-40EE-A768-81805987C736}.Debug|Any CPU.ActiveCfg = Debug|Any CPU
		{12FB1819-0CAB-40EE-A768-81805987C736}.Debug|Any CPU.Build.0 = Debug|Any CPU
		{12FB1819-0CAB-40EE-A768-81805987C736}.Debug|ARM.ActiveCfg = Debug|Any CPU
		{12FB1819-0CAB-40EE-A768-81805987C736}.Debug|ARM.Build.0 = Debug|Any CPU
		{12FB1819-0CAB-40EE-A768-81805987C736}.Debug|iPhone.ActiveCfg = Debug|Any CPU
		{12FB1819-0CAB-40EE-A768-81805987C736}.Debug|iPhone.Build.0 = Debug|Any CPU
		{12FB1819-0CAB-40EE-A768-81805987C736}.Debug|iPhoneSimulator.ActiveCfg = Debug|Any CPU
		{12FB1819-0CAB-40EE-A768-81805987C736}.Debug|iPhoneSimulator.Build.0 = Debug|Any CPU
		{12FB1819-0CAB-40EE-A768-81805987C736}.Debug|x64.ActiveCfg = Debug|Any CPU
		{12FB1819-0CAB-40EE-A768-81805987C736}.Debug|x64.Build.0 = Debug|Any CPU
		{12FB1819-0CAB-40EE-A768-81805987C736}.Debug|x86.ActiveCfg = Debug|Any CPU
		{12FB1819-0CAB-40EE-A768-81805987C736}.Debug|x86.Build.0 = Debug|Any CPU
		{12FB1819-0CAB-40EE-A768-81805987C736}.Release|Any CPU.ActiveCfg = Release|Any CPU
		{12FB1819-0CAB-40EE-A768-81805987C736}.Release|Any CPU.Build.0 = Release|Any CPU
		{12FB1819-0CAB-40EE-A768-81805987C736}.Release|ARM.ActiveCfg = Release|Any CPU
		{12FB1819-0CAB-40EE-A768-81805987C736}.Release|ARM.Build.0 = Release|Any CPU
		{12FB1819-0CAB-40EE-A768-81805987C736}.Release|iPhone.ActiveCfg = Release|Any CPU
		{12FB1819-0CAB-40EE-A768-81805987C736}.Release|iPhone.Build.0 = Release|Any CPU
		{12FB1819-0CAB-40EE-A768-81805987C736}.Release|iPhoneSimulator.ActiveCfg = Release|Any CPU
		{12FB1819-0CAB-40EE-A768-81805987C736}.Release|iPhoneSimulator.Build.0 = Release|Any CPU
		{12FB1819-0CAB-40EE-A768-81805987C736}.Release|x64.ActiveCfg = Release|Any CPU
		{12FB1819-0CAB-40EE-A768-81805987C736}.Release|x64.Build.0 = Release|Any CPU
		{12FB1819-0CAB-40EE-A768-81805987C736}.Release|x86.ActiveCfg = Release|Any CPU
		{12FB1819-0CAB-40EE-A768-81805987C736}.Release|x86.Build.0 = Release|Any CPU
		{CA8E28A5-BD3F-4446-914B-5A7EE98E0140}.Ad-Hoc|Any CPU.ActiveCfg = Debug|Any CPU
		{CA8E28A5-BD3F-4446-914B-5A7EE98E0140}.Ad-Hoc|Any CPU.Build.0 = Debug|Any CPU
		{CA8E28A5-BD3F-4446-914B-5A7EE98E0140}.Ad-Hoc|ARM.ActiveCfg = Debug|Any CPU
		{CA8E28A5-BD3F-4446-914B-5A7EE98E0140}.Ad-Hoc|ARM.Build.0 = Debug|Any CPU
		{CA8E28A5-BD3F-4446-914B-5A7EE98E0140}.Ad-Hoc|iPhone.ActiveCfg = Debug|Any CPU
		{CA8E28A5-BD3F-4446-914B-5A7EE98E0140}.Ad-Hoc|iPhone.Build.0 = Debug|Any CPU
		{CA8E28A5-BD3F-4446-914B-5A7EE98E0140}.Ad-Hoc|iPhoneSimulator.ActiveCfg = Debug|Any CPU
		{CA8E28A5-BD3F-4446-914B-5A7EE98E0140}.Ad-Hoc|iPhoneSimulator.Build.0 = Debug|Any CPU
		{CA8E28A5-BD3F-4446-914B-5A7EE98E0140}.Ad-Hoc|x64.ActiveCfg = Release|x64
		{CA8E28A5-BD3F-4446-914B-5A7EE98E0140}.Ad-Hoc|x64.Build.0 = Release|x64
		{CA8E28A5-BD3F-4446-914B-5A7EE98E0140}.Ad-Hoc|x86.ActiveCfg = Debug|Any CPU
		{CA8E28A5-BD3F-4446-914B-5A7EE98E0140}.Ad-Hoc|x86.Build.0 = Debug|Any CPU
		{CA8E28A5-BD3F-4446-914B-5A7EE98E0140}.AppStore|Any CPU.ActiveCfg = Debug|Any CPU
		{CA8E28A5-BD3F-4446-914B-5A7EE98E0140}.AppStore|Any CPU.Build.0 = Debug|Any CPU
		{CA8E28A5-BD3F-4446-914B-5A7EE98E0140}.AppStore|ARM.ActiveCfg = Debug|Any CPU
		{CA8E28A5-BD3F-4446-914B-5A7EE98E0140}.AppStore|ARM.Build.0 = Debug|Any CPU
		{CA8E28A5-BD3F-4446-914B-5A7EE98E0140}.AppStore|iPhone.ActiveCfg = Debug|Any CPU
		{CA8E28A5-BD3F-4446-914B-5A7EE98E0140}.AppStore|iPhone.Build.0 = Debug|Any CPU
		{CA8E28A5-BD3F-4446-914B-5A7EE98E0140}.AppStore|iPhoneSimulator.ActiveCfg = Debug|Any CPU
		{CA8E28A5-BD3F-4446-914B-5A7EE98E0140}.AppStore|iPhoneSimulator.Build.0 = Debug|Any CPU
		{CA8E28A5-BD3F-4446-914B-5A7EE98E0140}.AppStore|x64.ActiveCfg = Release|x64
		{CA8E28A5-BD3F-4446-914B-5A7EE98E0140}.AppStore|x64.Build.0 = Release|x64
		{CA8E28A5-BD3F-4446-914B-5A7EE98E0140}.AppStore|x86.ActiveCfg = Debug|Any CPU
		{CA8E28A5-BD3F-4446-914B-5A7EE98E0140}.AppStore|x86.Build.0 = Debug|Any CPU
		{CA8E28A5-BD3F-4446-914B-5A7EE98E0140}.Debug|Any CPU.ActiveCfg = Debug|Any CPU
		{CA8E28A5-BD3F-4446-914B-5A7EE98E0140}.Debug|Any CPU.Build.0 = Debug|Any CPU
		{CA8E28A5-BD3F-4446-914B-5A7EE98E0140}.Debug|ARM.ActiveCfg = Debug|Any CPU
		{CA8E28A5-BD3F-4446-914B-5A7EE98E0140}.Debug|ARM.Build.0 = Debug|Any CPU
		{CA8E28A5-BD3F-4446-914B-5A7EE98E0140}.Debug|iPhone.ActiveCfg = Debug|Any CPU
		{CA8E28A5-BD3F-4446-914B-5A7EE98E0140}.Debug|iPhone.Build.0 = Debug|Any CPU
		{CA8E28A5-BD3F-4446-914B-5A7EE98E0140}.Debug|iPhoneSimulator.ActiveCfg = Debug|Any CPU
		{CA8E28A5-BD3F-4446-914B-5A7EE98E0140}.Debug|iPhoneSimulator.Build.0 = Debug|Any CPU
		{CA8E28A5-BD3F-4446-914B-5A7EE98E0140}.Debug|x64.ActiveCfg = Debug|x64
		{CA8E28A5-BD3F-4446-914B-5A7EE98E0140}.Debug|x64.Build.0 = Debug|x64
		{CA8E28A5-BD3F-4446-914B-5A7EE98E0140}.Debug|x86.ActiveCfg = Debug|Any CPU
		{CA8E28A5-BD3F-4446-914B-5A7EE98E0140}.Debug|x86.Build.0 = Debug|Any CPU
		{CA8E28A5-BD3F-4446-914B-5A7EE98E0140}.Release|Any CPU.ActiveCfg = Release|Any CPU
		{CA8E28A5-BD3F-4446-914B-5A7EE98E0140}.Release|Any CPU.Build.0 = Release|Any CPU
		{CA8E28A5-BD3F-4446-914B-5A7EE98E0140}.Release|ARM.ActiveCfg = Release|Any CPU
		{CA8E28A5-BD3F-4446-914B-5A7EE98E0140}.Release|ARM.Build.0 = Release|Any CPU
		{CA8E28A5-BD3F-4446-914B-5A7EE98E0140}.Release|iPhone.ActiveCfg = Release|Any CPU
		{CA8E28A5-BD3F-4446-914B-5A7EE98E0140}.Release|iPhone.Build.0 = Release|Any CPU
		{CA8E28A5-BD3F-4446-914B-5A7EE98E0140}.Release|iPhoneSimulator.ActiveCfg = Release|Any CPU
		{CA8E28A5-BD3F-4446-914B-5A7EE98E0140}.Release|iPhoneSimulator.Build.0 = Release|Any CPU
		{CA8E28A5-BD3F-4446-914B-5A7EE98E0140}.Release|x64.ActiveCfg = Release|x64
		{CA8E28A5-BD3F-4446-914B-5A7EE98E0140}.Release|x64.Build.0 = Release|x64
		{CA8E28A5-BD3F-4446-914B-5A7EE98E0140}.Release|x86.ActiveCfg = Release|Any CPU
		{CA8E28A5-BD3F-4446-914B-5A7EE98E0140}.Release|x86.Build.0 = Release|Any CPU
		{C8A321D4-1B21-4817-ADB6-C62037593324}.Ad-Hoc|Any CPU.ActiveCfg = Release|Any CPU
		{C8A321D4-1B21-4817-ADB6-C62037593324}.Ad-Hoc|Any CPU.Build.0 = Release|Any CPU
		{C8A321D4-1B21-4817-ADB6-C62037593324}.Ad-Hoc|ARM.ActiveCfg = Release|Any CPU
		{C8A321D4-1B21-4817-ADB6-C62037593324}.Ad-Hoc|ARM.Build.0 = Release|Any CPU
		{C8A321D4-1B21-4817-ADB6-C62037593324}.Ad-Hoc|iPhone.ActiveCfg = Release|Any CPU
		{C8A321D4-1B21-4817-ADB6-C62037593324}.Ad-Hoc|iPhone.Build.0 = Release|Any CPU
		{C8A321D4-1B21-4817-ADB6-C62037593324}.Ad-Hoc|iPhoneSimulator.ActiveCfg = Release|Any CPU
		{C8A321D4-1B21-4817-ADB6-C62037593324}.Ad-Hoc|iPhoneSimulator.Build.0 = Release|Any CPU
		{C8A321D4-1B21-4817-ADB6-C62037593324}.Ad-Hoc|x64.ActiveCfg = Release|Any CPU
		{C8A321D4-1B21-4817-ADB6-C62037593324}.Ad-Hoc|x64.Build.0 = Release|Any CPU
		{C8A321D4-1B21-4817-ADB6-C62037593324}.Ad-Hoc|x86.ActiveCfg = Release|Any CPU
		{C8A321D4-1B21-4817-ADB6-C62037593324}.Ad-Hoc|x86.Build.0 = Release|Any CPU
		{C8A321D4-1B21-4817-ADB6-C62037593324}.AppStore|Any CPU.ActiveCfg = Release|Any CPU
		{C8A321D4-1B21-4817-ADB6-C62037593324}.AppStore|Any CPU.Build.0 = Release|Any CPU
		{C8A321D4-1B21-4817-ADB6-C62037593324}.AppStore|ARM.ActiveCfg = Release|Any CPU
		{C8A321D4-1B21-4817-ADB6-C62037593324}.AppStore|ARM.Build.0 = Release|Any CPU
		{C8A321D4-1B21-4817-ADB6-C62037593324}.AppStore|iPhone.ActiveCfg = Release|Any CPU
		{C8A321D4-1B21-4817-ADB6-C62037593324}.AppStore|iPhone.Build.0 = Release|Any CPU
		{C8A321D4-1B21-4817-ADB6-C62037593324}.AppStore|iPhoneSimulator.ActiveCfg = Release|Any CPU
		{C8A321D4-1B21-4817-ADB6-C62037593324}.AppStore|iPhoneSimulator.Build.0 = Release|Any CPU
		{C8A321D4-1B21-4817-ADB6-C62037593324}.AppStore|x64.ActiveCfg = Release|Any CPU
		{C8A321D4-1B21-4817-ADB6-C62037593324}.AppStore|x64.Build.0 = Release|Any CPU
		{C8A321D4-1B21-4817-ADB6-C62037593324}.AppStore|x86.ActiveCfg = Release|Any CPU
		{C8A321D4-1B21-4817-ADB6-C62037593324}.AppStore|x86.Build.0 = Release|Any CPU
		{C8A321D4-1B21-4817-ADB6-C62037593324}.Debug|Any CPU.ActiveCfg = Debug|Any CPU
		{C8A321D4-1B21-4817-ADB6-C62037593324}.Debug|Any CPU.Build.0 = Debug|Any CPU
		{C8A321D4-1B21-4817-ADB6-C62037593324}.Debug|ARM.ActiveCfg = Debug|Any CPU
		{C8A321D4-1B21-4817-ADB6-C62037593324}.Debug|ARM.Build.0 = Debug|Any CPU
		{C8A321D4-1B21-4817-ADB6-C62037593324}.Debug|iPhone.ActiveCfg = Debug|Any CPU
		{C8A321D4-1B21-4817-ADB6-C62037593324}.Debug|iPhone.Build.0 = Debug|Any CPU
		{C8A321D4-1B21-4817-ADB6-C62037593324}.Debug|iPhoneSimulator.ActiveCfg = Debug|Any CPU
		{C8A321D4-1B21-4817-ADB6-C62037593324}.Debug|iPhoneSimulator.Build.0 = Debug|Any CPU
		{C8A321D4-1B21-4817-ADB6-C62037593324}.Debug|x64.ActiveCfg = Debug|Any CPU
		{C8A321D4-1B21-4817-ADB6-C62037593324}.Debug|x64.Build.0 = Debug|Any CPU
		{C8A321D4-1B21-4817-ADB6-C62037593324}.Debug|x86.ActiveCfg = Debug|Any CPU
		{C8A321D4-1B21-4817-ADB6-C62037593324}.Debug|x86.Build.0 = Debug|Any CPU
		{C8A321D4-1B21-4817-ADB6-C62037593324}.Release|Any CPU.ActiveCfg = Release|Any CPU
		{C8A321D4-1B21-4817-ADB6-C62037593324}.Release|Any CPU.Build.0 = Release|Any CPU
		{C8A321D4-1B21-4817-ADB6-C62037593324}.Release|ARM.ActiveCfg = Release|Any CPU
		{C8A321D4-1B21-4817-ADB6-C62037593324}.Release|ARM.Build.0 = Release|Any CPU
		{C8A321D4-1B21-4817-ADB6-C62037593324}.Release|iPhone.ActiveCfg = Release|Any CPU
		{C8A321D4-1B21-4817-ADB6-C62037593324}.Release|iPhone.Build.0 = Release|Any CPU
		{C8A321D4-1B21-4817-ADB6-C62037593324}.Release|iPhoneSimulator.ActiveCfg = Release|Any CPU
		{C8A321D4-1B21-4817-ADB6-C62037593324}.Release|iPhoneSimulator.Build.0 = Release|Any CPU
		{C8A321D4-1B21-4817-ADB6-C62037593324}.Release|x64.ActiveCfg = Release|Any CPU
		{C8A321D4-1B21-4817-ADB6-C62037593324}.Release|x64.Build.0 = Release|Any CPU
		{C8A321D4-1B21-4817-ADB6-C62037593324}.Release|x86.ActiveCfg = Release|Any CPU
		{C8A321D4-1B21-4817-ADB6-C62037593324}.Release|x86.Build.0 = Release|Any CPU
		{0B5041DA-67D1-4D61-B874-645BC54FFA60}.Ad-Hoc|Any CPU.ActiveCfg = Release|Any CPU
		{0B5041DA-67D1-4D61-B874-645BC54FFA60}.Ad-Hoc|Any CPU.Build.0 = Release|Any CPU
		{0B5041DA-67D1-4D61-B874-645BC54FFA60}.Ad-Hoc|ARM.ActiveCfg = Release|ARM
		{0B5041DA-67D1-4D61-B874-645BC54FFA60}.Ad-Hoc|ARM.Build.0 = Release|ARM
		{0B5041DA-67D1-4D61-B874-645BC54FFA60}.Ad-Hoc|iPhone.ActiveCfg = Release|Any CPU
		{0B5041DA-67D1-4D61-B874-645BC54FFA60}.Ad-Hoc|iPhone.Build.0 = Release|Any CPU
		{0B5041DA-67D1-4D61-B874-645BC54FFA60}.Ad-Hoc|iPhoneSimulator.ActiveCfg = Release|Any CPU
		{0B5041DA-67D1-4D61-B874-645BC54FFA60}.Ad-Hoc|iPhoneSimulator.Build.0 = Release|Any CPU
		{0B5041DA-67D1-4D61-B874-645BC54FFA60}.Ad-Hoc|x64.ActiveCfg = Release|x64
		{0B5041DA-67D1-4D61-B874-645BC54FFA60}.Ad-Hoc|x64.Build.0 = Release|x64
		{0B5041DA-67D1-4D61-B874-645BC54FFA60}.Ad-Hoc|x86.ActiveCfg = Release|x86
		{0B5041DA-67D1-4D61-B874-645BC54FFA60}.Ad-Hoc|x86.Build.0 = Release|x86
		{0B5041DA-67D1-4D61-B874-645BC54FFA60}.AppStore|Any CPU.ActiveCfg = Release|Any CPU
		{0B5041DA-67D1-4D61-B874-645BC54FFA60}.AppStore|Any CPU.Build.0 = Release|Any CPU
		{0B5041DA-67D1-4D61-B874-645BC54FFA60}.AppStore|ARM.ActiveCfg = Release|ARM
		{0B5041DA-67D1-4D61-B874-645BC54FFA60}.AppStore|ARM.Build.0 = Release|ARM
		{0B5041DA-67D1-4D61-B874-645BC54FFA60}.AppStore|iPhone.ActiveCfg = Release|Any CPU
		{0B5041DA-67D1-4D61-B874-645BC54FFA60}.AppStore|iPhone.Build.0 = Release|Any CPU
		{0B5041DA-67D1-4D61-B874-645BC54FFA60}.AppStore|iPhoneSimulator.ActiveCfg = Release|Any CPU
		{0B5041DA-67D1-4D61-B874-645BC54FFA60}.AppStore|iPhoneSimulator.Build.0 = Release|Any CPU
		{0B5041DA-67D1-4D61-B874-645BC54FFA60}.AppStore|x64.ActiveCfg = Release|x64
		{0B5041DA-67D1-4D61-B874-645BC54FFA60}.AppStore|x64.Build.0 = Release|x64
		{0B5041DA-67D1-4D61-B874-645BC54FFA60}.AppStore|x86.ActiveCfg = Release|x86
		{0B5041DA-67D1-4D61-B874-645BC54FFA60}.AppStore|x86.Build.0 = Release|x86
		{0B5041DA-67D1-4D61-B874-645BC54FFA60}.Debug|Any CPU.ActiveCfg = Debug|Any CPU
		{0B5041DA-67D1-4D61-B874-645BC54FFA60}.Debug|Any CPU.Build.0 = Debug|Any CPU
		{0B5041DA-67D1-4D61-B874-645BC54FFA60}.Debug|ARM.ActiveCfg = Debug|ARM
		{0B5041DA-67D1-4D61-B874-645BC54FFA60}.Debug|ARM.Build.0 = Debug|ARM
		{0B5041DA-67D1-4D61-B874-645BC54FFA60}.Debug|iPhone.ActiveCfg = Debug|Any CPU
		{0B5041DA-67D1-4D61-B874-645BC54FFA60}.Debug|iPhone.Build.0 = Debug|Any CPU
		{0B5041DA-67D1-4D61-B874-645BC54FFA60}.Debug|iPhoneSimulator.ActiveCfg = Debug|Any CPU
		{0B5041DA-67D1-4D61-B874-645BC54FFA60}.Debug|iPhoneSimulator.Build.0 = Debug|Any CPU
		{0B5041DA-67D1-4D61-B874-645BC54FFA60}.Debug|x64.ActiveCfg = Debug|x64
		{0B5041DA-67D1-4D61-B874-645BC54FFA60}.Debug|x64.Build.0 = Debug|x64
		{0B5041DA-67D1-4D61-B874-645BC54FFA60}.Debug|x86.ActiveCfg = Debug|x86
		{0B5041DA-67D1-4D61-B874-645BC54FFA60}.Debug|x86.Build.0 = Debug|x86
		{0B5041DA-67D1-4D61-B874-645BC54FFA60}.Release|Any CPU.ActiveCfg = Release|Any CPU
		{0B5041DA-67D1-4D61-B874-645BC54FFA60}.Release|Any CPU.Build.0 = Release|Any CPU
		{0B5041DA-67D1-4D61-B874-645BC54FFA60}.Release|ARM.ActiveCfg = Release|ARM
		{0B5041DA-67D1-4D61-B874-645BC54FFA60}.Release|ARM.Build.0 = Release|ARM
		{0B5041DA-67D1-4D61-B874-645BC54FFA60}.Release|iPhone.ActiveCfg = Release|Any CPU
		{0B5041DA-67D1-4D61-B874-645BC54FFA60}.Release|iPhone.Build.0 = Release|Any CPU
		{0B5041DA-67D1-4D61-B874-645BC54FFA60}.Release|iPhoneSimulator.ActiveCfg = Release|Any CPU
		{0B5041DA-67D1-4D61-B874-645BC54FFA60}.Release|iPhoneSimulator.Build.0 = Release|Any CPU
		{0B5041DA-67D1-4D61-B874-645BC54FFA60}.Release|x64.ActiveCfg = Release|x64
		{0B5041DA-67D1-4D61-B874-645BC54FFA60}.Release|x64.Build.0 = Release|x64
		{0B5041DA-67D1-4D61-B874-645BC54FFA60}.Release|x86.ActiveCfg = Release|x86
		{0B5041DA-67D1-4D61-B874-645BC54FFA60}.Release|x86.Build.0 = Release|x86
		{0D53DABE-1D38-4083-96D3-EC23B8A35FFF}.Ad-Hoc|Any CPU.ActiveCfg = Debug|Any CPU
		{0D53DABE-1D38-4083-96D3-EC23B8A35FFF}.Ad-Hoc|Any CPU.Build.0 = Debug|Any CPU
		{0D53DABE-1D38-4083-96D3-EC23B8A35FFF}.Ad-Hoc|ARM.ActiveCfg = Debug|Any CPU
		{0D53DABE-1D38-4083-96D3-EC23B8A35FFF}.Ad-Hoc|ARM.Build.0 = Debug|Any CPU
		{0D53DABE-1D38-4083-96D3-EC23B8A35FFF}.Ad-Hoc|iPhone.ActiveCfg = Debug|Any CPU
		{0D53DABE-1D38-4083-96D3-EC23B8A35FFF}.Ad-Hoc|iPhone.Build.0 = Debug|Any CPU
		{0D53DABE-1D38-4083-96D3-EC23B8A35FFF}.Ad-Hoc|iPhoneSimulator.ActiveCfg = Debug|Any CPU
		{0D53DABE-1D38-4083-96D3-EC23B8A35FFF}.Ad-Hoc|iPhoneSimulator.Build.0 = Debug|Any CPU
		{0D53DABE-1D38-4083-96D3-EC23B8A35FFF}.Ad-Hoc|x64.ActiveCfg = Debug|Any CPU
		{0D53DABE-1D38-4083-96D3-EC23B8A35FFF}.Ad-Hoc|x64.Build.0 = Debug|Any CPU
		{0D53DABE-1D38-4083-96D3-EC23B8A35FFF}.Ad-Hoc|x86.ActiveCfg = Debug|Any CPU
		{0D53DABE-1D38-4083-96D3-EC23B8A35FFF}.Ad-Hoc|x86.Build.0 = Debug|Any CPU
		{0D53DABE-1D38-4083-96D3-EC23B8A35FFF}.AppStore|Any CPU.ActiveCfg = Debug|Any CPU
		{0D53DABE-1D38-4083-96D3-EC23B8A35FFF}.AppStore|Any CPU.Build.0 = Debug|Any CPU
		{0D53DABE-1D38-4083-96D3-EC23B8A35FFF}.AppStore|ARM.ActiveCfg = Debug|Any CPU
		{0D53DABE-1D38-4083-96D3-EC23B8A35FFF}.AppStore|ARM.Build.0 = Debug|Any CPU
		{0D53DABE-1D38-4083-96D3-EC23B8A35FFF}.AppStore|iPhone.ActiveCfg = Debug|Any CPU
		{0D53DABE-1D38-4083-96D3-EC23B8A35FFF}.AppStore|iPhone.Build.0 = Debug|Any CPU
		{0D53DABE-1D38-4083-96D3-EC23B8A35FFF}.AppStore|iPhoneSimulator.ActiveCfg = Debug|Any CPU
		{0D53DABE-1D38-4083-96D3-EC23B8A35FFF}.AppStore|iPhoneSimulator.Build.0 = Debug|Any CPU
		{0D53DABE-1D38-4083-96D3-EC23B8A35FFF}.AppStore|x64.ActiveCfg = Debug|Any CPU
		{0D53DABE-1D38-4083-96D3-EC23B8A35FFF}.AppStore|x64.Build.0 = Debug|Any CPU
		{0D53DABE-1D38-4083-96D3-EC23B8A35FFF}.AppStore|x86.ActiveCfg = Debug|Any CPU
		{0D53DABE-1D38-4083-96D3-EC23B8A35FFF}.AppStore|x86.Build.0 = Debug|Any CPU
		{0D53DABE-1D38-4083-96D3-EC23B8A35FFF}.Debug|Any CPU.ActiveCfg = Debug|Any CPU
		{0D53DABE-1D38-4083-96D3-EC23B8A35FFF}.Debug|Any CPU.Build.0 = Debug|Any CPU
		{0D53DABE-1D38-4083-96D3-EC23B8A35FFF}.Debug|ARM.ActiveCfg = Debug|Any CPU
		{0D53DABE-1D38-4083-96D3-EC23B8A35FFF}.Debug|ARM.Build.0 = Debug|Any CPU
		{0D53DABE-1D38-4083-96D3-EC23B8A35FFF}.Debug|iPhone.ActiveCfg = Debug|Any CPU
		{0D53DABE-1D38-4083-96D3-EC23B8A35FFF}.Debug|iPhone.Build.0 = Debug|Any CPU
		{0D53DABE-1D38-4083-96D3-EC23B8A35FFF}.Debug|iPhoneSimulator.ActiveCfg = Debug|Any CPU
		{0D53DABE-1D38-4083-96D3-EC23B8A35FFF}.Debug|iPhoneSimulator.Build.0 = Debug|Any CPU
		{0D53DABE-1D38-4083-96D3-EC23B8A35FFF}.Debug|x64.ActiveCfg = Debug|Any CPU
		{0D53DABE-1D38-4083-96D3-EC23B8A35FFF}.Debug|x64.Build.0 = Debug|Any CPU
		{0D53DABE-1D38-4083-96D3-EC23B8A35FFF}.Debug|x86.ActiveCfg = Debug|Any CPU
		{0D53DABE-1D38-4083-96D3-EC23B8A35FFF}.Debug|x86.Build.0 = Debug|Any CPU
		{0D53DABE-1D38-4083-96D3-EC23B8A35FFF}.Release|Any CPU.ActiveCfg = Release|Any CPU
		{0D53DABE-1D38-4083-96D3-EC23B8A35FFF}.Release|Any CPU.Build.0 = Release|Any CPU
		{0D53DABE-1D38-4083-96D3-EC23B8A35FFF}.Release|ARM.ActiveCfg = Release|Any CPU
		{0D53DABE-1D38-4083-96D3-EC23B8A35FFF}.Release|ARM.Build.0 = Release|Any CPU
		{0D53DABE-1D38-4083-96D3-EC23B8A35FFF}.Release|iPhone.ActiveCfg = Release|Any CPU
		{0D53DABE-1D38-4083-96D3-EC23B8A35FFF}.Release|iPhone.Build.0 = Release|Any CPU
		{0D53DABE-1D38-4083-96D3-EC23B8A35FFF}.Release|iPhoneSimulator.ActiveCfg = Release|Any CPU
		{0D53DABE-1D38-4083-96D3-EC23B8A35FFF}.Release|iPhoneSimulator.Build.0 = Release|Any CPU
		{0D53DABE-1D38-4083-96D3-EC23B8A35FFF}.Release|x64.ActiveCfg = Release|Any CPU
		{0D53DABE-1D38-4083-96D3-EC23B8A35FFF}.Release|x64.Build.0 = Release|Any CPU
		{0D53DABE-1D38-4083-96D3-EC23B8A35FFF}.Release|x86.ActiveCfg = Release|Any CPU
		{0D53DABE-1D38-4083-96D3-EC23B8A35FFF}.Release|x86.Build.0 = Release|Any CPU
	EndGlobalSection
	GlobalSection(SolutionProperties) = preSolution
		HideSolutionNode = FALSE
	EndGlobalSection
	GlobalSection(ExtensibilityGlobals) = postSolution
		SolutionGuid = {57B4EAD4-E417-47FE-AEDD-AD048953C9C3}
	EndGlobalSection
EndGlobal
