
Microsoft Visual Studio Solution File, Format Version 12.00
# Visual Studio 15
VisualStudioVersion = 15.0.28307.421
MinimumVisualStudioVersion = 10.0.40219.1
Project("{FAE04EC0-301F-11D3-BF4B-00C04F79EFBC}") = "Farest.Android", "Farest\Farest.Android\Farest.Android.csproj", "{2EF26178-3DD8-41C8-AFC9-0ACC23F399C2}"
EndProject
Project("{FAE04EC0-301F-11D3-BF4B-00C04F79EFBC}") = "Farest.iOS", "Farest\Farest.iOS\Farest.iOS.csproj", "{849F12D5-A55B-471A-93C8-07F8E18E615B}"
EndProject
Project("{FAE04EC0-301F-11D3-BF4B-00C04F79EFBC}") = "Farest.UWP", "Farest\Farest.UWP\Farest.UWP.csproj", "{78A1251E-B85D-44EA-914E-B391BDC09E6A}"
EndProject
Project("{FAE04EC0-301F-11D3-BF4B-00C04F79EFBC}") = "Farest", "Farest\Farest\Farest.csproj", "{9ABF8E92-4A8D-4ACC-A45B-7017EBB4CA05}"
EndProject
Global
	GlobalSection(SolutionConfigurationPlatforms) = preSolution
		Ad-Hoc|Any CPU = Ad-Hoc|Any CPU
		Ad-Hoc|ARM = Ad-Hoc|ARM
		Ad-Hoc|iPhone = Ad-Hoc|iPhone
		Ad-Hoc|iPhoneSimulator = Ad-Hoc|iPhoneSimulator
		Ad-Hoc|x64 = Ad-Hoc|x64
		Ad-Hoc|x86 = Ad-Hoc|x86
		AppStore|Any CPU = AppStore|Any CPU
		AppStore|ARM = AppStore|ARM
		AppStore|iPhone = AppStore|iPhone
		AppStore|iPhoneSimulator = AppStore|iPhoneSimulator
		AppStore|x64 = AppStore|x64
		AppStore|x86 = AppStore|x86
		Debug|Any CPU = Debug|Any CPU
		Debug|ARM = Debug|ARM
		Debug|iPhone = Debug|iPhone
		Debug|iPhoneSimulator = Debug|iPhoneSimulator
		Debug|x64 = Debug|x64
		Debug|x86 = Debug|x86
		Release|Any CPU = Release|Any CPU
		Release|ARM = Release|ARM
		Release|iPhone = Release|iPhone
		Release|iPhoneSimulator = Release|iPhoneSimulator
		Release|x64 = Release|x64
		Release|x86 = Release|x86
	EndGlobalSection
	GlobalSection(ProjectConfigurationPlatforms) = postSolution
		{2EF26178-3DD8-41C8-AFC9-0ACC23F399C2}.Ad-Hoc|Any CPU.ActiveCfg = Release|Any CPU
		{2EF26178-3DD8-41C8-AFC9-0ACC23F399C2}.Ad-Hoc|Any CPU.Build.0 = Release|Any CPU
		{2EF26178-3DD8-41C8-AFC9-0ACC23F399C2}.Ad-Hoc|Any CPU.Deploy.0 = Release|Any CPU
		{2EF26178-3DD8-41C8-AFC9-0ACC23F399C2}.Ad-Hoc|ARM.ActiveCfg = Release|Any CPU
		{2EF26178-3DD8-41C8-AFC9-0ACC23F399C2}.Ad-Hoc|ARM.Build.0 = Release|Any CPU
		{2EF26178-3DD8-41C8-AFC9-0ACC23F399C2}.Ad-Hoc|ARM.Deploy.0 = Release|Any CPU
		{2EF26178-3DD8-41C8-AFC9-0ACC23F399C2}.Ad-Hoc|iPhone.ActiveCfg = Release|Any CPU
		{2EF26178-3DD8-41C8-AFC9-0ACC23F399C2}.Ad-Hoc|iPhone.Build.0 = Release|Any CPU
		{2EF26178-3DD8-41C8-AFC9-0ACC23F399C2}.Ad-Hoc|iPhone.Deploy.0 = Release|Any CPU
		{2EF26178-3DD8-41C8-AFC9-0ACC23F399C2}.Ad-Hoc|iPhoneSimulator.ActiveCfg = Release|Any CPU
		{2EF26178-3DD8-41C8-AFC9-0ACC23F399C2}.Ad-Hoc|iPhoneSimulator.Build.0 = Release|Any CPU
		{2EF26178-3DD8-41C8-AFC9-0ACC23F399C2}.Ad-Hoc|iPhoneSimulator.Deploy.0 = Release|Any CPU
		{2EF26178-3DD8-41C8-AFC9-0ACC23F399C2}.Ad-Hoc|x64.ActiveCfg = Release|Any CPU
		{2EF26178-3DD8-41C8-AFC9-0ACC23F399C2}.Ad-Hoc|x64.Build.0 = Release|Any CPU
		{2EF26178-3DD8-41C8-AFC9-0ACC23F399C2}.Ad-Hoc|x64.Deploy.0 = Release|Any CPU
		{2EF26178-3DD8-41C8-AFC9-0ACC23F399C2}.Ad-Hoc|x86.ActiveCfg = Release|Any CPU
		{2EF26178-3DD8-41C8-AFC9-0ACC23F399C2}.Ad-Hoc|x86.Build.0 = Release|Any CPU
		{2EF26178-3DD8-41C8-AFC9-0ACC23F399C2}.Ad-Hoc|x86.Deploy.0 = Release|Any CPU
		{2EF26178-3DD8-41C8-AFC9-0ACC23F399C2}.AppStore|Any CPU.ActiveCfg = Release|Any CPU
		{2EF26178-3DD8-41C8-AFC9-0ACC23F399C2}.AppStore|Any CPU.Build.0 = Release|Any CPU
		{2EF26178-3DD8-41C8-AFC9-0ACC23F399C2}.AppStore|Any CPU.Deploy.0 = Release|Any CPU
		{2EF26178-3DD8-41C8-AFC9-0ACC23F399C2}.AppStore|ARM.ActiveCfg = Release|Any CPU
		{2EF26178-3DD8-41C8-AFC9-0ACC23F399C2}.AppStore|ARM.Build.0 = Release|Any CPU
		{2EF26178-3DD8-41C8-AFC9-0ACC23F399C2}.AppStore|ARM.Deploy.0 = Release|Any CPU
		{2EF26178-3DD8-41C8-AFC9-0ACC23F399C2}.AppStore|iPhone.ActiveCfg = Release|Any CPU
		{2EF26178-3DD8-41C8-AFC9-0ACC23F399C2}.AppStore|iPhone.Build.0 = Release|Any CPU
		{2EF26178-3DD8-41C8-AFC9-0ACC23F399C2}.AppStore|iPhone.Deploy.0 = Release|Any CPU
		{2EF26178-3DD8-41C8-AFC9-0ACC23F399C2}.AppStore|iPhoneSimulator.ActiveCfg = Release|Any CPU
		{2EF26178-3DD8-41C8-AFC9-0ACC23F399C2}.AppStore|iPhoneSimulator.Build.0 = Release|Any CPU
		{2EF26178-3DD8-41C8-AFC9-0ACC23F399C2}.AppStore|iPhoneSimulator.Deploy.0 = Release|Any CPU
		{2EF26178-3DD8-41C8-AFC9-0ACC23F399C2}.AppStore|x64.ActiveCfg = Release|Any CPU
		{2EF26178-3DD8-41C8-AFC9-0ACC23F399C2}.AppStore|x64.Build.0 = Release|Any CPU
		{2EF26178-3DD8-41C8-AFC9-0ACC23F399C2}.AppStore|x64.Deploy.0 = Release|Any CPU
		{2EF26178-3DD8-41C8-AFC9-0ACC23F399C2}.AppStore|x86.ActiveCfg = Release|Any CPU
		{2EF26178-3DD8-41C8-AFC9-0ACC23F399C2}.AppStore|x86.Build.0 = Release|Any CPU
		{2EF26178-3DD8-41C8-AFC9-0ACC23F399C2}.AppStore|x86.Deploy.0 = Release|Any CPU
		{2EF26178-3DD8-41C8-AFC9-0ACC23F399C2}.Debug|Any CPU.ActiveCfg = Debug|Any CPU
		{2EF26178-3DD8-41C8-AFC9-0ACC23F399C2}.Debug|Any CPU.Build.0 = Debug|Any CPU
		{2EF26178-3DD8-41C8-AFC9-0ACC23F399C2}.Debug|Any CPU.Deploy.0 = Debug|Any CPU
		{2EF26178-3DD8-41C8-AFC9-0ACC23F399C2}.Debug|ARM.ActiveCfg = Debug|Any CPU
		{2EF26178-3DD8-41C8-AFC9-0ACC23F399C2}.Debug|ARM.Build.0 = Debug|Any CPU
		{2EF26178-3DD8-41C8-AFC9-0ACC23F399C2}.Debug|ARM.Deploy.0 = Debug|Any CPU
		{2EF26178-3DD8-41C8-AFC9-0ACC23F399C2}.Debug|iPhone.ActiveCfg = Debug|Any CPU
		{2EF26178-3DD8-41C8-AFC9-0ACC23F399C2}.Debug|iPhone.Build.0 = Debug|Any CPU
		{2EF26178-3DD8-41C8-AFC9-0ACC23F399C2}.Debug|iPhone.Deploy.0 = Debug|Any CPU
		{2EF26178-3DD8-41C8-AFC9-0ACC23F399C2}.Debug|iPhoneSimulator.ActiveCfg = Debug|Any CPU
		{2EF26178-3DD8-41C8-AFC9-0ACC23F399C2}.Debug|iPhoneSimulator.Build.0 = Debug|Any CPU
		{2EF26178-3DD8-41C8-AFC9-0ACC23F399C2}.Debug|iPhoneSimulator.Deploy.0 = Debug|Any CPU
		{2EF26178-3DD8-41C8-AFC9-0ACC23F399C2}.Debug|x64.ActiveCfg = Debug|Any CPU
		{2EF26178-3DD8-41C8-AFC9-0ACC23F399C2}.Debug|x64.Build.0 = Debug|Any CPU
		{2EF26178-3DD8-41C8-AFC9-0ACC23F399C2}.Debug|x64.Deploy.0 = Debug|Any CPU
		{2EF26178-3DD8-41C8-AFC9-0ACC23F399C2}.Debug|x86.ActiveCfg = Debug|Any CPU
		{2EF26178-3DD8-41C8-AFC9-0ACC23F399C2}.Debug|x86.Build.0 = Debug|Any CPU
		{2EF26178-3DD8-41C8-AFC9-0ACC23F399C2}.Debug|x86.Deploy.0 = Debug|Any CPU
		{2EF26178-3DD8-41C8-AFC9-0ACC23F399C2}.Release|Any CPU.ActiveCfg = Release|Any CPU
		{2EF26178-3DD8-41C8-AFC9-0ACC23F399C2}.Release|Any CPU.Build.0 = Release|Any CPU
		{2EF26178-3DD8-41C8-AFC9-0ACC23F399C2}.Release|Any CPU.Deploy.0 = Release|Any CPU
		{2EF26178-3DD8-41C8-AFC9-0ACC23F399C2}.Release|ARM.ActiveCfg = Release|Any CPU
		{2EF26178-3DD8-41C8-AFC9-0ACC23F399C2}.Release|ARM.Build.0 = Release|Any CPU
		{2EF26178-3DD8-41C8-AFC9-0ACC23F399C2}.Release|ARM.Deploy.0 = Release|Any CPU
		{2EF26178-3DD8-41C8-AFC9-0ACC23F399C2}.Release|iPhone.ActiveCfg = Release|Any CPU
		{2EF26178-3DD8-41C8-AFC9-0ACC23F399C2}.Release|iPhone.Build.0 = Release|Any CPU
		{2EF26178-3DD8-41C8-AFC9-0ACC23F399C2}.Release|iPhone.Deploy.0 = Release|Any CPU
		{2EF26178-3DD8-41C8-AFC9-0ACC23F399C2}.Release|iPhoneSimulator.ActiveCfg = Release|Any CPU
		{2EF26178-3DD8-41C8-AFC9-0ACC23F399C2}.Release|iPhoneSimulator.Build.0 = Release|Any CPU
		{2EF26178-3DD8-41C8-AFC9-0ACC23F399C2}.Release|iPhoneSimulator.Deploy.0 = Release|Any CPU
		{2EF26178-3DD8-41C8-AFC9-0ACC23F399C2}.Release|x64.ActiveCfg = Release|Any CPU
		{2EF26178-3DD8-41C8-AFC9-0ACC23F399C2}.Release|x64.Build.0 = Release|Any CPU
		{2EF26178-3DD8-41C8-AFC9-0ACC23F399C2}.Release|x64.Deploy.0 = Release|Any CPU
		{2EF26178-3DD8-41C8-AFC9-0ACC23F399C2}.Release|x86.ActiveCfg = Release|Any CPU
		{2EF26178-3DD8-41C8-AFC9-0ACC23F399C2}.Release|x86.Build.0 = Release|Any CPU
		{2EF26178-3DD8-41C8-AFC9-0ACC23F399C2}.Release|x86.Deploy.0 = Release|Any CPU
		{849F12D5-A55B-471A-93C8-07F8E18E615B}.Ad-Hoc|Any CPU.ActiveCfg = Ad-Hoc|iPhone
		{849F12D5-A55B-471A-93C8-07F8E18E615B}.Ad-Hoc|Any CPU.Build.0 = Ad-Hoc|iPhone
		{849F12D5-A55B-471A-93C8-07F8E18E615B}.Ad-Hoc|Any CPU.Deploy.0 = Ad-Hoc|iPhone
		{849F12D5-A55B-471A-93C8-07F8E18E615B}.Ad-Hoc|ARM.ActiveCfg = Ad-Hoc|iPhone
		{849F12D5-A55B-471A-93C8-07F8E18E615B}.Ad-Hoc|ARM.Build.0 = Ad-Hoc|iPhone
		{849F12D5-A55B-471A-93C8-07F8E18E615B}.Ad-Hoc|ARM.Deploy.0 = Ad-Hoc|iPhone
		{849F12D5-A55B-471A-93C8-07F8E18E615B}.Ad-Hoc|iPhone.ActiveCfg = Ad-Hoc|iPhone
		{849F12D5-A55B-471A-93C8-07F8E18E615B}.Ad-Hoc|iPhone.Build.0 = Ad-Hoc|iPhone
		{849F12D5-A55B-471A-93C8-07F8E18E615B}.Ad-Hoc|iPhone.Deploy.0 = Ad-Hoc|iPhone
		{849F12D5-A55B-471A-93C8-07F8E18E615B}.Ad-Hoc|iPhoneSimulator.ActiveCfg = Ad-Hoc|iPhoneSimulator
		{849F12D5-A55B-471A-93C8-07F8E18E615B}.Ad-Hoc|iPhoneSimulator.Build.0 = Ad-Hoc|iPhoneSimulator
		{849F12D5-A55B-471A-93C8-07F8E18E615B}.Ad-Hoc|iPhoneSimulator.Deploy.0 = Ad-Hoc|iPhoneSimulator
		{849F12D5-A55B-471A-93C8-07F8E18E615B}.Ad-Hoc|x64.ActiveCfg = Ad-Hoc|iPhone
		{849F12D5-A55B-471A-93C8-07F8E18E615B}.Ad-Hoc|x64.Build.0 = Ad-Hoc|iPhone
		{849F12D5-A55B-471A-93C8-07F8E18E615B}.Ad-Hoc|x64.Deploy.0 = Ad-Hoc|iPhone
		{849F12D5-A55B-471A-93C8-07F8E18E615B}.Ad-Hoc|x86.ActiveCfg = Ad-Hoc|iPhone
		{849F12D5-A55B-471A-93C8-07F8E18E615B}.Ad-Hoc|x86.Build.0 = Ad-Hoc|iPhone
		{849F12D5-A55B-471A-93C8-07F8E18E615B}.Ad-Hoc|x86.Deploy.0 = Ad-Hoc|iPhone
		{849F12D5-A55B-471A-93C8-07F8E18E615B}.AppStore|Any CPU.ActiveCfg = AppStore|iPhone
		{849F12D5-A55B-471A-93C8-07F8E18E615B}.AppStore|Any CPU.Build.0 = AppStore|iPhone
		{849F12D5-A55B-471A-93C8-07F8E18E615B}.AppStore|Any CPU.Deploy.0 = AppStore|iPhone
		{849F12D5-A55B-471A-93C8-07F8E18E615B}.AppStore|ARM.ActiveCfg = AppStore|iPhone
		{849F12D5-A55B-471A-93C8-07F8E18E615B}.AppStore|ARM.Build.0 = AppStore|iPhone
		{849F12D5-A55B-471A-93C8-07F8E18E615B}.AppStore|ARM.Deploy.0 = AppStore|iPhone
		{849F12D5-A55B-471A-93C8-07F8E18E615B}.AppStore|iPhone.ActiveCfg = AppStore|iPhone
		{849F12D5-A55B-471A-93C8-07F8E18E615B}.AppStore|iPhone.Build.0 = AppStore|iPhone
		{849F12D5-A55B-471A-93C8-07F8E18E615B}.AppStore|iPhone.Deploy.0 = AppStore|iPhone
		{849F12D5-A55B-471A-93C8-07F8E18E615B}.AppStore|iPhoneSimulator.ActiveCfg = AppStore|iPhoneSimulator
		{849F12D5-A55B-471A-93C8-07F8E18E615B}.AppStore|iPhoneSimulator.Build.0 = AppStore|iPhoneSimulator
		{849F12D5-A55B-471A-93C8-07F8E18E615B}.AppStore|iPhoneSimulator.Deploy.0 = AppStore|iPhoneSimulator
		{849F12D5-A55B-471A-93C8-07F8E18E615B}.AppStore|x64.ActiveCfg = AppStore|iPhone
		{849F12D5-A55B-471A-93C8-07F8E18E615B}.AppStore|x64.Build.0 = AppStore|iPhone
		{849F12D5-A55B-471A-93C8-07F8E18E615B}.AppStore|x64.Deploy.0 = AppStore|iPhone
		{849F12D5-A55B-471A-93C8-07F8E18E615B}.AppStore|x86.ActiveCfg = AppStore|iPhone
		{849F12D5-A55B-471A-93C8-07F8E18E615B}.AppStore|x86.Build.0 = AppStore|iPhone
		{849F12D5-A55B-471A-93C8-07F8E18E615B}.AppStore|x86.Deploy.0 = AppStore|iPhone
		{849F12D5-A55B-471A-93C8-07F8E18E615B}.Debug|Any CPU.ActiveCfg = Debug|iPhoneSimulator
		{849F12D5-A55B-471A-93C8-07F8E18E615B}.Debug|Any CPU.Build.0 = Debug|iPhoneSimulator
		{849F12D5-A55B-471A-93C8-07F8E18E615B}.Debug|Any CPU.Deploy.0 = Debug|iPhoneSimulator
		{849F12D5-A55B-471A-93C8-07F8E18E615B}.Debug|ARM.ActiveCfg = Debug|iPhone
		{849F12D5-A55B-471A-93C8-07F8E18E615B}.Debug|ARM.Build.0 = Debug|iPhone
		{849F12D5-A55B-471A-93C8-07F8E18E615B}.Debug|ARM.Deploy.0 = Debug|iPhone
		{849F12D5-A55B-471A-93C8-07F8E18E615B}.Debug|iPhone.ActiveCfg = Debug|iPhone
		{849F12D5-A55B-471A-93C8-07F8E18E615B}.Debug|iPhone.Build.0 = Debug|iPhone
		{849F12D5-A55B-471A-93C8-07F8E18E615B}.Debug|iPhone.Deploy.0 = Debug|iPhone
		{849F12D5-A55B-471A-93C8-07F8E18E615B}.Debug|iPhoneSimulator.ActiveCfg = Debug|iPhoneSimulator
		{849F12D5-A55B-471A-93C8-07F8E18E615B}.Debug|iPhoneSimulator.Build.0 = Debug|iPhoneSimulator
		{849F12D5-A55B-471A-93C8-07F8E18E615B}.Debug|iPhoneSimulator.Deploy.0 = Debug|iPhoneSimulator
		{849F12D5-A55B-471A-93C8-07F8E18E615B}.Debug|x64.ActiveCfg = Debug|iPhone
		{849F12D5-A55B-471A-93C8-07F8E18E615B}.Debug|x64.Build.0 = Debug|iPhone
		{849F12D5-A55B-471A-93C8-07F8E18E615B}.Debug|x64.Deploy.0 = Debug|iPhone
		{849F12D5-A55B-471A-93C8-07F8E18E615B}.Debug|x86.ActiveCfg = Debug|iPhone
		{849F12D5-A55B-471A-93C8-07F8E18E615B}.Debug|x86.Build.0 = Debug|iPhone
		{849F12D5-A55B-471A-93C8-07F8E18E615B}.Debug|x86.Deploy.0 = Debug|iPhone
		{849F12D5-A55B-471A-93C8-07F8E18E615B}.Release|Any CPU.ActiveCfg = Release|iPhone
		{849F12D5-A55B-471A-93C8-07F8E18E615B}.Release|Any CPU.Build.0 = Release|iPhone
		{849F12D5-A55B-471A-93C8-07F8E18E615B}.Release|Any CPU.Deploy.0 = Release|iPhone
		{849F12D5-A55B-471A-93C8-07F8E18E615B}.Release|ARM.ActiveCfg = Release|iPhone
		{849F12D5-A55B-471A-93C8-07F8E18E615B}.Release|ARM.Build.0 = Release|iPhone
		{849F12D5-A55B-471A-93C8-07F8E18E615B}.Release|ARM.Deploy.0 = Release|iPhone
		{849F12D5-A55B-471A-93C8-07F8E18E615B}.Release|iPhone.ActiveCfg = Release|iPhone
		{849F12D5-A55B-471A-93C8-07F8E18E615B}.Release|iPhone.Build.0 = Release|iPhone
		{849F12D5-A55B-471A-93C8-07F8E18E615B}.Release|iPhone.Deploy.0 = Release|iPhone
		{849F12D5-A55B-471A-93C8-07F8E18E615B}.Release|iPhoneSimulator.ActiveCfg = Release|iPhoneSimulator
		{849F12D5-A55B-471A-93C8-07F8E18E615B}.Release|iPhoneSimulator.Build.0 = Release|iPhoneSimulator
		{849F12D5-A55B-471A-93C8-07F8E18E615B}.Release|iPhoneSimulator.Deploy.0 = Release|iPhoneSimulator
		{849F12D5-A55B-471A-93C8-07F8E18E615B}.Release|x64.ActiveCfg = Release|iPhone
		{849F12D5-A55B-471A-93C8-07F8E18E615B}.Release|x64.Build.0 = Release|iPhone
		{849F12D5-A55B-471A-93C8-07F8E18E615B}.Release|x64.Deploy.0 = Release|iPhone
		{849F12D5-A55B-471A-93C8-07F8E18E615B}.Release|x86.ActiveCfg = Release|iPhone
		{849F12D5-A55B-471A-93C8-07F8E18E615B}.Release|x86.Build.0 = Release|iPhone
		{849F12D5-A55B-471A-93C8-07F8E18E615B}.Release|x86.Deploy.0 = Release|iPhone
		{78A1251E-B85D-44EA-914E-B391BDC09E6A}.Ad-Hoc|Any CPU.ActiveCfg = Release|x86
		{78A1251E-B85D-44EA-914E-B391BDC09E6A}.Ad-Hoc|Any CPU.Build.0 = Release|x86
		{78A1251E-B85D-44EA-914E-B391BDC09E6A}.Ad-Hoc|Any CPU.Deploy.0 = Release|x86
		{78A1251E-B85D-44EA-914E-B391BDC09E6A}.Ad-Hoc|ARM.ActiveCfg = Release|ARM
		{78A1251E-B85D-44EA-914E-B391BDC09E6A}.Ad-Hoc|ARM.Build.0 = Release|ARM
		{78A1251E-B85D-44EA-914E-B391BDC09E6A}.Ad-Hoc|ARM.Deploy.0 = Release|ARM
		{78A1251E-B85D-44EA-914E-B391BDC09E6A}.Ad-Hoc|iPhone.ActiveCfg = Release|x86
		{78A1251E-B85D-44EA-914E-B391BDC09E6A}.Ad-Hoc|iPhone.Build.0 = Release|x86
		{78A1251E-B85D-44EA-914E-B391BDC09E6A}.Ad-Hoc|iPhone.Deploy.0 = Release|x86
		{78A1251E-B85D-44EA-914E-B391BDC09E6A}.Ad-Hoc|iPhoneSimulator.ActiveCfg = Release|x86
		{78A1251E-B85D-44EA-914E-B391BDC09E6A}.Ad-Hoc|iPhoneSimulator.Build.0 = Release|x86
		{78A1251E-B85D-44EA-914E-B391BDC09E6A}.Ad-Hoc|iPhoneSimulator.Deploy.0 = Release|x86
		{78A1251E-B85D-44EA-914E-B391BDC09E6A}.Ad-Hoc|x64.ActiveCfg = Release|x64
		{78A1251E-B85D-44EA-914E-B391BDC09E6A}.Ad-Hoc|x64.Build.0 = Release|x64
		{78A1251E-B85D-44EA-914E-B391BDC09E6A}.Ad-Hoc|x64.Deploy.0 = Release|x64
		{78A1251E-B85D-44EA-914E-B391BDC09E6A}.Ad-Hoc|x86.ActiveCfg = Release|x86
		{78A1251E-B85D-44EA-914E-B391BDC09E6A}.Ad-Hoc|x86.Build.0 = Release|x86
		{78A1251E-B85D-44EA-914E-B391BDC09E6A}.Ad-Hoc|x86.Deploy.0 = Release|x86
		{78A1251E-B85D-44EA-914E-B391BDC09E6A}.AppStore|Any CPU.ActiveCfg = Release|x86
		{78A1251E-B85D-44EA-914E-B391BDC09E6A}.AppStore|Any CPU.Build.0 = Release|x86
		{78A1251E-B85D-44EA-914E-B391BDC09E6A}.AppStore|Any CPU.Deploy.0 = Release|x86
		{78A1251E-B85D-44EA-914E-B391BDC09E6A}.AppStore|ARM.ActiveCfg = Release|ARM
		{78A1251E-B85D-44EA-914E-B391BDC09E6A}.AppStore|ARM.Build.0 = Release|ARM
		{78A1251E-B85D-44EA-914E-B391BDC09E6A}.AppStore|ARM.Deploy.0 = Release|ARM
		{78A1251E-B85D-44EA-914E-B391BDC09E6A}.AppStore|iPhone.ActiveCfg = Release|x86
		{78A1251E-B85D-44EA-914E-B391BDC09E6A}.AppStore|iPhone.Build.0 = Release|x86
		{78A1251E-B85D-44EA-914E-B391BDC09E6A}.AppStore|iPhone.Deploy.0 = Release|x86
		{78A1251E-B85D-44EA-914E-B391BDC09E6A}.AppStore|iPhoneSimulator.ActiveCfg = Release|x86
		{78A1251E-B85D-44EA-914E-B391BDC09E6A}.AppStore|iPhoneSimulator.Build.0 = Release|x86
		{78A1251E-B85D-44EA-914E-B391BDC09E6A}.AppStore|iPhoneSimulator.Deploy.0 = Release|x86
		{78A1251E-B85D-44EA-914E-B391BDC09E6A}.AppStore|x64.ActiveCfg = Release|x64
		{78A1251E-B85D-44EA-914E-B391BDC09E6A}.AppStore|x64.Build.0 = Release|x64
		{78A1251E-B85D-44EA-914E-B391BDC09E6A}.AppStore|x64.Deploy.0 = Release|x64
		{78A1251E-B85D-44EA-914E-B391BDC09E6A}.AppStore|x86.ActiveCfg = Release|x86
		{78A1251E-B85D-44EA-914E-B391BDC09E6A}.AppStore|x86.Build.0 = Release|x86
		{78A1251E-B85D-44EA-914E-B391BDC09E6A}.AppStore|x86.Deploy.0 = Release|x86
		{78A1251E-B85D-44EA-914E-B391BDC09E6A}.Debug|Any CPU.ActiveCfg = Debug|x86
		{78A1251E-B85D-44EA-914E-B391BDC09E6A}.Debug|Any CPU.Build.0 = Debug|x86
		{78A1251E-B85D-44EA-914E-B391BDC09E6A}.Debug|Any CPU.Deploy.0 = Debug|x86
		{78A1251E-B85D-44EA-914E-B391BDC09E6A}.Debug|ARM.ActiveCfg = Debug|ARM
		{78A1251E-B85D-44EA-914E-B391BDC09E6A}.Debug|ARM.Build.0 = Debug|ARM
		{78A1251E-B85D-44EA-914E-B391BDC09E6A}.Debug|ARM.Deploy.0 = Debug|ARM
		{78A1251E-B85D-44EA-914E-B391BDC09E6A}.Debug|iPhone.ActiveCfg = Debug|x86
		{78A1251E-B85D-44EA-914E-B391BDC09E6A}.Debug|iPhone.Build.0 = Debug|x86
		{78A1251E-B85D-44EA-914E-B391BDC09E6A}.Debug|iPhone.Deploy.0 = Debug|x86
		{78A1251E-B85D-44EA-914E-B391BDC09E6A}.Debug|iPhoneSimulator.ActiveCfg = Debug|x86
		{78A1251E-B85D-44EA-914E-B391BDC09E6A}.Debug|iPhoneSimulator.Build.0 = Debug|x86
		{78A1251E-B85D-44EA-914E-B391BDC09E6A}.Debug|iPhoneSimulator.Deploy.0 = Debug|x86
		{78A1251E-B85D-44EA-914E-B391BDC09E6A}.Debug|x64.ActiveCfg = Debug|x64
		{78A1251E-B85D-44EA-914E-B391BDC09E6A}.Debug|x64.Build.0 = Debug|x64
		{78A1251E-B85D-44EA-914E-B391BDC09E6A}.Debug|x64.Deploy.0 = Debug|x64
		{78A1251E-B85D-44EA-914E-B391BDC09E6A}.Debug|x86.ActiveCfg = Debug|x86
		{78A1251E-B85D-44EA-914E-B391BDC09E6A}.Debug|x86.Build.0 = Debug|x86
		{78A1251E-B85D-44EA-914E-B391BDC09E6A}.Debug|x86.Deploy.0 = Debug|x86
		{78A1251E-B85D-44EA-914E-B391BDC09E6A}.Release|Any CPU.ActiveCfg = Release|x86
		{78A1251E-B85D-44EA-914E-B391BDC09E6A}.Release|Any CPU.Build.0 = Release|x86
		{78A1251E-B85D-44EA-914E-B391BDC09E6A}.Release|Any CPU.Deploy.0 = Release|x86
		{78A1251E-B85D-44EA-914E-B391BDC09E6A}.Release|ARM.ActiveCfg = Release|ARM
		{78A1251E-B85D-44EA-914E-B391BDC09E6A}.Release|ARM.Build.0 = Release|ARM
		{78A1251E-B85D-44EA-914E-B391BDC09E6A}.Release|ARM.Deploy.0 = Release|ARM
		{78A1251E-B85D-44EA-914E-B391BDC09E6A}.Release|iPhone.ActiveCfg = Release|x86
		{78A1251E-B85D-44EA-914E-B391BDC09E6A}.Release|iPhone.Build.0 = Release|x86
		{78A1251E-B85D-44EA-914E-B391BDC09E6A}.Release|iPhone.Deploy.0 = Release|x86
		{78A1251E-B85D-44EA-914E-B391BDC09E6A}.Release|iPhoneSimulator.ActiveCfg = Release|x86
		{78A1251E-B85D-44EA-914E-B391BDC09E6A}.Release|iPhoneSimulator.Build.0 = Release|x86
		{78A1251E-B85D-44EA-914E-B391BDC09E6A}.Release|iPhoneSimulator.Deploy.0 = Release|x86
		{78A1251E-B85D-44EA-914E-B391BDC09E6A}.Release|x64.ActiveCfg = Release|x64
		{78A1251E-B85D-44EA-914E-B391BDC09E6A}.Release|x64.Build.0 = Release|x64
		{78A1251E-B85D-44EA-914E-B391BDC09E6A}.Release|x64.Deploy.0 = Release|x64
		{78A1251E-B85D-44EA-914E-B391BDC09E6A}.Release|x86.ActiveCfg = Release|x86
		{78A1251E-B85D-44EA-914E-B391BDC09E6A}.Release|x86.Build.0 = Release|x86
		{78A1251E-B85D-44EA-914E-B391BDC09E6A}.Release|x86.Deploy.0 = Release|x86
		{9ABF8E92-4A8D-4ACC-A45B-7017EBB4CA05}.Ad-Hoc|Any CPU.ActiveCfg = Debug|Any CPU
		{9ABF8E92-4A8D-4ACC-A45B-7017EBB4CA05}.Ad-Hoc|Any CPU.Build.0 = Debug|Any CPU
		{9ABF8E92-4A8D-4ACC-A45B-7017EBB4CA05}.Ad-Hoc|Any CPU.Deploy.0 = Debug|Any CPU
		{9ABF8E92-4A8D-4ACC-A45B-7017EBB4CA05}.Ad-Hoc|ARM.ActiveCfg = Debug|Any CPU
		{9ABF8E92-4A8D-4ACC-A45B-7017EBB4CA05}.Ad-Hoc|ARM.Build.0 = Debug|Any CPU
		{9ABF8E92-4A8D-4ACC-A45B-7017EBB4CA05}.Ad-Hoc|ARM.Deploy.0 = Debug|Any CPU
		{9ABF8E92-4A8D-4ACC-A45B-7017EBB4CA05}.Ad-Hoc|iPhone.ActiveCfg = Debug|Any CPU
		{9ABF8E92-4A8D-4ACC-A45B-7017EBB4CA05}.Ad-Hoc|iPhone.Build.0 = Debug|Any CPU
		{9ABF8E92-4A8D-4ACC-A45B-7017EBB4CA05}.Ad-Hoc|iPhone.Deploy.0 = Debug|Any CPU
		{9ABF8E92-4A8D-4ACC-A45B-7017EBB4CA05}.Ad-Hoc|iPhoneSimulator.ActiveCfg = Debug|Any CPU
		{9ABF8E92-4A8D-4ACC-A45B-7017EBB4CA05}.Ad-Hoc|iPhoneSimulator.Build.0 = Debug|Any CPU
		{9ABF8E92-4A8D-4ACC-A45B-7017EBB4CA05}.Ad-Hoc|iPhoneSimulator.Deploy.0 = Debug|Any CPU
		{9ABF8E92-4A8D-4ACC-A45B-7017EBB4CA05}.Ad-Hoc|x64.ActiveCfg = Debug|Any CPU
		{9ABF8E92-4A8D-4ACC-A45B-7017EBB4CA05}.Ad-Hoc|x64.Build.0 = Debug|Any CPU
		{9ABF8E92-4A8D-4ACC-A45B-7017EBB4CA05}.Ad-Hoc|x64.Deploy.0 = Debug|Any CPU
		{9ABF8E92-4A8D-4ACC-A45B-7017EBB4CA05}.Ad-Hoc|x86.ActiveCfg = Debug|Any CPU
		{9ABF8E92-4A8D-4ACC-A45B-7017EBB4CA05}.Ad-Hoc|x86.Build.0 = Debug|Any CPU
		{9ABF8E92-4A8D-4ACC-A45B-7017EBB4CA05}.Ad-Hoc|x86.Deploy.0 = Debug|Any CPU
		{9ABF8E92-4A8D-4ACC-A45B-7017EBB4CA05}.AppStore|Any CPU.ActiveCfg = Debug|Any CPU
		{9ABF8E92-4A8D-4ACC-A45B-7017EBB4CA05}.AppStore|Any CPU.Build.0 = Debug|Any CPU
		{9ABF8E92-4A8D-4ACC-A45B-7017EBB4CA05}.AppStore|Any CPU.Deploy.0 = Debug|Any CPU
		{9ABF8E92-4A8D-4ACC-A45B-7017EBB4CA05}.AppStore|ARM.ActiveCfg = Debug|Any CPU
		{9ABF8E92-4A8D-4ACC-A45B-7017EBB4CA05}.AppStore|ARM.Build.0 = Debug|Any CPU
		{9ABF8E92-4A8D-4ACC-A45B-7017EBB4CA05}.AppStore|ARM.Deploy.0 = Debug|Any CPU
		{9ABF8E92-4A8D-4ACC-A45B-7017EBB4CA05}.AppStore|iPhone.ActiveCfg = Debug|Any CPU
		{9ABF8E92-4A8D-4ACC-A45B-7017EBB4CA05}.AppStore|iPhone.Build.0 = Debug|Any CPU
		{9ABF8E92-4A8D-4ACC-A45B-7017EBB4CA05}.AppStore|iPhone.Deploy.0 = Debug|Any CPU
		{9ABF8E92-4A8D-4ACC-A45B-7017EBB4CA05}.AppStore|iPhoneSimulator.ActiveCfg = Debug|Any CPU
		{9ABF8E92-4A8D-4ACC-A45B-7017EBB4CA05}.AppStore|iPhoneSimulator.Build.0 = Debug|Any CPU
		{9ABF8E92-4A8D-4ACC-A45B-7017EBB4CA05}.AppStore|iPhoneSimulator.Deploy.0 = Debug|Any CPU
		{9ABF8E92-4A8D-4ACC-A45B-7017EBB4CA05}.AppStore|x64.ActiveCfg = Debug|Any CPU
		{9ABF8E92-4A8D-4ACC-A45B-7017EBB4CA05}.AppStore|x64.Build.0 = Debug|Any CPU
		{9ABF8E92-4A8D-4ACC-A45B-7017EBB4CA05}.AppStore|x64.Deploy.0 = Debug|Any CPU
		{9ABF8E92-4A8D-4ACC-A45B-7017EBB4CA05}.AppStore|x86.ActiveCfg = Debug|Any CPU
		{9ABF8E92-4A8D-4ACC-A45B-7017EBB4CA05}.AppStore|x86.Build.0 = Debug|Any CPU
		{9ABF8E92-4A8D-4ACC-A45B-7017EBB4CA05}.AppStore|x86.Deploy.0 = Debug|Any CPU
		{9ABF8E92-4A8D-4ACC-A45B-7017EBB4CA05}.Debug|Any CPU.ActiveCfg = Debug|Any CPU
		{9ABF8E92-4A8D-4ACC-A45B-7017EBB4CA05}.Debug|Any CPU.Build.0 = Debug|Any CPU
		{9ABF8E92-4A8D-4ACC-A45B-7017EBB4CA05}.Debug|Any CPU.Deploy.0 = Debug|Any CPU
		{9ABF8E92-4A8D-4ACC-A45B-7017EBB4CA05}.Debug|ARM.ActiveCfg = Debug|Any CPU
		{9ABF8E92-4A8D-4ACC-A45B-7017EBB4CA05}.Debug|ARM.Build.0 = Debug|Any CPU
		{9ABF8E92-4A8D-4ACC-A45B-7017EBB4CA05}.Debug|ARM.Deploy.0 = Debug|Any CPU
		{9ABF8E92-4A8D-4ACC-A45B-7017EBB4CA05}.Debug|iPhone.ActiveCfg = Debug|Any CPU
		{9ABF8E92-4A8D-4ACC-A45B-7017EBB4CA05}.Debug|iPhone.Build.0 = Debug|Any CPU
		{9ABF8E92-4A8D-4ACC-A45B-7017EBB4CA05}.Debug|iPhone.Deploy.0 = Debug|Any CPU
		{9ABF8E92-4A8D-4ACC-A45B-7017EBB4CA05}.Debug|iPhoneSimulator.ActiveCfg = Debug|Any CPU
		{9ABF8E92-4A8D-4ACC-A45B-7017EBB4CA05}.Debug|iPhoneSimulator.Build.0 = Debug|Any CPU
		{9ABF8E92-4A8D-4ACC-A45B-7017EBB4CA05}.Debug|iPhoneSimulator.Deploy.0 = Debug|Any CPU
		{9ABF8E92-4A8D-4ACC-A45B-7017EBB4CA05}.Debug|x64.ActiveCfg = Debug|Any CPU
		{9ABF8E92-4A8D-4ACC-A45B-7017EBB4CA05}.Debug|x64.Build.0 = Debug|Any CPU
		{9ABF8E92-4A8D-4ACC-A45B-7017EBB4CA05}.Debug|x64.Deploy.0 = Debug|Any CPU
		{9ABF8E92-4A8D-4ACC-A45B-7017EBB4CA05}.Debug|x86.ActiveCfg = Debug|Any CPU
		{9ABF8E92-4A8D-4ACC-A45B-7017EBB4CA05}.Debug|x86.Build.0 = Debug|Any CPU
		{9ABF8E92-4A8D-4ACC-A45B-7017EBB4CA05}.Debug|x86.Deploy.0 = Debug|Any CPU
		{9ABF8E92-4A8D-4ACC-A45B-7017EBB4CA05}.Release|Any CPU.ActiveCfg = Release|Any CPU
		{9ABF8E92-4A8D-4ACC-A45B-7017EBB4CA05}.Release|Any CPU.Build.0 = Release|Any CPU
		{9ABF8E92-4A8D-4ACC-A45B-7017EBB4CA05}.Release|Any CPU.Deploy.0 = Release|Any CPU
		{9ABF8E92-4A8D-4ACC-A45B-7017EBB4CA05}.Release|ARM.ActiveCfg = Release|Any CPU
		{9ABF8E92-4A8D-4ACC-A45B-7017EBB4CA05}.Release|ARM.Build.0 = Release|Any CPU
		{9ABF8E92-4A8D-4ACC-A45B-7017EBB4CA05}.Release|ARM.Deploy.0 = Release|Any CPU
		{9ABF8E92-4A8D-4ACC-A45B-7017EBB4CA05}.Release|iPhone.ActiveCfg = Release|Any CPU
		{9ABF8E92-4A8D-4ACC-A45B-7017EBB4CA05}.Release|iPhone.Build.0 = Release|Any CPU
		{9ABF8E92-4A8D-4ACC-A45B-7017EBB4CA05}.Release|iPhone.Deploy.0 = Release|Any CPU
		{9ABF8E92-4A8D-4ACC-A45B-7017EBB4CA05}.Release|iPhoneSimulator.ActiveCfg = Release|Any CPU
		{9ABF8E92-4A8D-4ACC-A45B-7017EBB4CA05}.Release|iPhoneSimulator.Build.0 = Release|Any CPU
		{9ABF8E92-4A8D-4ACC-A45B-7017EBB4CA05}.Release|iPhoneSimulator.Deploy.0 = Release|Any CPU
		{9ABF8E92-4A8D-4ACC-A45B-7017EBB4CA05}.Release|x64.ActiveCfg = Release|Any CPU
		{9ABF8E92-4A8D-4ACC-A45B-7017EBB4CA05}.Release|x64.Build.0 = Release|Any CPU
		{9ABF8E92-4A8D-4ACC-A45B-7017EBB4CA05}.Release|x64.Deploy.0 = Release|Any CPU
		{9ABF8E92-4A8D-4ACC-A45B-7017EBB4CA05}.Release|x86.ActiveCfg = Release|Any CPU
		{9ABF8E92-4A8D-4ACC-A45B-7017EBB4CA05}.Release|x86.Build.0 = Release|Any CPU
		{9ABF8E92-4A8D-4ACC-A45B-7017EBB4CA05}.Release|x86.Deploy.0 = Release|Any CPU
	EndGlobalSection
	GlobalSection(SolutionProperties) = preSolution
		HideSolutionNode = FALSE
	EndGlobalSection
	GlobalSection(ExtensibilityGlobals) = postSolution
		SolutionGuid = {2956B6E0-839D-4772-ADE7-032A730630BA}
	EndGlobalSection
EndGlobal
