
Microsoft Visual Studio Solution File, Format Version 12.00
# Visual Studio 15
VisualStudioVersion = 15.0.28307.136
MinimumVisualStudioVersion = 10.0.40219.1
Project("{9A19103F-16F7-4668-BE54-9A1E7A4F7556}") = "Rookie", "Rookie\Rookie.csproj", "{5334FABE-0F8D-472D-A271-00413AC0E4A3}"
	ProjectSection(ProjectDependencies) = postProject
		{04FBAC13-77E0-4FEC-8210-BAECA0901034} = {04FBAC13-77E0-4FEC-8210-BAECA0901034}
		{D18C23CA-067F-4342-84AA-2FE4B4DF2173} = {D18C23CA-067F-4342-84AA-2FE4B4DF2173}
	EndProjectSection
EndProject
Project("{FAE04EC0-301F-11D3-BF4B-00C04F79EFBC}") = "Rookie.Android", "Rookie.Android\Rookie.Android.csproj", "{EFE0A486-431E-4AFB-AF87-80D771E25B27}"
	ProjectSection(ProjectDependencies) = postProject
		{04FBAC13-77E0-4FEC-8210-BAECA0901034} = {04FBAC13-77E0-4FEC-8210-BAECA0901034}
		{D18C23CA-067F-4342-84AA-2FE4B4DF2173} = {D18C23CA-067F-4342-84AA-2FE4B4DF2173}
	EndProjectSection
EndProject
Project("{FAE04EC0-301F-11D3-BF4B-00C04F79EFBC}") = "Rookie.iOS", "Rookie.iOS\Rookie.iOS.csproj", "{4BF998AA-115E-4D26-A548-97A0DD115940}"
	ProjectSection(ProjectDependencies) = postProject
		{04FBAC13-77E0-4FEC-8210-BAECA0901034} = {04FBAC13-77E0-4FEC-8210-BAECA0901034}
		{D18C23CA-067F-4342-84AA-2FE4B4DF2173} = {D18C23CA-067F-4342-84AA-2FE4B4DF2173}
	EndProjectSection
EndProject
Project("{FAE04EC0-301F-11D3-BF4B-00C04F79EFBC}") = "Rookie.UWP", "Rookie.UWP\Rookie.UWP.csproj", "{7EBD81CD-D689-49AC-95C2-14647C6DF947}"
	ProjectSection(ProjectDependencies) = postProject
		{04FBAC13-77E0-4FEC-8210-BAECA0901034} = {04FBAC13-77E0-4FEC-8210-BAECA0901034}
		{D18C23CA-067F-4342-84AA-2FE4B4DF2173} = {D18C23CA-067F-4342-84AA-2FE4B4DF2173}
		{0B5041DA-67D1-4D61-B874-645BC54FFA60} = {0B5041DA-67D1-4D61-B874-645BC54FFA60}
	EndProjectSection
EndProject
Project("{9A19103F-16F7-4668-BE54-9A1E7A4F7556}") = "Dwarf", "..\Dwarf\Dwarf.csproj", "{D18C23CA-067F-4342-84AA-2FE4B4DF2173}"
EndProject
Project("{9A19103F-16F7-4668-BE54-9A1E7A4F7556}") = "Druid", "..\Druid\Druid\Druid.csproj", "{04FBAC13-77E0-4FEC-8210-BAECA0901034}"
EndProject
Project("{FAE04EC0-301F-11D3-BF4B-00C04F79EFBC}") = "Druid.UWP", "..\Druid\Druid.UWP\Druid.UWP.csproj", "{0B5041DA-67D1-4D61-B874-645BC54FFA60}"
EndProject
Global
	GlobalSection(SolutionConfigurationPlatforms) = preSolution
		Ad-Hoc|Any CPU = Ad-Hoc|Any CPU
		Ad-Hoc|ARM = Ad-Hoc|ARM
		Ad-Hoc|iPhone = Ad-Hoc|iPhone
		Ad-Hoc|iPhoneSimulator = Ad-Hoc|iPhoneSimulator
		Ad-Hoc|x64 = Ad-Hoc|x64
		Ad-Hoc|x86 = Ad-Hoc|x86
		AppStore|Any CPU = AppStore|Any CPU
		AppStore|ARM = AppStore|ARM
		AppStore|iPhone = AppStore|iPhone
		AppStore|iPhoneSimulator = AppStore|iPhoneSimulator
		AppStore|x64 = AppStore|x64
		AppStore|x86 = AppStore|x86
		Debug|Any CPU = Debug|Any CPU
		Debug|ARM = Debug|ARM
		Debug|iPhone = Debug|iPhone
		Debug|iPhoneSimulator = Debug|iPhoneSimulator
		Debug|x64 = Debug|x64
		Debug|x86 = Debug|x86
		Release|Any CPU = Release|Any CPU
		Release|ARM = Release|ARM
		Release|iPhone = Release|iPhone
		Release|iPhoneSimulator = Release|iPhoneSimulator
		Release|x64 = Release|x64
		Release|x86 = Release|x86
	EndGlobalSection
	GlobalSection(ProjectConfigurationPlatforms) = postSolution
		{5334FABE-0F8D-472D-A271-00413AC0E4A3}.Ad-Hoc|Any CPU.ActiveCfg = Debug|Any CPU
		{5334FABE-0F8D-472D-A271-00413AC0E4A3}.Ad-Hoc|Any CPU.Build.0 = Debug|Any CPU
		{5334FABE-0F8D-472D-A271-00413AC0E4A3}.Ad-Hoc|ARM.ActiveCfg = Debug|Any CPU
		{5334FABE-0F8D-472D-A271-00413AC0E4A3}.Ad-Hoc|ARM.Build.0 = Debug|Any CPU
		{5334FABE-0F8D-472D-A271-00413AC0E4A3}.Ad-Hoc|iPhone.ActiveCfg = Debug|Any CPU
		{5334FABE-0F8D-472D-A271-00413AC0E4A3}.Ad-Hoc|iPhone.Build.0 = Debug|Any CPU
		{5334FABE-0F8D-472D-A271-00413AC0E4A3}.Ad-Hoc|iPhoneSimulator.ActiveCfg = Debug|Any CPU
		{5334FABE-0F8D-472D-A271-00413AC0E4A3}.Ad-Hoc|iPhoneSimulator.Build.0 = Debug|Any CPU
		{5334FABE-0F8D-472D-A271-00413AC0E4A3}.Ad-Hoc|x64.ActiveCfg = Debug|Any CPU
		{5334FABE-0F8D-472D-A271-00413AC0E4A3}.Ad-Hoc|x64.Build.0 = Debug|Any CPU
		{5334FABE-0F8D-472D-A271-00413AC0E4A3}.Ad-Hoc|x86.ActiveCfg = Debug|Any CPU
		{5334FABE-0F8D-472D-A271-00413AC0E4A3}.Ad-Hoc|x86.Build.0 = Debug|Any CPU
		{5334FABE-0F8D-472D-A271-00413AC0E4A3}.AppStore|Any CPU.ActiveCfg = Debug|Any CPU
		{5334FABE-0F8D-472D-A271-00413AC0E4A3}.AppStore|Any CPU.Build.0 = Debug|Any CPU
		{5334FABE-0F8D-472D-A271-00413AC0E4A3}.AppStore|ARM.ActiveCfg = Debug|Any CPU
		{5334FABE-0F8D-472D-A271-00413AC0E4A3}.AppStore|ARM.Build.0 = Debug|Any CPU
		{5334FABE-0F8D-472D-A271-00413AC0E4A3}.AppStore|iPhone.ActiveCfg = Debug|Any CPU
		{5334FABE-0F8D-472D-A271-00413AC0E4A3}.AppStore|iPhone.Build.0 = Debug|Any CPU
		{5334FABE-0F8D-472D-A271-00413AC0E4A3}.AppStore|iPhoneSimulator.ActiveCfg = Debug|Any CPU
		{5334FABE-0F8D-472D-A271-00413AC0E4A3}.AppStore|iPhoneSimulator.Build.0 = Debug|Any CPU
		{5334FABE-0F8D-472D-A271-00413AC0E4A3}.AppStore|x64.ActiveCfg = Debug|Any CPU
		{5334FABE-0F8D-472D-A271-00413AC0E4A3}.AppStore|x64.Build.0 = Debug|Any CPU
		{5334FABE-0F8D-472D-A271-00413AC0E4A3}.AppStore|x86.ActiveCfg = Debug|Any CPU
		{5334FABE-0F8D-472D-A271-00413AC0E4A3}.AppStore|x86.Build.0 = Debug|Any CPU
		{5334FABE-0F8D-472D-A271-00413AC0E4A3}.Debug|Any CPU.ActiveCfg = Debug|Any CPU
		{5334FABE-0F8D-472D-A271-00413AC0E4A3}.Debug|Any CPU.Build.0 = Debug|Any CPU
		{5334FABE-0F8D-472D-A271-00413AC0E4A3}.Debug|ARM.ActiveCfg = Debug|Any CPU
		{5334FABE-0F8D-472D-A271-00413AC0E4A3}.Debug|ARM.Build.0 = Debug|Any CPU
		{5334FABE-0F8D-472D-A271-00413AC0E4A3}.Debug|iPhone.ActiveCfg = Debug|Any CPU
		{5334FABE-0F8D-472D-A271-00413AC0E4A3}.Debug|iPhone.Build.0 = Debug|Any CPU
		{5334FABE-0F8D-472D-A271-00413AC0E4A3}.Debug|iPhoneSimulator.ActiveCfg = Debug|Any CPU
		{5334FABE-0F8D-472D-A271-00413AC0E4A3}.Debug|iPhoneSimulator.Build.0 = Debug|Any CPU
		{5334FABE-0F8D-472D-A271-00413AC0E4A3}.Debug|x64.ActiveCfg = Debug|Any CPU
		{5334FABE-0F8D-472D-A271-00413AC0E4A3}.Debug|x64.Build.0 = Debug|Any CPU
		{5334FABE-0F8D-472D-A271-00413AC0E4A3}.Debug|x86.ActiveCfg = Debug|Any CPU
		{5334FABE-0F8D-472D-A271-00413AC0E4A3}.Debug|x86.Build.0 = Debug|Any CPU
		{5334FABE-0F8D-472D-A271-00413AC0E4A3}.Release|Any CPU.ActiveCfg = Release|Any CPU
		{5334FABE-0F8D-472D-A271-00413AC0E4A3}.Release|Any CPU.Build.0 = Release|Any CPU
		{5334FABE-0F8D-472D-A271-00413AC0E4A3}.Release|ARM.ActiveCfg = Release|Any CPU
		{5334FABE-0F8D-472D-A271-00413AC0E4A3}.Release|ARM.Build.0 = Release|Any CPU
		{5334FABE-0F8D-472D-A271-00413AC0E4A3}.Release|iPhone.ActiveCfg = Release|Any CPU
		{5334FABE-0F8D-472D-A271-00413AC0E4A3}.Release|iPhone.Build.0 = Release|Any CPU
		{5334FABE-0F8D-472D-A271-00413AC0E4A3}.Release|iPhoneSimulator.ActiveCfg = Release|Any CPU
		{5334FABE-0F8D-472D-A271-00413AC0E4A3}.Release|iPhoneSimulator.Build.0 = Release|Any CPU
		{5334FABE-0F8D-472D-A271-00413AC0E4A3}.Release|x64.ActiveCfg = Release|Any CPU
		{5334FABE-0F8D-472D-A271-00413AC0E4A3}.Release|x64.Build.0 = Release|Any CPU
		{5334FABE-0F8D-472D-A271-00413AC0E4A3}.Release|x86.ActiveCfg = Release|Any CPU
		{5334FABE-0F8D-472D-A271-00413AC0E4A3}.Release|x86.Build.0 = Release|Any CPU
		{EFE0A486-431E-4AFB-AF87-80D771E25B27}.Ad-Hoc|Any CPU.ActiveCfg = Release|Any CPU
		{EFE0A486-431E-4AFB-AF87-80D771E25B27}.Ad-Hoc|Any CPU.Build.0 = Release|Any CPU
		{EFE0A486-431E-4AFB-AF87-80D771E25B27}.Ad-Hoc|Any CPU.Deploy.0 = Release|Any CPU
		{EFE0A486-431E-4AFB-AF87-80D771E25B27}.Ad-Hoc|ARM.ActiveCfg = Release|Any CPU
		{EFE0A486-431E-4AFB-AF87-80D771E25B27}.Ad-Hoc|ARM.Build.0 = Release|Any CPU
		{EFE0A486-431E-4AFB-AF87-80D771E25B27}.Ad-Hoc|ARM.Deploy.0 = Release|Any CPU
		{EFE0A486-431E-4AFB-AF87-80D771E25B27}.Ad-Hoc|iPhone.ActiveCfg = Release|Any CPU
		{EFE0A486-431E-4AFB-AF87-80D771E25B27}.Ad-Hoc|iPhone.Build.0 = Release|Any CPU
		{EFE0A486-431E-4AFB-AF87-80D771E25B27}.Ad-Hoc|iPhone.Deploy.0 = Release|Any CPU
		{EFE0A486-431E-4AFB-AF87-80D771E25B27}.Ad-Hoc|iPhoneSimulator.ActiveCfg = Release|Any CPU
		{EFE0A486-431E-4AFB-AF87-80D771E25B27}.Ad-Hoc|iPhoneSimulator.Build.0 = Release|Any CPU
		{EFE0A486-431E-4AFB-AF87-80D771E25B27}.Ad-Hoc|iPhoneSimulator.Deploy.0 = Release|Any CPU
		{EFE0A486-431E-4AFB-AF87-80D771E25B27}.Ad-Hoc|x64.ActiveCfg = Release|Any CPU
		{EFE0A486-431E-4AFB-AF87-80D771E25B27}.Ad-Hoc|x64.Build.0 = Release|Any CPU
		{EFE0A486-431E-4AFB-AF87-80D771E25B27}.Ad-Hoc|x64.Deploy.0 = Release|Any CPU
		{EFE0A486-431E-4AFB-AF87-80D771E25B27}.Ad-Hoc|x86.ActiveCfg = Release|Any CPU
		{EFE0A486-431E-4AFB-AF87-80D771E25B27}.Ad-Hoc|x86.Build.0 = Release|Any CPU
		{EFE0A486-431E-4AFB-AF87-80D771E25B27}.Ad-Hoc|x86.Deploy.0 = Release|Any CPU
		{EFE0A486-431E-4AFB-AF87-80D771E25B27}.AppStore|Any CPU.ActiveCfg = Release|Any CPU
		{EFE0A486-431E-4AFB-AF87-80D771E25B27}.AppStore|Any CPU.Build.0 = Release|Any CPU
		{EFE0A486-431E-4AFB-AF87-80D771E25B27}.AppStore|Any CPU.Deploy.0 = Release|Any CPU
		{EFE0A486-431E-4AFB-AF87-80D771E25B27}.AppStore|ARM.ActiveCfg = Release|Any CPU
		{EFE0A486-431E-4AFB-AF87-80D771E25B27}.AppStore|ARM.Build.0 = Release|Any CPU
		{EFE0A486-431E-4AFB-AF87-80D771E25B27}.AppStore|ARM.Deploy.0 = Release|Any CPU
		{EFE0A486-431E-4AFB-AF87-80D771E25B27}.AppStore|iPhone.ActiveCfg = Release|Any CPU
		{EFE0A486-431E-4AFB-AF87-80D771E25B27}.AppStore|iPhone.Build.0 = Release|Any CPU
		{EFE0A486-431E-4AFB-AF87-80D771E25B27}.AppStore|iPhone.Deploy.0 = Release|Any CPU
		{EFE0A486-431E-4AFB-AF87-80D771E25B27}.AppStore|iPhoneSimulator.ActiveCfg = Release|Any CPU
		{EFE0A486-431E-4AFB-AF87-80D771E25B27}.AppStore|iPhoneSimulator.Build.0 = Release|Any CPU
		{EFE0A486-431E-4AFB-AF87-80D771E25B27}.AppStore|iPhoneSimulator.Deploy.0 = Release|Any CPU
		{EFE0A486-431E-4AFB-AF87-80D771E25B27}.AppStore|x64.ActiveCfg = Release|Any CPU
		{EFE0A486-431E-4AFB-AF87-80D771E25B27}.AppStore|x64.Build.0 = Release|Any CPU
		{EFE0A486-431E-4AFB-AF87-80D771E25B27}.AppStore|x64.Deploy.0 = Release|Any CPU
		{EFE0A486-431E-4AFB-AF87-80D771E25B27}.AppStore|x86.ActiveCfg = Release|Any CPU
		{EFE0A486-431E-4AFB-AF87-80D771E25B27}.AppStore|x86.Build.0 = Release|Any CPU
		{EFE0A486-431E-4AFB-AF87-80D771E25B27}.AppStore|x86.Deploy.0 = Release|Any CPU
		{EFE0A486-431E-4AFB-AF87-80D771E25B27}.Debug|Any CPU.ActiveCfg = Debug|Any CPU
		{EFE0A486-431E-4AFB-AF87-80D771E25B27}.Debug|Any CPU.Build.0 = Debug|Any CPU
		{EFE0A486-431E-4AFB-AF87-80D771E25B27}.Debug|Any CPU.Deploy.0 = Debug|Any CPU
		{EFE0A486-431E-4AFB-AF87-80D771E25B27}.Debug|ARM.ActiveCfg = Debug|Any CPU
		{EFE0A486-431E-4AFB-AF87-80D771E25B27}.Debug|ARM.Build.0 = Debug|Any CPU
		{EFE0A486-431E-4AFB-AF87-80D771E25B27}.Debug|ARM.Deploy.0 = Debug|Any CPU
		{EFE0A486-431E-4AFB-AF87-80D771E25B27}.Debug|iPhone.ActiveCfg = Debug|Any CPU
		{EFE0A486-431E-4AFB-AF87-80D771E25B27}.Debug|iPhone.Build.0 = Debug|Any CPU
		{EFE0A486-431E-4AFB-AF87-80D771E25B27}.Debug|iPhone.Deploy.0 = Debug|Any CPU
		{EFE0A486-431E-4AFB-AF87-80D771E25B27}.Debug|iPhoneSimulator.ActiveCfg = Debug|Any CPU
		{EFE0A486-431E-4AFB-AF87-80D771E25B27}.Debug|iPhoneSimulator.Build.0 = Debug|Any CPU
		{EFE0A486-431E-4AFB-AF87-80D771E25B27}.Debug|iPhoneSimulator.Deploy.0 = Debug|Any CPU
		{EFE0A486-431E-4AFB-AF87-80D771E25B27}.Debug|x64.ActiveCfg = Debug|Any CPU
		{EFE0A486-431E-4AFB-AF87-80D771E25B27}.Debug|x64.Build.0 = Debug|Any CPU
		{EFE0A486-431E-4AFB-AF87-80D771E25B27}.Debug|x64.Deploy.0 = Debug|Any CPU
		{EFE0A486-431E-4AFB-AF87-80D771E25B27}.Debug|x86.ActiveCfg = Debug|Any CPU
		{EFE0A486-431E-4AFB-AF87-80D771E25B27}.Debug|x86.Build.0 = Debug|Any CPU
		{EFE0A486-431E-4AFB-AF87-80D771E25B27}.Debug|x86.Deploy.0 = Debug|Any CPU
		{EFE0A486-431E-4AFB-AF87-80D771E25B27}.Release|Any CPU.ActiveCfg = Release|Any CPU
		{EFE0A486-431E-4AFB-AF87-80D771E25B27}.Release|Any CPU.Build.0 = Release|Any CPU
		{EFE0A486-431E-4AFB-AF87-80D771E25B27}.Release|Any CPU.Deploy.0 = Release|Any CPU
		{EFE0A486-431E-4AFB-AF87-80D771E25B27}.Release|ARM.ActiveCfg = Release|Any CPU
		{EFE0A486-431E-4AFB-AF87-80D771E25B27}.Release|ARM.Build.0 = Release|Any CPU
		{EFE0A486-431E-4AFB-AF87-80D771E25B27}.Release|ARM.Deploy.0 = Release|Any CPU
		{EFE0A486-431E-4AFB-AF87-80D771E25B27}.Release|iPhone.ActiveCfg = Release|Any CPU
		{EFE0A486-431E-4AFB-AF87-80D771E25B27}.Release|iPhone.Build.0 = Release|Any CPU
		{EFE0A486-431E-4AFB-AF87-80D771E25B27}.Release|iPhone.Deploy.0 = Release|Any CPU
		{EFE0A486-431E-4AFB-AF87-80D771E25B27}.Release|iPhoneSimulator.ActiveCfg = Release|Any CPU
		{EFE0A486-431E-4AFB-AF87-80D771E25B27}.Release|iPhoneSimulator.Build.0 = Release|Any CPU
		{EFE0A486-431E-4AFB-AF87-80D771E25B27}.Release|iPhoneSimulator.Deploy.0 = Release|Any CPU
		{EFE0A486-431E-4AFB-AF87-80D771E25B27}.Release|x64.ActiveCfg = Release|Any CPU
		{EFE0A486-431E-4AFB-AF87-80D771E25B27}.Release|x64.Build.0 = Release|Any CPU
		{EFE0A486-431E-4AFB-AF87-80D771E25B27}.Release|x64.Deploy.0 = Release|Any CPU
		{EFE0A486-431E-4AFB-AF87-80D771E25B27}.Release|x86.ActiveCfg = Release|Any CPU
		{EFE0A486-431E-4AFB-AF87-80D771E25B27}.Release|x86.Build.0 = Release|Any CPU
		{EFE0A486-431E-4AFB-AF87-80D771E25B27}.Release|x86.Deploy.0 = Release|Any CPU
		{4BF998AA-115E-4D26-A548-97A0DD115940}.Ad-Hoc|Any CPU.ActiveCfg = Ad-Hoc|iPhone
		{4BF998AA-115E-4D26-A548-97A0DD115940}.Ad-Hoc|ARM.ActiveCfg = Ad-Hoc|iPhone
		{4BF998AA-115E-4D26-A548-97A0DD115940}.Ad-Hoc|iPhone.ActiveCfg = Ad-Hoc|iPhone
		{4BF998AA-115E-4D26-A548-97A0DD115940}.Ad-Hoc|iPhone.Build.0 = Ad-Hoc|iPhone
		{4BF998AA-115E-4D26-A548-97A0DD115940}.Ad-Hoc|iPhoneSimulator.ActiveCfg = Ad-Hoc|iPhoneSimulator
		{4BF998AA-115E-4D26-A548-97A0DD115940}.Ad-Hoc|iPhoneSimulator.Build.0 = Ad-Hoc|iPhoneSimulator
		{4BF998AA-115E-4D26-A548-97A0DD115940}.Ad-Hoc|x64.ActiveCfg = Ad-Hoc|iPhone
		{4BF998AA-115E-4D26-A548-97A0DD115940}.Ad-Hoc|x86.ActiveCfg = Ad-Hoc|iPhone
		{4BF998AA-115E-4D26-A548-97A0DD115940}.AppStore|Any CPU.ActiveCfg = AppStore|iPhone
		{4BF998AA-115E-4D26-A548-97A0DD115940}.AppStore|ARM.ActiveCfg = AppStore|iPhone
		{4BF998AA-115E-4D26-A548-97A0DD115940}.AppStore|iPhone.ActiveCfg = AppStore|iPhone
		{4BF998AA-115E-4D26-A548-97A0DD115940}.AppStore|iPhone.Build.0 = AppStore|iPhone
		{4BF998AA-115E-4D26-A548-97A0DD115940}.AppStore|iPhoneSimulator.ActiveCfg = AppStore|iPhoneSimulator
		{4BF998AA-115E-4D26-A548-97A0DD115940}.AppStore|iPhoneSimulator.Build.0 = AppStore|iPhoneSimulator
		{4BF998AA-115E-4D26-A548-97A0DD115940}.AppStore|x64.ActiveCfg = AppStore|iPhone
		{4BF998AA-115E-4D26-A548-97A0DD115940}.AppStore|x86.ActiveCfg = AppStore|iPhone
		{4BF998AA-115E-4D26-A548-97A0DD115940}.Debug|Any CPU.ActiveCfg = Debug|iPhone
		{4BF998AA-115E-4D26-A548-97A0DD115940}.Debug|ARM.ActiveCfg = Debug|iPhone
		{4BF998AA-115E-4D26-A548-97A0DD115940}.Debug|iPhone.ActiveCfg = Debug|iPhone
		{4BF998AA-115E-4D26-A548-97A0DD115940}.Debug|iPhone.Build.0 = Debug|iPhone
		{4BF998AA-115E-4D26-A548-97A0DD115940}.Debug|iPhoneSimulator.ActiveCfg = Debug|iPhoneSimulator
		{4BF998AA-115E-4D26-A548-97A0DD115940}.Debug|iPhoneSimulator.Build.0 = Debug|iPhoneSimulator
		{4BF998AA-115E-4D26-A548-97A0DD115940}.Debug|x64.ActiveCfg = Debug|iPhone
		{4BF998AA-115E-4D26-A548-97A0DD115940}.Debug|x86.ActiveCfg = Debug|iPhone
		{4BF998AA-115E-4D26-A548-97A0DD115940}.Release|Any CPU.ActiveCfg = Release|iPhone
		{4BF998AA-115E-4D26-A548-97A0DD115940}.Release|ARM.ActiveCfg = Release|iPhone
		{4BF998AA-115E-4D26-A548-97A0DD115940}.Release|iPhone.ActiveCfg = Release|iPhone
		{4BF998AA-115E-4D26-A548-97A0DD115940}.Release|iPhone.Build.0 = Release|iPhone
		{4BF998AA-115E-4D26-A548-97A0DD115940}.Release|iPhoneSimulator.ActiveCfg = Release|iPhoneSimulator
		{4BF998AA-115E-4D26-A548-97A0DD115940}.Release|iPhoneSimulator.Build.0 = Release|iPhoneSimulator
		{4BF998AA-115E-4D26-A548-97A0DD115940}.Release|x64.ActiveCfg = Release|iPhone
		{4BF998AA-115E-4D26-A548-97A0DD115940}.Release|x86.ActiveCfg = Release|iPhone
		{7EBD81CD-D689-49AC-95C2-14647C6DF947}.Ad-Hoc|Any CPU.ActiveCfg = Release|x86
		{7EBD81CD-D689-49AC-95C2-14647C6DF947}.Ad-Hoc|Any CPU.Build.0 = Release|x86
		{7EBD81CD-D689-49AC-95C2-14647C6DF947}.Ad-Hoc|Any CPU.Deploy.0 = Release|x86
		{7EBD81CD-D689-49AC-95C2-14647C6DF947}.Ad-Hoc|ARM.ActiveCfg = Release|ARM
		{7EBD81CD-D689-49AC-95C2-14647C6DF947}.Ad-Hoc|ARM.Build.0 = Release|ARM
		{7EBD81CD-D689-49AC-95C2-14647C6DF947}.Ad-Hoc|ARM.Deploy.0 = Release|ARM
		{7EBD81CD-D689-49AC-95C2-14647C6DF947}.Ad-Hoc|iPhone.ActiveCfg = Release|x86
		{7EBD81CD-D689-49AC-95C2-14647C6DF947}.Ad-Hoc|iPhone.Build.0 = Release|x86
		{7EBD81CD-D689-49AC-95C2-14647C6DF947}.Ad-Hoc|iPhone.Deploy.0 = Release|x86
		{7EBD81CD-D689-49AC-95C2-14647C6DF947}.Ad-Hoc|iPhoneSimulator.ActiveCfg = Release|x86
		{7EBD81CD-D689-49AC-95C2-14647C6DF947}.Ad-Hoc|iPhoneSimulator.Build.0 = Release|x86
		{7EBD81CD-D689-49AC-95C2-14647C6DF947}.Ad-Hoc|iPhoneSimulator.Deploy.0 = Release|x86
		{7EBD81CD-D689-49AC-95C2-14647C6DF947}.Ad-Hoc|x64.ActiveCfg = Release|x64
		{7EBD81CD-D689-49AC-95C2-14647C6DF947}.Ad-Hoc|x64.Build.0 = Release|x64
		{7EBD81CD-D689-49AC-95C2-14647C6DF947}.Ad-Hoc|x64.Deploy.0 = Release|x64
		{7EBD81CD-D689-49AC-95C2-14647C6DF947}.Ad-Hoc|x86.ActiveCfg = Release|x86
		{7EBD81CD-D689-49AC-95C2-14647C6DF947}.Ad-Hoc|x86.Build.0 = Release|x86
		{7EBD81CD-D689-49AC-95C2-14647C6DF947}.Ad-Hoc|x86.Deploy.0 = Release|x86
		{7EBD81CD-D689-49AC-95C2-14647C6DF947}.AppStore|Any CPU.ActiveCfg = Release|x86
		{7EBD81CD-D689-49AC-95C2-14647C6DF947}.AppStore|Any CPU.Build.0 = Release|x86
		{7EBD81CD-D689-49AC-95C2-14647C6DF947}.AppStore|Any CPU.Deploy.0 = Release|x86
		{7EBD81CD-D689-49AC-95C2-14647C6DF947}.AppStore|ARM.ActiveCfg = Release|ARM
		{7EBD81CD-D689-49AC-95C2-14647C6DF947}.AppStore|ARM.Build.0 = Release|ARM
		{7EBD81CD-D689-49AC-95C2-14647C6DF947}.AppStore|ARM.Deploy.0 = Release|ARM
		{7EBD81CD-D689-49AC-95C2-14647C6DF947}.AppStore|iPhone.ActiveCfg = Release|x86
		{7EBD81CD-D689-49AC-95C2-14647C6DF947}.AppStore|iPhone.Build.0 = Release|x86
		{7EBD81CD-D689-49AC-95C2-14647C6DF947}.AppStore|iPhone.Deploy.0 = Release|x86
		{7EBD81CD-D689-49AC-95C2-14647C6DF947}.AppStore|iPhoneSimulator.ActiveCfg = Release|x86
		{7EBD81CD-D689-49AC-95C2-14647C6DF947}.AppStore|iPhoneSimulator.Build.0 = Release|x86
		{7EBD81CD-D689-49AC-95C2-14647C6DF947}.AppStore|iPhoneSimulator.Deploy.0 = Release|x86
		{7EBD81CD-D689-49AC-95C2-14647C6DF947}.AppStore|x64.ActiveCfg = Release|x64
		{7EBD81CD-D689-49AC-95C2-14647C6DF947}.AppStore|x64.Build.0 = Release|x64
		{7EBD81CD-D689-49AC-95C2-14647C6DF947}.AppStore|x64.Deploy.0 = Release|x64
		{7EBD81CD-D689-49AC-95C2-14647C6DF947}.AppStore|x86.ActiveCfg = Release|x86
		{7EBD81CD-D689-49AC-95C2-14647C6DF947}.AppStore|x86.Build.0 = Release|x86
		{7EBD81CD-D689-49AC-95C2-14647C6DF947}.AppStore|x86.Deploy.0 = Release|x86
		{7EBD81CD-D689-49AC-95C2-14647C6DF947}.Debug|Any CPU.ActiveCfg = Debug|x86
		{7EBD81CD-D689-49AC-95C2-14647C6DF947}.Debug|ARM.ActiveCfg = Debug|ARM
		{7EBD81CD-D689-49AC-95C2-14647C6DF947}.Debug|ARM.Build.0 = Debug|ARM
		{7EBD81CD-D689-49AC-95C2-14647C6DF947}.Debug|ARM.Deploy.0 = Debug|ARM
		{7EBD81CD-D689-49AC-95C2-14647C6DF947}.Debug|iPhone.ActiveCfg = Debug|x86
		{7EBD81CD-D689-49AC-95C2-14647C6DF947}.Debug|iPhoneSimulator.ActiveCfg = Debug|x86
		{7EBD81CD-D689-49AC-95C2-14647C6DF947}.Debug|x64.ActiveCfg = Debug|x64
		{7EBD81CD-D689-49AC-95C2-14647C6DF947}.Debug|x64.Build.0 = Debug|x64
		{7EBD81CD-D689-49AC-95C2-14647C6DF947}.Debug|x64.Deploy.0 = Debug|x64
		{7EBD81CD-D689-49AC-95C2-14647C6DF947}.Debug|x86.ActiveCfg = Debug|x86
		{7EBD81CD-D689-49AC-95C2-14647C6DF947}.Debug|x86.Build.0 = Debug|x86
		{7EBD81CD-D689-49AC-95C2-14647C6DF947}.Debug|x86.Deploy.0 = Debug|x86
		{7EBD81CD-D689-49AC-95C2-14647C6DF947}.Release|Any CPU.ActiveCfg = Release|x86
		{7EBD81CD-D689-49AC-95C2-14647C6DF947}.Release|ARM.ActiveCfg = Release|ARM
		{7EBD81CD-D689-49AC-95C2-14647C6DF947}.Release|ARM.Build.0 = Release|ARM
		{7EBD81CD-D689-49AC-95C2-14647C6DF947}.Release|ARM.Deploy.0 = Release|ARM
		{7EBD81CD-D689-49AC-95C2-14647C6DF947}.Release|iPhone.ActiveCfg = Release|x86
		{7EBD81CD-D689-49AC-95C2-14647C6DF947}.Release|iPhoneSimulator.ActiveCfg = Release|x86
		{7EBD81CD-D689-49AC-95C2-14647C6DF947}.Release|x64.ActiveCfg = Release|x64
		{7EBD81CD-D689-49AC-95C2-14647C6DF947}.Release|x64.Build.0 = Release|x64
		{7EBD81CD-D689-49AC-95C2-14647C6DF947}.Release|x64.Deploy.0 = Release|x64
		{7EBD81CD-D689-49AC-95C2-14647C6DF947}.Release|x86.ActiveCfg = Release|x86
		{7EBD81CD-D689-49AC-95C2-14647C6DF947}.Release|x86.Build.0 = Release|x86
		{7EBD81CD-D689-49AC-95C2-14647C6DF947}.Release|x86.Deploy.0 = Release|x86
		{D18C23CA-067F-4342-84AA-2FE4B4DF2173}.Ad-Hoc|Any CPU.ActiveCfg = Debug|Any CPU
		{D18C23CA-067F-4342-84AA-2FE4B4DF2173}.Ad-Hoc|Any CPU.Build.0 = Debug|Any CPU
		{D18C23CA-067F-4342-84AA-2FE4B4DF2173}.Ad-Hoc|ARM.ActiveCfg = Debug|Any CPU
		{D18C23CA-067F-4342-84AA-2FE4B4DF2173}.Ad-Hoc|ARM.Build.0 = Debug|Any CPU
		{D18C23CA-067F-4342-84AA-2FE4B4DF2173}.Ad-Hoc|iPhone.ActiveCfg = Debug|Any CPU
		{D18C23CA-067F-4342-84AA-2FE4B4DF2173}.Ad-Hoc|iPhone.Build.0 = Debug|Any CPU
		{D18C23CA-067F-4342-84AA-2FE4B4DF2173}.Ad-Hoc|iPhoneSimulator.ActiveCfg = Debug|Any CPU
		{D18C23CA-067F-4342-84AA-2FE4B4DF2173}.Ad-Hoc|iPhoneSimulator.Build.0 = Debug|Any CPU
		{D18C23CA-067F-4342-84AA-2FE4B4DF2173}.Ad-Hoc|x64.ActiveCfg = Debug|Any CPU
		{D18C23CA-067F-4342-84AA-2FE4B4DF2173}.Ad-Hoc|x64.Build.0 = Debug|Any CPU
		{D18C23CA-067F-4342-84AA-2FE4B4DF2173}.Ad-Hoc|x86.ActiveCfg = Debug|Any CPU
		{D18C23CA-067F-4342-84AA-2FE4B4DF2173}.Ad-Hoc|x86.Build.0 = Debug|Any CPU
		{D18C23CA-067F-4342-84AA-2FE4B4DF2173}.AppStore|Any CPU.ActiveCfg = Debug|Any CPU
		{D18C23CA-067F-4342-84AA-2FE4B4DF2173}.AppStore|Any CPU.Build.0 = Debug|Any CPU
		{D18C23CA-067F-4342-84AA-2FE4B4DF2173}.AppStore|ARM.ActiveCfg = Debug|Any CPU
		{D18C23CA-067F-4342-84AA-2FE4B4DF2173}.AppStore|ARM.Build.0 = Debug|Any CPU
		{D18C23CA-067F-4342-84AA-2FE4B4DF2173}.AppStore|iPhone.ActiveCfg = Debug|Any CPU
		{D18C23CA-067F-4342-84AA-2FE4B4DF2173}.AppStore|iPhone.Build.0 = Debug|Any CPU
		{D18C23CA-067F-4342-84AA-2FE4B4DF2173}.AppStore|iPhoneSimulator.ActiveCfg = Debug|Any CPU
		{D18C23CA-067F-4342-84AA-2FE4B4DF2173}.AppStore|iPhoneSimulator.Build.0 = Debug|Any CPU
		{D18C23CA-067F-4342-84AA-2FE4B4DF2173}.AppStore|x64.ActiveCfg = Debug|Any CPU
		{D18C23CA-067F-4342-84AA-2FE4B4DF2173}.AppStore|x64.Build.0 = Debug|Any CPU
		{D18C23CA-067F-4342-84AA-2FE4B4DF2173}.AppStore|x86.ActiveCfg = Debug|Any CPU
		{D18C23CA-067F-4342-84AA-2FE4B4DF2173}.AppStore|x86.Build.0 = Debug|Any CPU
		{D18C23CA-067F-4342-84AA-2FE4B4DF2173}.Debug|Any CPU.ActiveCfg = Debug|Any CPU
		{D18C23CA-067F-4342-84AA-2FE4B4DF2173}.Debug|Any CPU.Build.0 = Debug|Any CPU
		{D18C23CA-067F-4342-84AA-2FE4B4DF2173}.Debug|ARM.ActiveCfg = Debug|Any CPU
		{D18C23CA-067F-4342-84AA-2FE4B4DF2173}.Debug|ARM.Build.0 = Debug|Any CPU
		{D18C23CA-067F-4342-84AA-2FE4B4DF2173}.Debug|iPhone.ActiveCfg = Debug|Any CPU
		{D18C23CA-067F-4342-84AA-2FE4B4DF2173}.Debug|iPhone.Build.0 = Debug|Any CPU
		{D18C23CA-067F-4342-84AA-2FE4B4DF2173}.Debug|iPhoneSimulator.ActiveCfg = Debug|Any CPU
		{D18C23CA-067F-4342-84AA-2FE4B4DF2173}.Debug|iPhoneSimulator.Build.0 = Debug|Any CPU
		{D18C23CA-067F-4342-84AA-2FE4B4DF2173}.Debug|x64.ActiveCfg = Debug|Any CPU
		{D18C23CA-067F-4342-84AA-2FE4B4DF2173}.Debug|x64.Build.0 = Debug|Any CPU
		{D18C23CA-067F-4342-84AA-2FE4B4DF2173}.Debug|x86.ActiveCfg = Debug|Any CPU
		{D18C23CA-067F-4342-84AA-2FE4B4DF2173}.Debug|x86.Build.0 = Debug|Any CPU
		{D18C23CA-067F-4342-84AA-2FE4B4DF2173}.Release|Any CPU.ActiveCfg = Release|Any CPU
		{D18C23CA-067F-4342-84AA-2FE4B4DF2173}.Release|Any CPU.Build.0 = Release|Any CPU
		{D18C23CA-067F-4342-84AA-2FE4B4DF2173}.Release|ARM.ActiveCfg = Release|Any CPU
		{D18C23CA-067F-4342-84AA-2FE4B4DF2173}.Release|ARM.Build.0 = Release|Any CPU
		{D18C23CA-067F-4342-84AA-2FE4B4DF2173}.Release|iPhone.ActiveCfg = Release|Any CPU
		{D18C23CA-067F-4342-84AA-2FE4B4DF2173}.Release|iPhone.Build.0 = Release|Any CPU
		{D18C23CA-067F-4342-84AA-2FE4B4DF2173}.Release|iPhoneSimulator.ActiveCfg = Release|Any CPU
		{D18C23CA-067F-4342-84AA-2FE4B4DF2173}.Release|iPhoneSimulator.Build.0 = Release|Any CPU
		{D18C23CA-067F-4342-84AA-2FE4B4DF2173}.Release|x64.ActiveCfg = Release|Any CPU
		{D18C23CA-067F-4342-84AA-2FE4B4DF2173}.Release|x64.Build.0 = Release|Any CPU
		{D18C23CA-067F-4342-84AA-2FE4B4DF2173}.Release|x86.ActiveCfg = Release|Any CPU
		{D18C23CA-067F-4342-84AA-2FE4B4DF2173}.Release|x86.Build.0 = Release|Any CPU
		{04FBAC13-77E0-4FEC-8210-BAECA0901034}.Ad-Hoc|Any CPU.ActiveCfg = Debug|Any CPU
		{04FBAC13-77E0-4FEC-8210-BAECA0901034}.Ad-Hoc|Any CPU.Build.0 = Debug|Any CPU
		{04FBAC13-77E0-4FEC-8210-BAECA0901034}.Ad-Hoc|ARM.ActiveCfg = Debug|Any CPU
		{04FBAC13-77E0-4FEC-8210-BAECA0901034}.Ad-Hoc|ARM.Build.0 = Debug|Any CPU
		{04FBAC13-77E0-4FEC-8210-BAECA0901034}.Ad-Hoc|iPhone.ActiveCfg = Debug|Any CPU
		{04FBAC13-77E0-4FEC-8210-BAECA0901034}.Ad-Hoc|iPhone.Build.0 = Debug|Any CPU
		{04FBAC13-77E0-4FEC-8210-BAECA0901034}.Ad-Hoc|iPhoneSimulator.ActiveCfg = Debug|Any CPU
		{04FBAC13-77E0-4FEC-8210-BAECA0901034}.Ad-Hoc|iPhoneSimulator.Build.0 = Debug|Any CPU
		{04FBAC13-77E0-4FEC-8210-BAECA0901034}.Ad-Hoc|x64.ActiveCfg = Release|x64
		{04FBAC13-77E0-4FEC-8210-BAECA0901034}.Ad-Hoc|x64.Build.0 = Release|x64
		{04FBAC13-77E0-4FEC-8210-BAECA0901034}.Ad-Hoc|x86.ActiveCfg = Debug|Any CPU
		{04FBAC13-77E0-4FEC-8210-BAECA0901034}.Ad-Hoc|x86.Build.0 = Debug|Any CPU
		{04FBAC13-77E0-4FEC-8210-BAECA0901034}.AppStore|Any CPU.ActiveCfg = Debug|Any CPU
		{04FBAC13-77E0-4FEC-8210-BAECA0901034}.AppStore|Any CPU.Build.0 = Debug|Any CPU
		{04FBAC13-77E0-4FEC-8210-BAECA0901034}.AppStore|ARM.ActiveCfg = Debug|Any CPU
		{04FBAC13-77E0-4FEC-8210-BAECA0901034}.AppStore|ARM.Build.0 = Debug|Any CPU
		{04FBAC13-77E0-4FEC-8210-BAECA0901034}.AppStore|iPhone.ActiveCfg = Debug|Any CPU
		{04FBAC13-77E0-4FEC-8210-BAECA0901034}.AppStore|iPhone.Build.0 = Debug|Any CPU
		{04FBAC13-77E0-4FEC-8210-BAECA0901034}.AppStore|iPhoneSimulator.ActiveCfg = Debug|Any CPU
		{04FBAC13-77E0-4FEC-8210-BAECA0901034}.AppStore|iPhoneSimulator.Build.0 = Debug|Any CPU
		{04FBAC13-77E0-4FEC-8210-BAECA0901034}.AppStore|x64.ActiveCfg = Release|x64
		{04FBAC13-77E0-4FEC-8210-BAECA0901034}.AppStore|x64.Build.0 = Release|x64
		{04FBAC13-77E0-4FEC-8210-BAECA0901034}.AppStore|x86.ActiveCfg = Debug|Any CPU
		{04FBAC13-77E0-4FEC-8210-BAECA0901034}.AppStore|x86.Build.0 = Debug|Any CPU
		{04FBAC13-77E0-4FEC-8210-BAECA0901034}.Debug|Any CPU.ActiveCfg = Debug|Any CPU
		{04FBAC13-77E0-4FEC-8210-BAECA0901034}.Debug|Any CPU.Build.0 = Debug|Any CPU
		{04FBAC13-77E0-4FEC-8210-BAECA0901034}.Debug|ARM.ActiveCfg = Debug|Any CPU
		{04FBAC13-77E0-4FEC-8210-BAECA0901034}.Debug|ARM.Build.0 = Debug|Any CPU
		{04FBAC13-77E0-4FEC-8210-BAECA0901034}.Debug|iPhone.ActiveCfg = Debug|Any CPU
		{04FBAC13-77E0-4FEC-8210-BAECA0901034}.Debug|iPhone.Build.0 = Debug|Any CPU
		{04FBAC13-77E0-4FEC-8210-BAECA0901034}.Debug|iPhoneSimulator.ActiveCfg = Debug|Any CPU
		{04FBAC13-77E0-4FEC-8210-BAECA0901034}.Debug|iPhoneSimulator.Build.0 = Debug|Any CPU
		{04FBAC13-77E0-4FEC-8210-BAECA0901034}.Debug|x64.ActiveCfg = Debug|x64
		{04FBAC13-77E0-4FEC-8210-BAECA0901034}.Debug|x64.Build.0 = Debug|x64
		{04FBAC13-77E0-4FEC-8210-BAECA0901034}.Debug|x86.ActiveCfg = Debug|Any CPU
		{04FBAC13-77E0-4FEC-8210-BAECA0901034}.Debug|x86.Build.0 = Debug|Any CPU
		{04FBAC13-77E0-4FEC-8210-BAECA0901034}.Release|Any CPU.ActiveCfg = Release|Any CPU
		{04FBAC13-77E0-4FEC-8210-BAECA0901034}.Release|Any CPU.Build.0 = Release|Any CPU
		{04FBAC13-77E0-4FEC-8210-BAECA0901034}.Release|ARM.ActiveCfg = Release|Any CPU
		{04FBAC13-77E0-4FEC-8210-BAECA0901034}.Release|ARM.Build.0 = Release|Any CPU
		{04FBAC13-77E0-4FEC-8210-BAECA0901034}.Release|iPhone.ActiveCfg = Release|Any CPU
		{04FBAC13-77E0-4FEC-8210-BAECA0901034}.Release|iPhone.Build.0 = Release|Any CPU
		{04FBAC13-77E0-4FEC-8210-BAECA0901034}.Release|iPhoneSimulator.ActiveCfg = Release|Any CPU
		{04FBAC13-77E0-4FEC-8210-BAECA0901034}.Release|iPhoneSimulator.Build.0 = Release|Any CPU
		{04FBAC13-77E0-4FEC-8210-BAECA0901034}.Release|x64.ActiveCfg = Release|x64
		{04FBAC13-77E0-4FEC-8210-BAECA0901034}.Release|x64.Build.0 = Release|x64
		{04FBAC13-77E0-4FEC-8210-BAECA0901034}.Release|x86.ActiveCfg = Release|Any CPU
		{04FBAC13-77E0-4FEC-8210-BAECA0901034}.Release|x86.Build.0 = Release|Any CPU
		{0B5041DA-67D1-4D61-B874-645BC54FFA60}.Ad-Hoc|Any CPU.ActiveCfg = Release|Any CPU
		{0B5041DA-67D1-4D61-B874-645BC54FFA60}.Ad-Hoc|Any CPU.Build.0 = Release|Any CPU
		{0B5041DA-67D1-4D61-B874-645BC54FFA60}.Ad-Hoc|ARM.ActiveCfg = Release|ARM
		{0B5041DA-67D1-4D61-B874-645BC54FFA60}.Ad-Hoc|ARM.Build.0 = Release|ARM
		{0B5041DA-67D1-4D61-B874-645BC54FFA60}.Ad-Hoc|iPhone.ActiveCfg = Release|Any CPU
		{0B5041DA-67D1-4D61-B874-645BC54FFA60}.Ad-Hoc|iPhone.Build.0 = Release|Any CPU
		{0B5041DA-67D1-4D61-B874-645BC54FFA60}.Ad-Hoc|iPhoneSimulator.ActiveCfg = Release|Any CPU
		{0B5041DA-67D1-4D61-B874-645BC54FFA60}.Ad-Hoc|iPhoneSimulator.Build.0 = Release|Any CPU
		{0B5041DA-67D1-4D61-B874-645BC54FFA60}.Ad-Hoc|x64.ActiveCfg = Release|x64
		{0B5041DA-67D1-4D61-B874-645BC54FFA60}.Ad-Hoc|x64.Build.0 = Release|x64
		{0B5041DA-67D1-4D61-B874-645BC54FFA60}.Ad-Hoc|x86.ActiveCfg = Release|x86
		{0B5041DA-67D1-4D61-B874-645BC54FFA60}.Ad-Hoc|x86.Build.0 = Release|x86
		{0B5041DA-67D1-4D61-B874-645BC54FFA60}.AppStore|Any CPU.ActiveCfg = Release|Any CPU
		{0B5041DA-67D1-4D61-B874-645BC54FFA60}.AppStore|Any CPU.Build.0 = Release|Any CPU
		{0B5041DA-67D1-4D61-B874-645BC54FFA60}.AppStore|ARM.ActiveCfg = Release|ARM
		{0B5041DA-67D1-4D61-B874-645BC54FFA60}.AppStore|ARM.Build.0 = Release|ARM
		{0B5041DA-67D1-4D61-B874-645BC54FFA60}.AppStore|iPhone.ActiveCfg = Release|Any CPU
		{0B5041DA-67D1-4D61-B874-645BC54FFA60}.AppStore|iPhone.Build.0 = Release|Any CPU
		{0B5041DA-67D1-4D61-B874-645BC54FFA60}.AppStore|iPhoneSimulator.ActiveCfg = Release|Any CPU
		{0B5041DA-67D1-4D61-B874-645BC54FFA60}.AppStore|iPhoneSimulator.Build.0 = Release|Any CPU
		{0B5041DA-67D1-4D61-B874-645BC54FFA60}.AppStore|x64.ActiveCfg = Release|x64
		{0B5041DA-67D1-4D61-B874-645BC54FFA60}.AppStore|x64.Build.0 = Release|x64
		{0B5041DA-67D1-4D61-B874-645BC54FFA60}.AppStore|x86.ActiveCfg = Release|x86
		{0B5041DA-67D1-4D61-B874-645BC54FFA60}.AppStore|x86.Build.0 = Release|x86
		{0B5041DA-67D1-4D61-B874-645BC54FFA60}.Debug|Any CPU.ActiveCfg = Debug|Any CPU
		{0B5041DA-67D1-4D61-B874-645BC54FFA60}.Debug|Any CPU.Build.0 = Debug|Any CPU
		{0B5041DA-67D1-4D61-B874-645BC54FFA60}.Debug|ARM.ActiveCfg = Debug|ARM
		{0B5041DA-67D1-4D61-B874-645BC54FFA60}.Debug|ARM.Build.0 = Debug|ARM
		{0B5041DA-67D1-4D61-B874-645BC54FFA60}.Debug|iPhone.ActiveCfg = Debug|Any CPU
		{0B5041DA-67D1-4D61-B874-645BC54FFA60}.Debug|iPhone.Build.0 = Debug|Any CPU
		{0B5041DA-67D1-4D61-B874-645BC54FFA60}.Debug|iPhoneSimulator.ActiveCfg = Debug|Any CPU
		{0B5041DA-67D1-4D61-B874-645BC54FFA60}.Debug|iPhoneSimulator.Build.0 = Debug|Any CPU
		{0B5041DA-67D1-4D61-B874-645BC54FFA60}.Debug|x64.ActiveCfg = Debug|x64
		{0B5041DA-67D1-4D61-B874-645BC54FFA60}.Debug|x64.Build.0 = Debug|x64
		{0B5041DA-67D1-4D61-B874-645BC54FFA60}.Debug|x86.ActiveCfg = Debug|x86
		{0B5041DA-67D1-4D61-B874-645BC54FFA60}.Debug|x86.Build.0 = Debug|x86
		{0B5041DA-67D1-4D61-B874-645BC54FFA60}.Release|Any CPU.ActiveCfg = Release|Any CPU
		{0B5041DA-67D1-4D61-B874-645BC54FFA60}.Release|Any CPU.Build.0 = Release|Any CPU
		{0B5041DA-67D1-4D61-B874-645BC54FFA60}.Release|ARM.ActiveCfg = Release|ARM
		{0B5041DA-67D1-4D61-B874-645BC54FFA60}.Release|ARM.Build.0 = Release|ARM
		{0B5041DA-67D1-4D61-B874-645BC54FFA60}.Release|iPhone.ActiveCfg = Release|Any CPU
		{0B5041DA-67D1-4D61-B874-645BC54FFA60}.Release|iPhone.Build.0 = Release|Any CPU
		{0B5041DA-67D1-4D61-B874-645BC54FFA60}.Release|iPhoneSimulator.ActiveCfg = Release|Any CPU
		{0B5041DA-67D1-4D61-B874-645BC54FFA60}.Release|iPhoneSimulator.Build.0 = Release|Any CPU
		{0B5041DA-67D1-4D61-B874-645BC54FFA60}.Release|x64.ActiveCfg = Release|x64
		{0B5041DA-67D1-4D61-B874-645BC54FFA60}.Release|x64.Build.0 = Release|x64
		{0B5041DA-67D1-4D61-B874-645BC54FFA60}.Release|x86.ActiveCfg = Release|x86
		{0B5041DA-67D1-4D61-B874-645BC54FFA60}.Release|x86.Build.0 = Release|x86
	EndGlobalSection
	GlobalSection(SolutionProperties) = preSolution
		HideSolutionNode = FALSE
	EndGlobalSection
	GlobalSection(ExtensibilityGlobals) = postSolution
		SolutionGuid = {35AD6FE0-EBCF-4B8E-9847-1F0641F03166}
	EndGlobalSection
EndGlobal
