
Microsoft Visual Studio Solution File, Format Version 12.00
# Visual Studio Version 16
VisualStudioVersion = 16.0.29102.190
MinimumVisualStudioVersion = 10.0.40219.1
Project("{FAE04EC0-301F-11D3-BF4B-00C04F79EFBC}") = "DwMatter.UWP", "DwMatter.UWP\DwMatter.UWP.csproj", "{91DE5D87-9D2C-467A-A41C-F34AFF262251}"
EndProject
Project("{FAE04EC0-301F-11D3-BF4B-00C04F79EFBC}") = "DwMatter.Android", "DwMatter.Android\DwMatter.Android.csproj", "{DC07E7BD-7C28-4A88-B8B1-17B776CB8CB0}"
EndProject
Project("{FAE04EC0-301F-11D3-BF4B-00C04F79EFBC}") = "DwMatter.iOS", "DwMatter.iOS\DwMatter.iOS.csproj", "{04ADDE3D-EE58-4F0F-B52A-CC89BFD28F70}"
EndProject
Project("{FAE04EC0-301F-11D3-BF4B-00C04F79EFBC}") = "DwMatter", "DwMatter\DwMatter.csproj", "{DFA188EE-BE11-4379-BA58-F5CBA030E727}"
EndProject
Global
	GlobalSection(SolutionConfigurationPlatforms) = preSolution
		Debug|Any CPU = Debug|Any CPU
		Debug|ARM = Debug|ARM
		Debug|iPhone = Debug|iPhone
		Debug|iPhoneSimulator = Debug|iPhoneSimulator
		Debug|x64 = Debug|x64
		Debug|x86 = Debug|x86
		Release|Any CPU = Release|Any CPU
		Release|ARM = Release|ARM
		Release|iPhone = Release|iPhone
		Release|iPhoneSimulator = Release|iPhoneSimulator
		Release|x64 = Release|x64
		Release|x86 = Release|x86
	EndGlobalSection
	GlobalSection(ProjectConfigurationPlatforms) = postSolution
		{91DE5D87-9D2C-467A-A41C-F34AFF262251}.Debug|Any CPU.ActiveCfg = Debug|x86
		{91DE5D87-9D2C-467A-A41C-F34AFF262251}.Debug|Any CPU.Build.0 = Debug|x86
		{91DE5D87-9D2C-467A-A41C-F34AFF262251}.Debug|Any CPU.Deploy.0 = Debug|x86
		{91DE5D87-9D2C-467A-A41C-F34AFF262251}.Debug|ARM.ActiveCfg = Debug|ARM
		{91DE5D87-9D2C-467A-A41C-F34AFF262251}.Debug|ARM.Build.0 = Debug|ARM
		{91DE5D87-9D2C-467A-A41C-F34AFF262251}.Debug|ARM.Deploy.0 = Debug|ARM
		{91DE5D87-9D2C-467A-A41C-F34AFF262251}.Debug|iPhone.ActiveCfg = Debug|x86
		{91DE5D87-9D2C-467A-A41C-F34AFF262251}.Debug|iPhone.Build.0 = Debug|x86
		{91DE5D87-9D2C-467A-A41C-F34AFF262251}.Debug|iPhone.Deploy.0 = Debug|x86
		{91DE5D87-9D2C-467A-A41C-F34AFF262251}.Debug|iPhoneSimulator.ActiveCfg = Debug|x86
		{91DE5D87-9D2C-467A-A41C-F34AFF262251}.Debug|iPhoneSimulator.Build.0 = Debug|x86
		{91DE5D87-9D2C-467A-A41C-F34AFF262251}.Debug|iPhoneSimulator.Deploy.0 = Debug|x86
		{91DE5D87-9D2C-467A-A41C-F34AFF262251}.Debug|x64.ActiveCfg = Debug|x64
		{91DE5D87-9D2C-467A-A41C-F34AFF262251}.Debug|x64.Build.0 = Debug|x64
		{91DE5D87-9D2C-467A-A41C-F34AFF262251}.Debug|x64.Deploy.0 = Debug|x64
		{91DE5D87-9D2C-467A-A41C-F34AFF262251}.Debug|x86.ActiveCfg = Debug|x86
		{91DE5D87-9D2C-467A-A41C-F34AFF262251}.Debug|x86.Build.0 = Debug|x86
		{91DE5D87-9D2C-467A-A41C-F34AFF262251}.Debug|x86.Deploy.0 = Debug|x86
		{91DE5D87-9D2C-467A-A41C-F34AFF262251}.Release|Any CPU.ActiveCfg = Release|x86
		{91DE5D87-9D2C-467A-A41C-F34AFF262251}.Release|Any CPU.Build.0 = Release|x86
		{91DE5D87-9D2C-467A-A41C-F34AFF262251}.Release|Any CPU.Deploy.0 = Release|x86
		{91DE5D87-9D2C-467A-A41C-F34AFF262251}.Release|ARM.ActiveCfg = Release|ARM
		{91DE5D87-9D2C-467A-A41C-F34AFF262251}.Release|ARM.Build.0 = Release|ARM
		{91DE5D87-9D2C-467A-A41C-F34AFF262251}.Release|ARM.Deploy.0 = Release|ARM
		{91DE5D87-9D2C-467A-A41C-F34AFF262251}.Release|iPhone.ActiveCfg = Release|x86
		{91DE5D87-9D2C-467A-A41C-F34AFF262251}.Release|iPhone.Build.0 = Release|x86
		{91DE5D87-9D2C-467A-A41C-F34AFF262251}.Release|iPhone.Deploy.0 = Release|x86
		{91DE5D87-9D2C-467A-A41C-F34AFF262251}.Release|iPhoneSimulator.ActiveCfg = Release|x86
		{91DE5D87-9D2C-467A-A41C-F34AFF262251}.Release|iPhoneSimulator.Build.0 = Release|x86
		{91DE5D87-9D2C-467A-A41C-F34AFF262251}.Release|iPhoneSimulator.Deploy.0 = Release|x86
		{91DE5D87-9D2C-467A-A41C-F34AFF262251}.Release|x64.ActiveCfg = Release|x64
		{91DE5D87-9D2C-467A-A41C-F34AFF262251}.Release|x64.Build.0 = Release|x64
		{91DE5D87-9D2C-467A-A41C-F34AFF262251}.Release|x64.Deploy.0 = Release|x64
		{91DE5D87-9D2C-467A-A41C-F34AFF262251}.Release|x86.ActiveCfg = Release|x86
		{91DE5D87-9D2C-467A-A41C-F34AFF262251}.Release|x86.Build.0 = Release|x86
		{91DE5D87-9D2C-467A-A41C-F34AFF262251}.Release|x86.Deploy.0 = Release|x86
		{DC07E7BD-7C28-4A88-B8B1-17B776CB8CB0}.Debug|Any CPU.ActiveCfg = Debug|Any CPU
		{DC07E7BD-7C28-4A88-B8B1-17B776CB8CB0}.Debug|Any CPU.Build.0 = Debug|Any CPU
		{DC07E7BD-7C28-4A88-B8B1-17B776CB8CB0}.Debug|Any CPU.Deploy.0 = Debug|Any CPU
		{DC07E7BD-7C28-4A88-B8B1-17B776CB8CB0}.Debug|ARM.ActiveCfg = Debug|Any CPU
		{DC07E7BD-7C28-4A88-B8B1-17B776CB8CB0}.Debug|ARM.Build.0 = Debug|Any CPU
		{DC07E7BD-7C28-4A88-B8B1-17B776CB8CB0}.Debug|ARM.Deploy.0 = Debug|Any CPU
		{DC07E7BD-7C28-4A88-B8B1-17B776CB8CB0}.Debug|iPhone.ActiveCfg = Debug|Any CPU
		{DC07E7BD-7C28-4A88-B8B1-17B776CB8CB0}.Debug|iPhone.Build.0 = Debug|Any CPU
		{DC07E7BD-7C28-4A88-B8B1-17B776CB8CB0}.Debug|iPhone.Deploy.0 = Debug|Any CPU
		{DC07E7BD-7C28-4A88-B8B1-17B776CB8CB0}.Debug|iPhoneSimulator.ActiveCfg = Debug|Any CPU
		{DC07E7BD-7C28-4A88-B8B1-17B776CB8CB0}.Debug|iPhoneSimulator.Build.0 = Debug|Any CPU
		{DC07E7BD-7C28-4A88-B8B1-17B776CB8CB0}.Debug|iPhoneSimulator.Deploy.0 = Debug|Any CPU
		{DC07E7BD-7C28-4A88-B8B1-17B776CB8CB0}.Debug|x64.ActiveCfg = Debug|Any CPU
		{DC07E7BD-7C28-4A88-B8B1-17B776CB8CB0}.Debug|x64.Build.0 = Debug|Any CPU
		{DC07E7BD-7C28-4A88-B8B1-17B776CB8CB0}.Debug|x64.Deploy.0 = Debug|Any CPU
		{DC07E7BD-7C28-4A88-B8B1-17B776CB8CB0}.Debug|x86.ActiveCfg = Debug|Any CPU
		{DC07E7BD-7C28-4A88-B8B1-17B776CB8CB0}.Debug|x86.Build.0 = Debug|Any CPU
		{DC07E7BD-7C28-4A88-B8B1-17B776CB8CB0}.Debug|x86.Deploy.0 = Debug|Any CPU
		{DC07E7BD-7C28-4A88-B8B1-17B776CB8CB0}.Release|Any CPU.ActiveCfg = Release|Any CPU
		{DC07E7BD-7C28-4A88-B8B1-17B776CB8CB0}.Release|Any CPU.Build.0 = Release|Any CPU
		{DC07E7BD-7C28-4A88-B8B1-17B776CB8CB0}.Release|Any CPU.Deploy.0 = Release|Any CPU
		{DC07E7BD-7C28-4A88-B8B1-17B776CB8CB0}.Release|ARM.ActiveCfg = Release|Any CPU
		{DC07E7BD-7C28-4A88-B8B1-17B776CB8CB0}.Release|ARM.Build.0 = Release|Any CPU
		{DC07E7BD-7C28-4A88-B8B1-17B776CB8CB0}.Release|ARM.Deploy.0 = Release|Any CPU
		{DC07E7BD-7C28-4A88-B8B1-17B776CB8CB0}.Release|iPhone.ActiveCfg = Release|Any CPU
		{DC07E7BD-7C28-4A88-B8B1-17B776CB8CB0}.Release|iPhone.Build.0 = Release|Any CPU
		{DC07E7BD-7C28-4A88-B8B1-17B776CB8CB0}.Release|iPhone.Deploy.0 = Release|Any CPU
		{DC07E7BD-7C28-4A88-B8B1-17B776CB8CB0}.Release|iPhoneSimulator.ActiveCfg = Release|Any CPU
		{DC07E7BD-7C28-4A88-B8B1-17B776CB8CB0}.Release|iPhoneSimulator.Build.0 = Release|Any CPU
		{DC07E7BD-7C28-4A88-B8B1-17B776CB8CB0}.Release|iPhoneSimulator.Deploy.0 = Release|Any CPU
		{DC07E7BD-7C28-4A88-B8B1-17B776CB8CB0}.Release|x64.ActiveCfg = Release|Any CPU
		{DC07E7BD-7C28-4A88-B8B1-17B776CB8CB0}.Release|x64.Build.0 = Release|Any CPU
		{DC07E7BD-7C28-4A88-B8B1-17B776CB8CB0}.Release|x64.Deploy.0 = Release|Any CPU
		{DC07E7BD-7C28-4A88-B8B1-17B776CB8CB0}.Release|x86.ActiveCfg = Release|Any CPU
		{DC07E7BD-7C28-4A88-B8B1-17B776CB8CB0}.Release|x86.Build.0 = Release|Any CPU
		{DC07E7BD-7C28-4A88-B8B1-17B776CB8CB0}.Release|x86.Deploy.0 = Release|Any CPU
		{04ADDE3D-EE58-4F0F-B52A-CC89BFD28F70}.Debug|Any CPU.ActiveCfg = Debug|iPhone
		{04ADDE3D-EE58-4F0F-B52A-CC89BFD28F70}.Debug|Any CPU.Build.0 = Debug|iPhone
		{04ADDE3D-EE58-4F0F-B52A-CC89BFD28F70}.Debug|Any CPU.Deploy.0 = Debug|iPhone
		{04ADDE3D-EE58-4F0F-B52A-CC89BFD28F70}.Debug|ARM.ActiveCfg = Debug|iPhoneSimulator
		{04ADDE3D-EE58-4F0F-B52A-CC89BFD28F70}.Debug|ARM.Build.0 = Debug|iPhoneSimulator
		{04ADDE3D-EE58-4F0F-B52A-CC89BFD28F70}.Debug|ARM.Deploy.0 = Debug|iPhoneSimulator
		{04ADDE3D-EE58-4F0F-B52A-CC89BFD28F70}.Debug|iPhone.ActiveCfg = Debug|iPhone
		{04ADDE3D-EE58-4F0F-B52A-CC89BFD28F70}.Debug|iPhone.Build.0 = Debug|iPhone
		{04ADDE3D-EE58-4F0F-B52A-CC89BFD28F70}.Debug|iPhone.Deploy.0 = Debug|iPhone
		{04ADDE3D-EE58-4F0F-B52A-CC89BFD28F70}.Debug|iPhoneSimulator.ActiveCfg = Debug|iPhoneSimulator
		{04ADDE3D-EE58-4F0F-B52A-CC89BFD28F70}.Debug|iPhoneSimulator.Build.0 = Debug|iPhoneSimulator
		{04ADDE3D-EE58-4F0F-B52A-CC89BFD28F70}.Debug|iPhoneSimulator.Deploy.0 = Debug|iPhoneSimulator
		{04ADDE3D-EE58-4F0F-B52A-CC89BFD28F70}.Debug|x64.ActiveCfg = Debug|iPhone
		{04ADDE3D-EE58-4F0F-B52A-CC89BFD28F70}.Debug|x64.Build.0 = Debug|iPhone
		{04ADDE3D-EE58-4F0F-B52A-CC89BFD28F70}.Debug|x64.Deploy.0 = Debug|iPhone
		{04ADDE3D-EE58-4F0F-B52A-CC89BFD28F70}.Debug|x86.ActiveCfg = Debug|iPhone
		{04ADDE3D-EE58-4F0F-B52A-CC89BFD28F70}.Debug|x86.Build.0 = Debug|iPhone
		{04ADDE3D-EE58-4F0F-B52A-CC89BFD28F70}.Debug|x86.Deploy.0 = Debug|iPhone
		{04ADDE3D-EE58-4F0F-B52A-CC89BFD28F70}.Release|Any CPU.ActiveCfg = Release|iPhone
		{04ADDE3D-EE58-4F0F-B52A-CC89BFD28F70}.Release|Any CPU.Build.0 = Release|iPhone
		{04ADDE3D-EE58-4F0F-B52A-CC89BFD28F70}.Release|Any CPU.Deploy.0 = Release|iPhone
		{04ADDE3D-EE58-4F0F-B52A-CC89BFD28F70}.Release|ARM.ActiveCfg = Release|iPhone
		{04ADDE3D-EE58-4F0F-B52A-CC89BFD28F70}.Release|ARM.Build.0 = Release|iPhone
		{04ADDE3D-EE58-4F0F-B52A-CC89BFD28F70}.Release|ARM.Deploy.0 = Release|iPhone
		{04ADDE3D-EE58-4F0F-B52A-CC89BFD28F70}.Release|iPhone.ActiveCfg = Release|iPhone
		{04ADDE3D-EE58-4F0F-B52A-CC89BFD28F70}.Release|iPhone.Build.0 = Release|iPhone
		{04ADDE3D-EE58-4F0F-B52A-CC89BFD28F70}.Release|iPhone.Deploy.0 = Release|iPhone
		{04ADDE3D-EE58-4F0F-B52A-CC89BFD28F70}.Release|iPhoneSimulator.ActiveCfg = Release|iPhoneSimulator
		{04ADDE3D-EE58-4F0F-B52A-CC89BFD28F70}.Release|iPhoneSimulator.Build.0 = Release|iPhoneSimulator
		{04ADDE3D-EE58-4F0F-B52A-CC89BFD28F70}.Release|iPhoneSimulator.Deploy.0 = Release|iPhoneSimulator
		{04ADDE3D-EE58-4F0F-B52A-CC89BFD28F70}.Release|x64.ActiveCfg = Release|iPhone
		{04ADDE3D-EE58-4F0F-B52A-CC89BFD28F70}.Release|x64.Build.0 = Release|iPhone
		{04ADDE3D-EE58-4F0F-B52A-CC89BFD28F70}.Release|x64.Deploy.0 = Release|iPhone
		{04ADDE3D-EE58-4F0F-B52A-CC89BFD28F70}.Release|x86.ActiveCfg = Release|iPhone
		{04ADDE3D-EE58-4F0F-B52A-CC89BFD28F70}.Release|x86.Build.0 = Release|iPhone
		{04ADDE3D-EE58-4F0F-B52A-CC89BFD28F70}.Release|x86.Deploy.0 = Release|iPhone
		{DFA188EE-BE11-4379-BA58-F5CBA030E727}.Debug|Any CPU.ActiveCfg = Debug|Any CPU
		{DFA188EE-BE11-4379-BA58-F5CBA030E727}.Debug|Any CPU.Build.0 = Debug|Any CPU
		{DFA188EE-BE11-4379-BA58-F5CBA030E727}.Debug|Any CPU.Deploy.0 = Debug|Any CPU
		{DFA188EE-BE11-4379-BA58-F5CBA030E727}.Debug|ARM.ActiveCfg = Debug|Any CPU
		{DFA188EE-BE11-4379-BA58-F5CBA030E727}.Debug|ARM.Build.0 = Debug|Any CPU
		{DFA188EE-BE11-4379-BA58-F5CBA030E727}.Debug|ARM.Deploy.0 = Debug|Any CPU
		{DFA188EE-BE11-4379-BA58-F5CBA030E727}.Debug|iPhone.ActiveCfg = Debug|Any CPU
		{DFA188EE-BE11-4379-BA58-F5CBA030E727}.Debug|iPhone.Build.0 = Debug|Any CPU
		{DFA188EE-BE11-4379-BA58-F5CBA030E727}.Debug|iPhone.Deploy.0 = Debug|Any CPU
		{DFA188EE-BE11-4379-BA58-F5CBA030E727}.Debug|iPhoneSimulator.ActiveCfg = Debug|Any CPU
		{DFA188EE-BE11-4379-BA58-F5CBA030E727}.Debug|iPhoneSimulator.Build.0 = Debug|Any CPU
		{DFA188EE-BE11-4379-BA58-F5CBA030E727}.Debug|iPhoneSimulator.Deploy.0 = Debug|Any CPU
		{DFA188EE-BE11-4379-BA58-F5CBA030E727}.Debug|x64.ActiveCfg = Debug|Any CPU
		{DFA188EE-BE11-4379-BA58-F5CBA030E727}.Debug|x64.Build.0 = Debug|Any CPU
		{DFA188EE-BE11-4379-BA58-F5CBA030E727}.Debug|x64.Deploy.0 = Debug|Any CPU
		{DFA188EE-BE11-4379-BA58-F5CBA030E727}.Debug|x86.ActiveCfg = Debug|Any CPU
		{DFA188EE-BE11-4379-BA58-F5CBA030E727}.Debug|x86.Build.0 = Debug|Any CPU
		{DFA188EE-BE11-4379-BA58-F5CBA030E727}.Debug|x86.Deploy.0 = Debug|Any CPU
		{DFA188EE-BE11-4379-BA58-F5CBA030E727}.Release|Any CPU.ActiveCfg = Release|Any CPU
		{DFA188EE-BE11-4379-BA58-F5CBA030E727}.Release|Any CPU.Build.0 = Release|Any CPU
		{DFA188EE-BE11-4379-BA58-F5CBA030E727}.Release|Any CPU.Deploy.0 = Release|Any CPU
		{DFA188EE-BE11-4379-BA58-F5CBA030E727}.Release|ARM.ActiveCfg = Release|Any CPU
		{DFA188EE-BE11-4379-BA58-F5CBA030E727}.Release|ARM.Build.0 = Release|Any CPU
		{DFA188EE-BE11-4379-BA58-F5CBA030E727}.Release|ARM.Deploy.0 = Release|Any CPU
		{DFA188EE-BE11-4379-BA58-F5CBA030E727}.Release|iPhone.ActiveCfg = Release|Any CPU
		{DFA188EE-BE11-4379-BA58-F5CBA030E727}.Release|iPhone.Build.0 = Release|Any CPU
		{DFA188EE-BE11-4379-BA58-F5CBA030E727}.Release|iPhone.Deploy.0 = Release|Any CPU
		{DFA188EE-BE11-4379-BA58-F5CBA030E727}.Release|iPhoneSimulator.ActiveCfg = Release|Any CPU
		{DFA188EE-BE11-4379-BA58-F5CBA030E727}.Release|iPhoneSimulator.Build.0 = Release|Any CPU
		{DFA188EE-BE11-4379-BA58-F5CBA030E727}.Release|iPhoneSimulator.Deploy.0 = Release|Any CPU
		{DFA188EE-BE11-4379-BA58-F5CBA030E727}.Release|x64.ActiveCfg = Release|Any CPU
		{DFA188EE-BE11-4379-BA58-F5CBA030E727}.Release|x64.Build.0 = Release|Any CPU
		{DFA188EE-BE11-4379-BA58-F5CBA030E727}.Release|x64.Deploy.0 = Release|Any CPU
		{DFA188EE-BE11-4379-BA58-F5CBA030E727}.Release|x86.ActiveCfg = Release|Any CPU
		{DFA188EE-BE11-4379-BA58-F5CBA030E727}.Release|x86.Build.0 = Release|Any CPU
		{DFA188EE-BE11-4379-BA58-F5CBA030E727}.Release|x86.Deploy.0 = Release|Any CPU
	EndGlobalSection
	GlobalSection(SolutionProperties) = preSolution
		HideSolutionNode = FALSE
	EndGlobalSection
	GlobalSection(ExtensibilityGlobals) = postSolution
		SolutionGuid = {F2498D25-B403-449B-BB76-ABF97314D583}
	EndGlobalSection
EndGlobal
