
Microsoft Visual Studio Solution File, Format Version 12.00
# Visual Studio 15
VisualStudioVersion = 15.0.28010.2016
MinimumVisualStudioVersion = 10.0.40219.1
Project("{FAE04EC0-301F-11D3-BF4B-00C04F79EFBC}") = "ACE.UWP", "ACE\ACE.UWP\ACE.UWP.csproj", "{C3D2AD9D-846D-467C-962B-0DC8BF5A06FC}"
	ProjectSection(ProjectDependencies) = postProject
		{3A6E8B29-C1A1-4997-A9DE-74973405E4A1} = {3A6E8B29-C1A1-4997-A9DE-74973405E4A1}
		{EC888482-C21B-4840-AA9A-A401677B15F1} = {EC888482-C21B-4840-AA9A-A401677B15F1}
	EndProjectSection
EndProject
Project("{9A19103F-16F7-4668-BE54-9A1E7A4F7556}") = "ACE", "ACE\ACE\ACE.csproj", "{DEADA6F0-040C-49BA-BF24-34AE12350268}"
	ProjectSection(ProjectDependencies) = postProject
		{53DA1E6D-067B-419B-B9DC-E2FD24A21FFE} = {53DA1E6D-067B-419B-B9DC-E2FD24A21FFE}
	EndProjectSection
EndProject
Project("{9A19103F-16F7-4668-BE54-9A1E7A4F7556}") = "Dwarf", "..\Dwarf\Dwarf.csproj", "{53DA1E6D-067B-419B-B9DC-E2FD24A21FFE}"
EndProject
Project("{9A19103F-16F7-4668-BE54-9A1E7A4F7556}") = "Druid", "..\Druid\Druid\Druid.csproj", "{A953D6BC-0F57-4B96-9F22-36338C57A143}"
EndProject
Project("{FAE04EC0-301F-11D3-BF4B-00C04F79EFBC}") = "Druid.UWP", "..\Druid\Druid.UWP\Druid.UWP.csproj", "{0B5041DA-67D1-4D61-B874-645BC54FFA60}"
EndProject
Project("{9A19103F-16F7-4668-BE54-9A1E7A4F7556}") = "Drums", "..\Drums\Drums\Drums.csproj", "{EC888482-C21B-4840-AA9A-A401677B15F1}"
	ProjectSection(ProjectDependencies) = postProject
		{53DA1E6D-067B-419B-B9DC-E2FD24A21FFE} = {53DA1E6D-067B-419B-B9DC-E2FD24A21FFE}
		{A953D6BC-0F57-4B96-9F22-36338C57A143} = {A953D6BC-0F57-4B96-9F22-36338C57A143}
	EndProjectSection
EndProject
Project("{9A19103F-16F7-4668-BE54-9A1E7A4F7556}") = "BingMapsRESTToolkit.Standard", "..\..\BingMapsRESTToolkit-dev\Source\BingMapsRESTToolkit.Standard\BingMapsRESTToolkit.Standard.csproj", "{3A6E8B29-C1A1-4997-A9DE-74973405E4A1}"
EndProject
Project("{FAE04EC0-301F-11D3-BF4B-00C04F79EFBC}") = "Templates", "..\Templates\Templates.csproj", "{E9465142-8DA0-4486-9B12-D6F103FB8B39}"
EndProject
Global
	GlobalSection(SolutionConfigurationPlatforms) = preSolution
		Debug|Any CPU = Debug|Any CPU
		Debug|ARM = Debug|ARM
		Debug|iPhone = Debug|iPhone
		Debug|iPhoneSimulator = Debug|iPhoneSimulator
		Debug|x64 = Debug|x64
		Debug|x86 = Debug|x86
		Release|Any CPU = Release|Any CPU
		Release|ARM = Release|ARM
		Release|iPhone = Release|iPhone
		Release|iPhoneSimulator = Release|iPhoneSimulator
		Release|x64 = Release|x64
		Release|x86 = Release|x86
	EndGlobalSection
	GlobalSection(ProjectConfigurationPlatforms) = postSolution
		{C3D2AD9D-846D-467C-962B-0DC8BF5A06FC}.Debug|Any CPU.ActiveCfg = Debug|x86
		{C3D2AD9D-846D-467C-962B-0DC8BF5A06FC}.Debug|Any CPU.Build.0 = Debug|x86
		{C3D2AD9D-846D-467C-962B-0DC8BF5A06FC}.Debug|Any CPU.Deploy.0 = Debug|x86
		{C3D2AD9D-846D-467C-962B-0DC8BF5A06FC}.Debug|ARM.ActiveCfg = Debug|ARM
		{C3D2AD9D-846D-467C-962B-0DC8BF5A06FC}.Debug|ARM.Build.0 = Debug|ARM
		{C3D2AD9D-846D-467C-962B-0DC8BF5A06FC}.Debug|ARM.Deploy.0 = Debug|ARM
		{C3D2AD9D-846D-467C-962B-0DC8BF5A06FC}.Debug|iPhone.ActiveCfg = Debug|x86
		{C3D2AD9D-846D-467C-962B-0DC8BF5A06FC}.Debug|iPhone.Build.0 = Debug|x86
		{C3D2AD9D-846D-467C-962B-0DC8BF5A06FC}.Debug|iPhone.Deploy.0 = Debug|x86
		{C3D2AD9D-846D-467C-962B-0DC8BF5A06FC}.Debug|iPhoneSimulator.ActiveCfg = Debug|x86
		{C3D2AD9D-846D-467C-962B-0DC8BF5A06FC}.Debug|iPhoneSimulator.Build.0 = Debug|x86
		{C3D2AD9D-846D-467C-962B-0DC8BF5A06FC}.Debug|iPhoneSimulator.Deploy.0 = Debug|x86
		{C3D2AD9D-846D-467C-962B-0DC8BF5A06FC}.Debug|x64.ActiveCfg = Debug|x64
		{C3D2AD9D-846D-467C-962B-0DC8BF5A06FC}.Debug|x64.Build.0 = Debug|x64
		{C3D2AD9D-846D-467C-962B-0DC8BF5A06FC}.Debug|x64.Deploy.0 = Debug|x64
		{C3D2AD9D-846D-467C-962B-0DC8BF5A06FC}.Debug|x86.ActiveCfg = Debug|x86
		{C3D2AD9D-846D-467C-962B-0DC8BF5A06FC}.Debug|x86.Build.0 = Debug|x86
		{C3D2AD9D-846D-467C-962B-0DC8BF5A06FC}.Debug|x86.Deploy.0 = Debug|x86
		{C3D2AD9D-846D-467C-962B-0DC8BF5A06FC}.Release|Any CPU.ActiveCfg = Release|x86
		{C3D2AD9D-846D-467C-962B-0DC8BF5A06FC}.Release|Any CPU.Build.0 = Release|x86
		{C3D2AD9D-846D-467C-962B-0DC8BF5A06FC}.Release|Any CPU.Deploy.0 = Release|x86
		{C3D2AD9D-846D-467C-962B-0DC8BF5A06FC}.Release|ARM.ActiveCfg = Release|ARM
		{C3D2AD9D-846D-467C-962B-0DC8BF5A06FC}.Release|ARM.Build.0 = Release|ARM
		{C3D2AD9D-846D-467C-962B-0DC8BF5A06FC}.Release|ARM.Deploy.0 = Release|ARM
		{C3D2AD9D-846D-467C-962B-0DC8BF5A06FC}.Release|iPhone.ActiveCfg = Release|x86
		{C3D2AD9D-846D-467C-962B-0DC8BF5A06FC}.Release|iPhone.Build.0 = Release|x86
		{C3D2AD9D-846D-467C-962B-0DC8BF5A06FC}.Release|iPhone.Deploy.0 = Release|x86
		{C3D2AD9D-846D-467C-962B-0DC8BF5A06FC}.Release|iPhoneSimulator.ActiveCfg = Release|x86
		{C3D2AD9D-846D-467C-962B-0DC8BF5A06FC}.Release|iPhoneSimulator.Build.0 = Release|x86
		{C3D2AD9D-846D-467C-962B-0DC8BF5A06FC}.Release|iPhoneSimulator.Deploy.0 = Release|x86
		{C3D2AD9D-846D-467C-962B-0DC8BF5A06FC}.Release|x64.ActiveCfg = Release|x64
		{C3D2AD9D-846D-467C-962B-0DC8BF5A06FC}.Release|x64.Build.0 = Release|x64
		{C3D2AD9D-846D-467C-962B-0DC8BF5A06FC}.Release|x64.Deploy.0 = Release|x64
		{C3D2AD9D-846D-467C-962B-0DC8BF5A06FC}.Release|x86.ActiveCfg = Release|x86
		{C3D2AD9D-846D-467C-962B-0DC8BF5A06FC}.Release|x86.Build.0 = Release|x86
		{C3D2AD9D-846D-467C-962B-0DC8BF5A06FC}.Release|x86.Deploy.0 = Release|x86
		{DEADA6F0-040C-49BA-BF24-34AE12350268}.Debug|Any CPU.ActiveCfg = Debug|Any CPU
		{DEADA6F0-040C-49BA-BF24-34AE12350268}.Debug|Any CPU.Build.0 = Debug|Any CPU
		{DEADA6F0-040C-49BA-BF24-34AE12350268}.Debug|Any CPU.Deploy.0 = Debug|Any CPU
		{DEADA6F0-040C-49BA-BF24-34AE12350268}.Debug|ARM.ActiveCfg = Debug|Any CPU
		{DEADA6F0-040C-49BA-BF24-34AE12350268}.Debug|ARM.Build.0 = Debug|Any CPU
		{DEADA6F0-040C-49BA-BF24-34AE12350268}.Debug|ARM.Deploy.0 = Debug|Any CPU
		{DEADA6F0-040C-49BA-BF24-34AE12350268}.Debug|iPhone.ActiveCfg = Debug|Any CPU
		{DEADA6F0-040C-49BA-BF24-34AE12350268}.Debug|iPhone.Build.0 = Debug|Any CPU
		{DEADA6F0-040C-49BA-BF24-34AE12350268}.Debug|iPhone.Deploy.0 = Debug|Any CPU
		{DEADA6F0-040C-49BA-BF24-34AE12350268}.Debug|iPhoneSimulator.ActiveCfg = Debug|Any CPU
		{DEADA6F0-040C-49BA-BF24-34AE12350268}.Debug|iPhoneSimulator.Build.0 = Debug|Any CPU
		{DEADA6F0-040C-49BA-BF24-34AE12350268}.Debug|iPhoneSimulator.Deploy.0 = Debug|Any CPU
		{DEADA6F0-040C-49BA-BF24-34AE12350268}.Debug|x64.ActiveCfg = Debug|Any CPU
		{DEADA6F0-040C-49BA-BF24-34AE12350268}.Debug|x64.Build.0 = Debug|Any CPU
		{DEADA6F0-040C-49BA-BF24-34AE12350268}.Debug|x64.Deploy.0 = Debug|Any CPU
		{DEADA6F0-040C-49BA-BF24-34AE12350268}.Debug|x86.ActiveCfg = Debug|Any CPU
		{DEADA6F0-040C-49BA-BF24-34AE12350268}.Debug|x86.Build.0 = Debug|Any CPU
		{DEADA6F0-040C-49BA-BF24-34AE12350268}.Debug|x86.Deploy.0 = Debug|Any CPU
		{DEADA6F0-040C-49BA-BF24-34AE12350268}.Release|Any CPU.ActiveCfg = Release|Any CPU
		{DEADA6F0-040C-49BA-BF24-34AE12350268}.Release|Any CPU.Build.0 = Release|Any CPU
		{DEADA6F0-040C-49BA-BF24-34AE12350268}.Release|Any CPU.Deploy.0 = Release|Any CPU
		{DEADA6F0-040C-49BA-BF24-34AE12350268}.Release|ARM.ActiveCfg = Release|Any CPU
		{DEADA6F0-040C-49BA-BF24-34AE12350268}.Release|ARM.Build.0 = Release|Any CPU
		{DEADA6F0-040C-49BA-BF24-34AE12350268}.Release|ARM.Deploy.0 = Release|Any CPU
		{DEADA6F0-040C-49BA-BF24-34AE12350268}.Release|iPhone.ActiveCfg = Release|Any CPU
		{DEADA6F0-040C-49BA-BF24-34AE12350268}.Release|iPhone.Build.0 = Release|Any CPU
		{DEADA6F0-040C-49BA-BF24-34AE12350268}.Release|iPhone.Deploy.0 = Release|Any CPU
		{DEADA6F0-040C-49BA-BF24-34AE12350268}.Release|iPhoneSimulator.ActiveCfg = Release|Any CPU
		{DEADA6F0-040C-49BA-BF24-34AE12350268}.Release|iPhoneSimulator.Build.0 = Release|Any CPU
		{DEADA6F0-040C-49BA-BF24-34AE12350268}.Release|iPhoneSimulator.Deploy.0 = Release|Any CPU
		{DEADA6F0-040C-49BA-BF24-34AE12350268}.Release|x64.ActiveCfg = Release|Any CPU
		{DEADA6F0-040C-49BA-BF24-34AE12350268}.Release|x64.Build.0 = Release|Any CPU
		{DEADA6F0-040C-49BA-BF24-34AE12350268}.Release|x64.Deploy.0 = Release|Any CPU
		{DEADA6F0-040C-49BA-BF24-34AE12350268}.Release|x86.ActiveCfg = Release|Any CPU
		{DEADA6F0-040C-49BA-BF24-34AE12350268}.Release|x86.Build.0 = Release|Any CPU
		{DEADA6F0-040C-49BA-BF24-34AE12350268}.Release|x86.Deploy.0 = Release|Any CPU
		{53DA1E6D-067B-419B-B9DC-E2FD24A21FFE}.Debug|Any CPU.ActiveCfg = Debug|Any CPU
		{53DA1E6D-067B-419B-B9DC-E2FD24A21FFE}.Debug|Any CPU.Build.0 = Debug|Any CPU
		{53DA1E6D-067B-419B-B9DC-E2FD24A21FFE}.Debug|ARM.ActiveCfg = Debug|Any CPU
		{53DA1E6D-067B-419B-B9DC-E2FD24A21FFE}.Debug|ARM.Build.0 = Debug|Any CPU
		{53DA1E6D-067B-419B-B9DC-E2FD24A21FFE}.Debug|iPhone.ActiveCfg = Debug|Any CPU
		{53DA1E6D-067B-419B-B9DC-E2FD24A21FFE}.Debug|iPhone.Build.0 = Debug|Any CPU
		{53DA1E6D-067B-419B-B9DC-E2FD24A21FFE}.Debug|iPhoneSimulator.ActiveCfg = Debug|Any CPU
		{53DA1E6D-067B-419B-B9DC-E2FD24A21FFE}.Debug|iPhoneSimulator.Build.0 = Debug|Any CPU
		{53DA1E6D-067B-419B-B9DC-E2FD24A21FFE}.Debug|x64.ActiveCfg = Debug|Any CPU
		{53DA1E6D-067B-419B-B9DC-E2FD24A21FFE}.Debug|x64.Build.0 = Debug|Any CPU
		{53DA1E6D-067B-419B-B9DC-E2FD24A21FFE}.Debug|x86.ActiveCfg = Debug|Any CPU
		{53DA1E6D-067B-419B-B9DC-E2FD24A21FFE}.Debug|x86.Build.0 = Debug|Any CPU
		{53DA1E6D-067B-419B-B9DC-E2FD24A21FFE}.Release|Any CPU.ActiveCfg = Release|Any CPU
		{53DA1E6D-067B-419B-B9DC-E2FD24A21FFE}.Release|Any CPU.Build.0 = Release|Any CPU
		{53DA1E6D-067B-419B-B9DC-E2FD24A21FFE}.Release|ARM.ActiveCfg = Release|Any CPU
		{53DA1E6D-067B-419B-B9DC-E2FD24A21FFE}.Release|ARM.Build.0 = Release|Any CPU
		{53DA1E6D-067B-419B-B9DC-E2FD24A21FFE}.Release|iPhone.ActiveCfg = Release|Any CPU
		{53DA1E6D-067B-419B-B9DC-E2FD24A21FFE}.Release|iPhone.Build.0 = Release|Any CPU
		{53DA1E6D-067B-419B-B9DC-E2FD24A21FFE}.Release|iPhoneSimulator.ActiveCfg = Release|Any CPU
		{53DA1E6D-067B-419B-B9DC-E2FD24A21FFE}.Release|iPhoneSimulator.Build.0 = Release|Any CPU
		{53DA1E6D-067B-419B-B9DC-E2FD24A21FFE}.Release|x64.ActiveCfg = Release|Any CPU
		{53DA1E6D-067B-419B-B9DC-E2FD24A21FFE}.Release|x64.Build.0 = Release|Any CPU
		{53DA1E6D-067B-419B-B9DC-E2FD24A21FFE}.Release|x86.ActiveCfg = Release|Any CPU
		{53DA1E6D-067B-419B-B9DC-E2FD24A21FFE}.Release|x86.Build.0 = Release|Any CPU
		{A953D6BC-0F57-4B96-9F22-36338C57A143}.Debug|Any CPU.ActiveCfg = Debug|Any CPU
		{A953D6BC-0F57-4B96-9F22-36338C57A143}.Debug|Any CPU.Build.0 = Debug|Any CPU
		{A953D6BC-0F57-4B96-9F22-36338C57A143}.Debug|ARM.ActiveCfg = Debug|Any CPU
		{A953D6BC-0F57-4B96-9F22-36338C57A143}.Debug|ARM.Build.0 = Debug|Any CPU
		{A953D6BC-0F57-4B96-9F22-36338C57A143}.Debug|iPhone.ActiveCfg = Debug|Any CPU
		{A953D6BC-0F57-4B96-9F22-36338C57A143}.Debug|iPhone.Build.0 = Debug|Any CPU
		{A953D6BC-0F57-4B96-9F22-36338C57A143}.Debug|iPhoneSimulator.ActiveCfg = Debug|Any CPU
		{A953D6BC-0F57-4B96-9F22-36338C57A143}.Debug|iPhoneSimulator.Build.0 = Debug|Any CPU
		{A953D6BC-0F57-4B96-9F22-36338C57A143}.Debug|x64.ActiveCfg = Debug|Any CPU
		{A953D6BC-0F57-4B96-9F22-36338C57A143}.Debug|x64.Build.0 = Debug|Any CPU
		{A953D6BC-0F57-4B96-9F22-36338C57A143}.Debug|x86.ActiveCfg = Debug|Any CPU
		{A953D6BC-0F57-4B96-9F22-36338C57A143}.Debug|x86.Build.0 = Debug|Any CPU
		{A953D6BC-0F57-4B96-9F22-36338C57A143}.Release|Any CPU.ActiveCfg = Release|Any CPU
		{A953D6BC-0F57-4B96-9F22-36338C57A143}.Release|Any CPU.Build.0 = Release|Any CPU
		{A953D6BC-0F57-4B96-9F22-36338C57A143}.Release|ARM.ActiveCfg = Release|Any CPU
		{A953D6BC-0F57-4B96-9F22-36338C57A143}.Release|ARM.Build.0 = Release|Any CPU
		{A953D6BC-0F57-4B96-9F22-36338C57A143}.Release|iPhone.ActiveCfg = Release|Any CPU
		{A953D6BC-0F57-4B96-9F22-36338C57A143}.Release|iPhone.Build.0 = Release|Any CPU
		{A953D6BC-0F57-4B96-9F22-36338C57A143}.Release|iPhoneSimulator.ActiveCfg = Release|Any CPU
		{A953D6BC-0F57-4B96-9F22-36338C57A143}.Release|iPhoneSimulator.Build.0 = Release|Any CPU
		{A953D6BC-0F57-4B96-9F22-36338C57A143}.Release|x64.ActiveCfg = Release|Any CPU
		{A953D6BC-0F57-4B96-9F22-36338C57A143}.Release|x64.Build.0 = Release|Any CPU
		{A953D6BC-0F57-4B96-9F22-36338C57A143}.Release|x86.ActiveCfg = Release|Any CPU
		{A953D6BC-0F57-4B96-9F22-36338C57A143}.Release|x86.Build.0 = Release|Any CPU
		{0B5041DA-67D1-4D61-B874-645BC54FFA60}.Debug|Any CPU.ActiveCfg = Debug|Any CPU
		{0B5041DA-67D1-4D61-B874-645BC54FFA60}.Debug|Any CPU.Build.0 = Debug|Any CPU
		{0B5041DA-67D1-4D61-B874-645BC54FFA60}.Debug|ARM.ActiveCfg = Debug|ARM
		{0B5041DA-67D1-4D61-B874-645BC54FFA60}.Debug|ARM.Build.0 = Debug|ARM
		{0B5041DA-67D1-4D61-B874-645BC54FFA60}.Debug|iPhone.ActiveCfg = Debug|Any CPU
		{0B5041DA-67D1-4D61-B874-645BC54FFA60}.Debug|iPhone.Build.0 = Debug|Any CPU
		{0B5041DA-67D1-4D61-B874-645BC54FFA60}.Debug|iPhoneSimulator.ActiveCfg = Debug|Any CPU
		{0B5041DA-67D1-4D61-B874-645BC54FFA60}.Debug|iPhoneSimulator.Build.0 = Debug|Any CPU
		{0B5041DA-67D1-4D61-B874-645BC54FFA60}.Debug|x64.ActiveCfg = Debug|x64
		{0B5041DA-67D1-4D61-B874-645BC54FFA60}.Debug|x64.Build.0 = Debug|x64
		{0B5041DA-67D1-4D61-B874-645BC54FFA60}.Debug|x86.ActiveCfg = Debug|x86
		{0B5041DA-67D1-4D61-B874-645BC54FFA60}.Debug|x86.Build.0 = Debug|x86
		{0B5041DA-67D1-4D61-B874-645BC54FFA60}.Release|Any CPU.ActiveCfg = Release|Any CPU
		{0B5041DA-67D1-4D61-B874-645BC54FFA60}.Release|Any CPU.Build.0 = Release|Any CPU
		{0B5041DA-67D1-4D61-B874-645BC54FFA60}.Release|ARM.ActiveCfg = Release|ARM
		{0B5041DA-67D1-4D61-B874-645BC54FFA60}.Release|ARM.Build.0 = Release|ARM
		{0B5041DA-67D1-4D61-B874-645BC54FFA60}.Release|iPhone.ActiveCfg = Release|Any CPU
		{0B5041DA-67D1-4D61-B874-645BC54FFA60}.Release|iPhone.Build.0 = Release|Any CPU
		{0B5041DA-67D1-4D61-B874-645BC54FFA60}.Release|iPhoneSimulator.ActiveCfg = Release|Any CPU
		{0B5041DA-67D1-4D61-B874-645BC54FFA60}.Release|iPhoneSimulator.Build.0 = Release|Any CPU
		{0B5041DA-67D1-4D61-B874-645BC54FFA60}.Release|x64.ActiveCfg = Release|x64
		{0B5041DA-67D1-4D61-B874-645BC54FFA60}.Release|x64.Build.0 = Release|x64
		{0B5041DA-67D1-4D61-B874-645BC54FFA60}.Release|x86.ActiveCfg = Release|x86
		{0B5041DA-67D1-4D61-B874-645BC54FFA60}.Release|x86.Build.0 = Release|x86
		{EC888482-C21B-4840-AA9A-A401677B15F1}.Debug|Any CPU.ActiveCfg = Debug|Any CPU
		{EC888482-C21B-4840-AA9A-A401677B15F1}.Debug|Any CPU.Build.0 = Debug|Any CPU
		{EC888482-C21B-4840-AA9A-A401677B15F1}.Debug|ARM.ActiveCfg = Debug|Any CPU
		{EC888482-C21B-4840-AA9A-A401677B15F1}.Debug|ARM.Build.0 = Debug|Any CPU
		{EC888482-C21B-4840-AA9A-A401677B15F1}.Debug|iPhone.ActiveCfg = Debug|Any CPU
		{EC888482-C21B-4840-AA9A-A401677B15F1}.Debug|iPhone.Build.0 = Debug|Any CPU
		{EC888482-C21B-4840-AA9A-A401677B15F1}.Debug|iPhoneSimulator.ActiveCfg = Debug|Any CPU
		{EC888482-C21B-4840-AA9A-A401677B15F1}.Debug|iPhoneSimulator.Build.0 = Debug|Any CPU
		{EC888482-C21B-4840-AA9A-A401677B15F1}.Debug|x64.ActiveCfg = Debug|Any CPU
		{EC888482-C21B-4840-AA9A-A401677B15F1}.Debug|x64.Build.0 = Debug|Any CPU
		{EC888482-C21B-4840-AA9A-A401677B15F1}.Debug|x86.ActiveCfg = Debug|Any CPU
		{EC888482-C21B-4840-AA9A-A401677B15F1}.Debug|x86.Build.0 = Debug|Any CPU
		{EC888482-C21B-4840-AA9A-A401677B15F1}.Release|Any CPU.ActiveCfg = Release|Any CPU
		{EC888482-C21B-4840-AA9A-A401677B15F1}.Release|Any CPU.Build.0 = Release|Any CPU
		{EC888482-C21B-4840-AA9A-A401677B15F1}.Release|ARM.ActiveCfg = Release|Any CPU
		{EC888482-C21B-4840-AA9A-A401677B15F1}.Release|ARM.Build.0 = Release|Any CPU
		{EC888482-C21B-4840-AA9A-A401677B15F1}.Release|iPhone.ActiveCfg = Release|Any CPU
		{EC888482-C21B-4840-AA9A-A401677B15F1}.Release|iPhone.Build.0 = Release|Any CPU
		{EC888482-C21B-4840-AA9A-A401677B15F1}.Release|iPhoneSimulator.ActiveCfg = Release|Any CPU
		{EC888482-C21B-4840-AA9A-A401677B15F1}.Release|iPhoneSimulator.Build.0 = Release|Any CPU
		{EC888482-C21B-4840-AA9A-A401677B15F1}.Release|x64.ActiveCfg = Release|Any CPU
		{EC888482-C21B-4840-AA9A-A401677B15F1}.Release|x64.Build.0 = Release|Any CPU
		{EC888482-C21B-4840-AA9A-A401677B15F1}.Release|x86.ActiveCfg = Release|Any CPU
		{EC888482-C21B-4840-AA9A-A401677B15F1}.Release|x86.Build.0 = Release|Any CPU
		{3A6E8B29-C1A1-4997-A9DE-74973405E4A1}.Debug|Any CPU.ActiveCfg = Debug|Any CPU
		{3A6E8B29-C1A1-4997-A9DE-74973405E4A1}.Debug|Any CPU.Build.0 = Debug|Any CPU
		{3A6E8B29-C1A1-4997-A9DE-74973405E4A1}.Debug|ARM.ActiveCfg = Debug|Any CPU
		{3A6E8B29-C1A1-4997-A9DE-74973405E4A1}.Debug|ARM.Build.0 = Debug|Any CPU
		{3A6E8B29-C1A1-4997-A9DE-74973405E4A1}.Debug|iPhone.ActiveCfg = Debug|Any CPU
		{3A6E8B29-C1A1-4997-A9DE-74973405E4A1}.Debug|iPhone.Build.0 = Debug|Any CPU
		{3A6E8B29-C1A1-4997-A9DE-74973405E4A1}.Debug|iPhoneSimulator.ActiveCfg = Debug|Any CPU
		{3A6E8B29-C1A1-4997-A9DE-74973405E4A1}.Debug|iPhoneSimulator.Build.0 = Debug|Any CPU
		{3A6E8B29-C1A1-4997-A9DE-74973405E4A1}.Debug|x64.ActiveCfg = Debug|Any CPU
		{3A6E8B29-C1A1-4997-A9DE-74973405E4A1}.Debug|x64.Build.0 = Debug|Any CPU
		{3A6E8B29-C1A1-4997-A9DE-74973405E4A1}.Debug|x86.ActiveCfg = Debug|Any CPU
		{3A6E8B29-C1A1-4997-A9DE-74973405E4A1}.Debug|x86.Build.0 = Debug|Any CPU
		{3A6E8B29-C1A1-4997-A9DE-74973405E4A1}.Release|Any CPU.ActiveCfg = Release|Any CPU
		{3A6E8B29-C1A1-4997-A9DE-74973405E4A1}.Release|Any CPU.Build.0 = Release|Any CPU
		{3A6E8B29-C1A1-4997-A9DE-74973405E4A1}.Release|ARM.ActiveCfg = Release|Any CPU
		{3A6E8B29-C1A1-4997-A9DE-74973405E4A1}.Release|ARM.Build.0 = Release|Any CPU
		{3A6E8B29-C1A1-4997-A9DE-74973405E4A1}.Release|iPhone.ActiveCfg = Release|Any CPU
		{3A6E8B29-C1A1-4997-A9DE-74973405E4A1}.Release|iPhone.Build.0 = Release|Any CPU
		{3A6E8B29-C1A1-4997-A9DE-74973405E4A1}.Release|iPhoneSimulator.ActiveCfg = Release|Any CPU
		{3A6E8B29-C1A1-4997-A9DE-74973405E4A1}.Release|iPhoneSimulator.Build.0 = Release|Any CPU
		{3A6E8B29-C1A1-4997-A9DE-74973405E4A1}.Release|x64.ActiveCfg = Release|Any CPU
		{3A6E8B29-C1A1-4997-A9DE-74973405E4A1}.Release|x64.Build.0 = Release|Any CPU
		{3A6E8B29-C1A1-4997-A9DE-74973405E4A1}.Release|x86.ActiveCfg = Release|Any CPU
		{3A6E8B29-C1A1-4997-A9DE-74973405E4A1}.Release|x86.Build.0 = Release|Any CPU
		{E9465142-8DA0-4486-9B12-D6F103FB8B39}.Debug|Any CPU.ActiveCfg = Debug|Any CPU
		{E9465142-8DA0-4486-9B12-D6F103FB8B39}.Debug|Any CPU.Build.0 = Debug|Any CPU
		{E9465142-8DA0-4486-9B12-D6F103FB8B39}.Debug|ARM.ActiveCfg = Debug|Any CPU
		{E9465142-8DA0-4486-9B12-D6F103FB8B39}.Debug|ARM.Build.0 = Debug|Any CPU
		{E9465142-8DA0-4486-9B12-D6F103FB8B39}.Debug|iPhone.ActiveCfg = Debug|Any CPU
		{E9465142-8DA0-4486-9B12-D6F103FB8B39}.Debug|iPhone.Build.0 = Debug|Any CPU
		{E9465142-8DA0-4486-9B12-D6F103FB8B39}.Debug|iPhoneSimulator.ActiveCfg = Debug|Any CPU
		{E9465142-8DA0-4486-9B12-D6F103FB8B39}.Debug|iPhoneSimulator.Build.0 = Debug|Any CPU
		{E9465142-8DA0-4486-9B12-D6F103FB8B39}.Debug|x64.ActiveCfg = Debug|Any CPU
		{E9465142-8DA0-4486-9B12-D6F103FB8B39}.Debug|x64.Build.0 = Debug|Any CPU
		{E9465142-8DA0-4486-9B12-D6F103FB8B39}.Debug|x86.ActiveCfg = Debug|Any CPU
		{E9465142-8DA0-4486-9B12-D6F103FB8B39}.Debug|x86.Build.0 = Debug|Any CPU
		{E9465142-8DA0-4486-9B12-D6F103FB8B39}.Release|Any CPU.ActiveCfg = Release|Any CPU
		{E9465142-8DA0-4486-9B12-D6F103FB8B39}.Release|Any CPU.Build.0 = Release|Any CPU
		{E9465142-8DA0-4486-9B12-D6F103FB8B39}.Release|ARM.ActiveCfg = Release|Any CPU
		{E9465142-8DA0-4486-9B12-D6F103FB8B39}.Release|ARM.Build.0 = Release|Any CPU
		{E9465142-8DA0-4486-9B12-D6F103FB8B39}.Release|iPhone.ActiveCfg = Release|Any CPU
		{E9465142-8DA0-4486-9B12-D6F103FB8B39}.Release|iPhone.Build.0 = Release|Any CPU
		{E9465142-8DA0-4486-9B12-D6F103FB8B39}.Release|iPhoneSimulator.ActiveCfg = Release|Any CPU
		{E9465142-8DA0-4486-9B12-D6F103FB8B39}.Release|iPhoneSimulator.Build.0 = Release|Any CPU
		{E9465142-8DA0-4486-9B12-D6F103FB8B39}.Release|x64.ActiveCfg = Release|Any CPU
		{E9465142-8DA0-4486-9B12-D6F103FB8B39}.Release|x64.Build.0 = Release|Any CPU
		{E9465142-8DA0-4486-9B12-D6F103FB8B39}.Release|x86.ActiveCfg = Release|Any CPU
		{E9465142-8DA0-4486-9B12-D6F103FB8B39}.Release|x86.Build.0 = Release|Any CPU
	EndGlobalSection
	GlobalSection(SolutionProperties) = preSolution
		HideSolutionNode = FALSE
	EndGlobalSection
	GlobalSection(ExtensibilityGlobals) = postSolution
		SolutionGuid = {099B2222-E4C4-473D-B2B3-5D32E1A3D0A4}
	EndGlobalSection
EndGlobal
