
Microsoft Visual Studio Solution File, Format Version 12.00
# Visual Studio Version 16
VisualStudioVersion = 16.0.31321.278
MinimumVisualStudioVersion = 10.0.40219.1
Project("{FAE04EC0-301F-11D3-BF4B-00C04F79EFBC}") = "Buffy.UWP", "Buffy.UWP\Buffy.UWP.csproj", "{9F6D934C-2CAF-4447-8DCB-CA84F5807633}"
	ProjectSection(ProjectDependencies) = postProject
		{441E4404-F997-4325-B70A-C359A573D144} = {441E4404-F997-4325-B70A-C359A573D144}
		{4A3C28CF-4AF0-4AE9-B77E-85E7CFA6B432} = {4A3C28CF-4AF0-4AE9-B77E-85E7CFA6B432}
		{0B5041DA-67D1-4D61-B874-645BC54FFA60} = {0B5041DA-67D1-4D61-B874-645BC54FFA60}
		{11C423DF-69BD-411D-9061-1D3B8DB2A943} = {11C423DF-69BD-411D-9061-1D3B8DB2A943}
	EndProjectSection
EndProject
Project("{FAE04EC0-301F-11D3-BF4B-00C04F79EFBC}") = "Buffy.Android", "Buffy.Android\Buffy.Android.csproj", "{0921EFBF-AA17-4C9C-8BF1-B154AC4187FC}"
	ProjectSection(ProjectDependencies) = postProject
		{441E4404-F997-4325-B70A-C359A573D144} = {441E4404-F997-4325-B70A-C359A573D144}
		{C8A321D4-1B21-4817-ADB6-C62037593324} = {C8A321D4-1B21-4817-ADB6-C62037593324}
		{11C423DF-69BD-411D-9061-1D3B8DB2A943} = {11C423DF-69BD-411D-9061-1D3B8DB2A943}
	EndProjectSection
EndProject
Project("{FAE04EC0-301F-11D3-BF4B-00C04F79EFBC}") = "Buffy.iOS", "Buffy.iOS\Buffy.iOS.csproj", "{0BA55B30-050F-4650-A314-EE8623073AE2}"
EndProject
Project("{9A19103F-16F7-4668-BE54-9A1E7A4F7556}") = "Buffy", "Buffy\Buffy.csproj", "{F8FF84B2-6B84-4D21-B5FF-A404F36B39D3}"
	ProjectSection(ProjectDependencies) = postProject
		{441E4404-F997-4325-B70A-C359A573D144} = {441E4404-F997-4325-B70A-C359A573D144}
		{4A3C28CF-4AF0-4AE9-B77E-85E7CFA6B432} = {4A3C28CF-4AF0-4AE9-B77E-85E7CFA6B432}
		{11C423DF-69BD-411D-9061-1D3B8DB2A943} = {11C423DF-69BD-411D-9061-1D3B8DB2A943}
	EndProjectSection
EndProject
Project("{9A19103F-16F7-4668-BE54-9A1E7A4F7556}") = "Dwarf", "..\Dwarf\Dwarf.csproj", "{11C423DF-69BD-411D-9061-1D3B8DB2A943}"
EndProject
Project("{9A19103F-16F7-4668-BE54-9A1E7A4F7556}") = "Druid", "..\Druid\Druid\Druid.csproj", "{441E4404-F997-4325-B70A-C359A573D144}"
EndProject
Project("{FAE04EC0-301F-11D3-BF4B-00C04F79EFBC}") = "Druid.Android", "..\Druid\Druid.Android\Druid.Android.csproj", "{C8A321D4-1B21-4817-ADB6-C62037593324}"
EndProject
Project("{FAE04EC0-301F-11D3-BF4B-00C04F79EFBC}") = "Druid.UWP", "..\Druid\Druid.UWP\Druid.UWP.csproj", "{0B5041DA-67D1-4D61-B874-645BC54FFA60}"
EndProject
Project("{9A19103F-16F7-4668-BE54-9A1E7A4F7556}") = "Drudge", "..\Drudge\Drudge.csproj", "{4A3C28CF-4AF0-4AE9-B77E-85E7CFA6B432}"
EndProject
Global
	GlobalSection(SolutionConfigurationPlatforms) = preSolution
		Debug|Any CPU = Debug|Any CPU
		Debug|ARM = Debug|ARM
		Debug|iPhone = Debug|iPhone
		Debug|iPhoneSimulator = Debug|iPhoneSimulator
		Debug|x64 = Debug|x64
		Debug|x86 = Debug|x86
		Release|Any CPU = Release|Any CPU
		Release|ARM = Release|ARM
		Release|iPhone = Release|iPhone
		Release|iPhoneSimulator = Release|iPhoneSimulator
		Release|x64 = Release|x64
		Release|x86 = Release|x86
	EndGlobalSection
	GlobalSection(ProjectConfigurationPlatforms) = postSolution
		{9F6D934C-2CAF-4447-8DCB-CA84F5807633}.Debug|Any CPU.ActiveCfg = Debug|x86
		{9F6D934C-2CAF-4447-8DCB-CA84F5807633}.Debug|Any CPU.Build.0 = Debug|x86
		{9F6D934C-2CAF-4447-8DCB-CA84F5807633}.Debug|Any CPU.Deploy.0 = Debug|x86
		{9F6D934C-2CAF-4447-8DCB-CA84F5807633}.Debug|ARM.ActiveCfg = Debug|ARM
		{9F6D934C-2CAF-4447-8DCB-CA84F5807633}.Debug|ARM.Build.0 = Debug|ARM
		{9F6D934C-2CAF-4447-8DCB-CA84F5807633}.Debug|ARM.Deploy.0 = Debug|ARM
		{9F6D934C-2CAF-4447-8DCB-CA84F5807633}.Debug|iPhone.ActiveCfg = Debug|x86
		{9F6D934C-2CAF-4447-8DCB-CA84F5807633}.Debug|iPhone.Build.0 = Debug|x86
		{9F6D934C-2CAF-4447-8DCB-CA84F5807633}.Debug|iPhone.Deploy.0 = Debug|x86
		{9F6D934C-2CAF-4447-8DCB-CA84F5807633}.Debug|iPhoneSimulator.ActiveCfg = Debug|x86
		{9F6D934C-2CAF-4447-8DCB-CA84F5807633}.Debug|iPhoneSimulator.Build.0 = Debug|x86
		{9F6D934C-2CAF-4447-8DCB-CA84F5807633}.Debug|iPhoneSimulator.Deploy.0 = Debug|x86
		{9F6D934C-2CAF-4447-8DCB-CA84F5807633}.Debug|x64.ActiveCfg = Debug|x64
		{9F6D934C-2CAF-4447-8DCB-CA84F5807633}.Debug|x64.Build.0 = Debug|x64
		{9F6D934C-2CAF-4447-8DCB-CA84F5807633}.Debug|x64.Deploy.0 = Debug|x64
		{9F6D934C-2CAF-4447-8DCB-CA84F5807633}.Debug|x86.ActiveCfg = Debug|x86
		{9F6D934C-2CAF-4447-8DCB-CA84F5807633}.Debug|x86.Build.0 = Debug|x86
		{9F6D934C-2CAF-4447-8DCB-CA84F5807633}.Debug|x86.Deploy.0 = Debug|x86
		{9F6D934C-2CAF-4447-8DCB-CA84F5807633}.Release|Any CPU.ActiveCfg = Release|x86
		{9F6D934C-2CAF-4447-8DCB-CA84F5807633}.Release|Any CPU.Build.0 = Release|x86
		{9F6D934C-2CAF-4447-8DCB-CA84F5807633}.Release|Any CPU.Deploy.0 = Release|x86
		{9F6D934C-2CAF-4447-8DCB-CA84F5807633}.Release|ARM.ActiveCfg = Release|ARM
		{9F6D934C-2CAF-4447-8DCB-CA84F5807633}.Release|ARM.Build.0 = Release|ARM
		{9F6D934C-2CAF-4447-8DCB-CA84F5807633}.Release|ARM.Deploy.0 = Release|ARM
		{9F6D934C-2CAF-4447-8DCB-CA84F5807633}.Release|iPhone.ActiveCfg = Release|x86
		{9F6D934C-2CAF-4447-8DCB-CA84F5807633}.Release|iPhone.Build.0 = Release|x86
		{9F6D934C-2CAF-4447-8DCB-CA84F5807633}.Release|iPhone.Deploy.0 = Release|x86
		{9F6D934C-2CAF-4447-8DCB-CA84F5807633}.Release|iPhoneSimulator.ActiveCfg = Release|x86
		{9F6D934C-2CAF-4447-8DCB-CA84F5807633}.Release|iPhoneSimulator.Build.0 = Release|x86
		{9F6D934C-2CAF-4447-8DCB-CA84F5807633}.Release|iPhoneSimulator.Deploy.0 = Release|x86
		{9F6D934C-2CAF-4447-8DCB-CA84F5807633}.Release|x64.ActiveCfg = Release|x64
		{9F6D934C-2CAF-4447-8DCB-CA84F5807633}.Release|x64.Build.0 = Release|x64
		{9F6D934C-2CAF-4447-8DCB-CA84F5807633}.Release|x64.Deploy.0 = Release|x64
		{9F6D934C-2CAF-4447-8DCB-CA84F5807633}.Release|x86.ActiveCfg = Release|x86
		{9F6D934C-2CAF-4447-8DCB-CA84F5807633}.Release|x86.Build.0 = Release|x86
		{9F6D934C-2CAF-4447-8DCB-CA84F5807633}.Release|x86.Deploy.0 = Release|x86
		{0921EFBF-AA17-4C9C-8BF1-B154AC4187FC}.Debug|Any CPU.ActiveCfg = Debug|Any CPU
		{0921EFBF-AA17-4C9C-8BF1-B154AC4187FC}.Debug|Any CPU.Build.0 = Debug|Any CPU
		{0921EFBF-AA17-4C9C-8BF1-B154AC4187FC}.Debug|Any CPU.Deploy.0 = Debug|Any CPU
		{0921EFBF-AA17-4C9C-8BF1-B154AC4187FC}.Debug|ARM.ActiveCfg = Debug|Any CPU
		{0921EFBF-AA17-4C9C-8BF1-B154AC4187FC}.Debug|ARM.Build.0 = Debug|Any CPU
		{0921EFBF-AA17-4C9C-8BF1-B154AC4187FC}.Debug|ARM.Deploy.0 = Debug|Any CPU
		{0921EFBF-AA17-4C9C-8BF1-B154AC4187FC}.Debug|iPhone.ActiveCfg = Debug|Any CPU
		{0921EFBF-AA17-4C9C-8BF1-B154AC4187FC}.Debug|iPhone.Build.0 = Debug|Any CPU
		{0921EFBF-AA17-4C9C-8BF1-B154AC4187FC}.Debug|iPhone.Deploy.0 = Debug|Any CPU
		{0921EFBF-AA17-4C9C-8BF1-B154AC4187FC}.Debug|iPhoneSimulator.ActiveCfg = Debug|Any CPU
		{0921EFBF-AA17-4C9C-8BF1-B154AC4187FC}.Debug|iPhoneSimulator.Build.0 = Debug|Any CPU
		{0921EFBF-AA17-4C9C-8BF1-B154AC4187FC}.Debug|iPhoneSimulator.Deploy.0 = Debug|Any CPU
		{0921EFBF-AA17-4C9C-8BF1-B154AC4187FC}.Debug|x64.ActiveCfg = Debug|Any CPU
		{0921EFBF-AA17-4C9C-8BF1-B154AC4187FC}.Debug|x64.Build.0 = Debug|Any CPU
		{0921EFBF-AA17-4C9C-8BF1-B154AC4187FC}.Debug|x64.Deploy.0 = Debug|Any CPU
		{0921EFBF-AA17-4C9C-8BF1-B154AC4187FC}.Debug|x86.ActiveCfg = Debug|Any CPU
		{0921EFBF-AA17-4C9C-8BF1-B154AC4187FC}.Debug|x86.Build.0 = Debug|Any CPU
		{0921EFBF-AA17-4C9C-8BF1-B154AC4187FC}.Debug|x86.Deploy.0 = Debug|Any CPU
		{0921EFBF-AA17-4C9C-8BF1-B154AC4187FC}.Release|Any CPU.ActiveCfg = Release|Any CPU
		{0921EFBF-AA17-4C9C-8BF1-B154AC4187FC}.Release|Any CPU.Build.0 = Release|Any CPU
		{0921EFBF-AA17-4C9C-8BF1-B154AC4187FC}.Release|Any CPU.Deploy.0 = Release|Any CPU
		{0921EFBF-AA17-4C9C-8BF1-B154AC4187FC}.Release|ARM.ActiveCfg = Release|Any CPU
		{0921EFBF-AA17-4C9C-8BF1-B154AC4187FC}.Release|ARM.Build.0 = Release|Any CPU
		{0921EFBF-AA17-4C9C-8BF1-B154AC4187FC}.Release|ARM.Deploy.0 = Release|Any CPU
		{0921EFBF-AA17-4C9C-8BF1-B154AC4187FC}.Release|iPhone.ActiveCfg = Release|Any CPU
		{0921EFBF-AA17-4C9C-8BF1-B154AC4187FC}.Release|iPhone.Build.0 = Release|Any CPU
		{0921EFBF-AA17-4C9C-8BF1-B154AC4187FC}.Release|iPhone.Deploy.0 = Release|Any CPU
		{0921EFBF-AA17-4C9C-8BF1-B154AC4187FC}.Release|iPhoneSimulator.ActiveCfg = Release|Any CPU
		{0921EFBF-AA17-4C9C-8BF1-B154AC4187FC}.Release|iPhoneSimulator.Build.0 = Release|Any CPU
		{0921EFBF-AA17-4C9C-8BF1-B154AC4187FC}.Release|iPhoneSimulator.Deploy.0 = Release|Any CPU
		{0921EFBF-AA17-4C9C-8BF1-B154AC4187FC}.Release|x64.ActiveCfg = Release|Any CPU
		{0921EFBF-AA17-4C9C-8BF1-B154AC4187FC}.Release|x64.Build.0 = Release|Any CPU
		{0921EFBF-AA17-4C9C-8BF1-B154AC4187FC}.Release|x64.Deploy.0 = Release|Any CPU
		{0921EFBF-AA17-4C9C-8BF1-B154AC4187FC}.Release|x86.ActiveCfg = Release|Any CPU
		{0921EFBF-AA17-4C9C-8BF1-B154AC4187FC}.Release|x86.Build.0 = Release|Any CPU
		{0921EFBF-AA17-4C9C-8BF1-B154AC4187FC}.Release|x86.Deploy.0 = Release|Any CPU
		{0BA55B30-050F-4650-A314-EE8623073AE2}.Debug|Any CPU.ActiveCfg = Debug|iPhoneSimulator
		{0BA55B30-050F-4650-A314-EE8623073AE2}.Debug|Any CPU.Build.0 = Debug|iPhoneSimulator
		{0BA55B30-050F-4650-A314-EE8623073AE2}.Debug|Any CPU.Deploy.0 = Debug|iPhoneSimulator
		{0BA55B30-050F-4650-A314-EE8623073AE2}.Debug|ARM.ActiveCfg = Debug|iPhone
		{0BA55B30-050F-4650-A314-EE8623073AE2}.Debug|ARM.Build.0 = Debug|iPhone
		{0BA55B30-050F-4650-A314-EE8623073AE2}.Debug|ARM.Deploy.0 = Debug|iPhone
		{0BA55B30-050F-4650-A314-EE8623073AE2}.Debug|iPhone.ActiveCfg = Debug|iPhone
		{0BA55B30-050F-4650-A314-EE8623073AE2}.Debug|iPhone.Build.0 = Debug|iPhone
		{0BA55B30-050F-4650-A314-EE8623073AE2}.Debug|iPhone.Deploy.0 = Debug|iPhone
		{0BA55B30-050F-4650-A314-EE8623073AE2}.Debug|iPhoneSimulator.ActiveCfg = Debug|iPhoneSimulator
		{0BA55B30-050F-4650-A314-EE8623073AE2}.Debug|iPhoneSimulator.Build.0 = Debug|iPhoneSimulator
		{0BA55B30-050F-4650-A314-EE8623073AE2}.Debug|iPhoneSimulator.Deploy.0 = Debug|iPhoneSimulator
		{0BA55B30-050F-4650-A314-EE8623073AE2}.Debug|x64.ActiveCfg = Debug|iPhoneSimulator
		{0BA55B30-050F-4650-A314-EE8623073AE2}.Debug|x64.Build.0 = Debug|iPhoneSimulator
		{0BA55B30-050F-4650-A314-EE8623073AE2}.Debug|x64.Deploy.0 = Debug|iPhoneSimulator
		{0BA55B30-050F-4650-A314-EE8623073AE2}.Debug|x86.ActiveCfg = Debug|iPhoneSimulator
		{0BA55B30-050F-4650-A314-EE8623073AE2}.Debug|x86.Build.0 = Debug|iPhoneSimulator
		{0BA55B30-050F-4650-A314-EE8623073AE2}.Debug|x86.Deploy.0 = Debug|iPhoneSimulator
		{0BA55B30-050F-4650-A314-EE8623073AE2}.Release|Any CPU.ActiveCfg = Release|iPhoneSimulator
		{0BA55B30-050F-4650-A314-EE8623073AE2}.Release|Any CPU.Build.0 = Release|iPhoneSimulator
		{0BA55B30-050F-4650-A314-EE8623073AE2}.Release|Any CPU.Deploy.0 = Release|iPhoneSimulator
		{0BA55B30-050F-4650-A314-EE8623073AE2}.Release|ARM.ActiveCfg = Release|iPhoneSimulator
		{0BA55B30-050F-4650-A314-EE8623073AE2}.Release|ARM.Build.0 = Release|iPhoneSimulator
		{0BA55B30-050F-4650-A314-EE8623073AE2}.Release|ARM.Deploy.0 = Release|iPhoneSimulator
		{0BA55B30-050F-4650-A314-EE8623073AE2}.Release|iPhone.ActiveCfg = Release|iPhone
		{0BA55B30-050F-4650-A314-EE8623073AE2}.Release|iPhone.Build.0 = Release|iPhone
		{0BA55B30-050F-4650-A314-EE8623073AE2}.Release|iPhone.Deploy.0 = Release|iPhone
		{0BA55B30-050F-4650-A314-EE8623073AE2}.Release|iPhoneSimulator.ActiveCfg = Release|iPhoneSimulator
		{0BA55B30-050F-4650-A314-EE8623073AE2}.Release|iPhoneSimulator.Build.0 = Release|iPhoneSimulator
		{0BA55B30-050F-4650-A314-EE8623073AE2}.Release|iPhoneSimulator.Deploy.0 = Release|iPhoneSimulator
		{0BA55B30-050F-4650-A314-EE8623073AE2}.Release|x64.ActiveCfg = Release|iPhoneSimulator
		{0BA55B30-050F-4650-A314-EE8623073AE2}.Release|x64.Build.0 = Release|iPhoneSimulator
		{0BA55B30-050F-4650-A314-EE8623073AE2}.Release|x64.Deploy.0 = Release|iPhoneSimulator
		{0BA55B30-050F-4650-A314-EE8623073AE2}.Release|x86.ActiveCfg = Release|iPhoneSimulator
		{0BA55B30-050F-4650-A314-EE8623073AE2}.Release|x86.Build.0 = Release|iPhoneSimulator
		{0BA55B30-050F-4650-A314-EE8623073AE2}.Release|x86.Deploy.0 = Release|iPhoneSimulator
		{F8FF84B2-6B84-4D21-B5FF-A404F36B39D3}.Debug|Any CPU.ActiveCfg = Debug|Any CPU
		{F8FF84B2-6B84-4D21-B5FF-A404F36B39D3}.Debug|Any CPU.Build.0 = Debug|Any CPU
		{F8FF84B2-6B84-4D21-B5FF-A404F36B39D3}.Debug|Any CPU.Deploy.0 = Debug|Any CPU
		{F8FF84B2-6B84-4D21-B5FF-A404F36B39D3}.Debug|ARM.ActiveCfg = Debug|Any CPU
		{F8FF84B2-6B84-4D21-B5FF-A404F36B39D3}.Debug|ARM.Build.0 = Debug|Any CPU
		{F8FF84B2-6B84-4D21-B5FF-A404F36B39D3}.Debug|ARM.Deploy.0 = Debug|Any CPU
		{F8FF84B2-6B84-4D21-B5FF-A404F36B39D3}.Debug|iPhone.ActiveCfg = Debug|Any CPU
		{F8FF84B2-6B84-4D21-B5FF-A404F36B39D3}.Debug|iPhone.Build.0 = Debug|Any CPU
		{F8FF84B2-6B84-4D21-B5FF-A404F36B39D3}.Debug|iPhone.Deploy.0 = Debug|Any CPU
		{F8FF84B2-6B84-4D21-B5FF-A404F36B39D3}.Debug|iPhoneSimulator.ActiveCfg = Debug|Any CPU
		{F8FF84B2-6B84-4D21-B5FF-A404F36B39D3}.Debug|iPhoneSimulator.Build.0 = Debug|Any CPU
		{F8FF84B2-6B84-4D21-B5FF-A404F36B39D3}.Debug|iPhoneSimulator.Deploy.0 = Debug|Any CPU
		{F8FF84B2-6B84-4D21-B5FF-A404F36B39D3}.Debug|x64.ActiveCfg = Debug|Any CPU
		{F8FF84B2-6B84-4D21-B5FF-A404F36B39D3}.Debug|x64.Build.0 = Debug|Any CPU
		{F8FF84B2-6B84-4D21-B5FF-A404F36B39D3}.Debug|x64.Deploy.0 = Debug|Any CPU
		{F8FF84B2-6B84-4D21-B5FF-A404F36B39D3}.Debug|x86.ActiveCfg = Debug|Any CPU
		{F8FF84B2-6B84-4D21-B5FF-A404F36B39D3}.Debug|x86.Build.0 = Debug|Any CPU
		{F8FF84B2-6B84-4D21-B5FF-A404F36B39D3}.Debug|x86.Deploy.0 = Debug|Any CPU
		{F8FF84B2-6B84-4D21-B5FF-A404F36B39D3}.Release|Any CPU.ActiveCfg = Release|Any CPU
		{F8FF84B2-6B84-4D21-B5FF-A404F36B39D3}.Release|Any CPU.Build.0 = Release|Any CPU
		{F8FF84B2-6B84-4D21-B5FF-A404F36B39D3}.Release|Any CPU.Deploy.0 = Release|Any CPU
		{F8FF84B2-6B84-4D21-B5FF-A404F36B39D3}.Release|ARM.ActiveCfg = Release|Any CPU
		{F8FF84B2-6B84-4D21-B5FF-A404F36B39D3}.Release|ARM.Build.0 = Release|Any CPU
		{F8FF84B2-6B84-4D21-B5FF-A404F36B39D3}.Release|ARM.Deploy.0 = Release|Any CPU
		{F8FF84B2-6B84-4D21-B5FF-A404F36B39D3}.Release|iPhone.ActiveCfg = Release|Any CPU
		{F8FF84B2-6B84-4D21-B5FF-A404F36B39D3}.Release|iPhone.Build.0 = Release|Any CPU
		{F8FF84B2-6B84-4D21-B5FF-A404F36B39D3}.Release|iPhone.Deploy.0 = Release|Any CPU
		{F8FF84B2-6B84-4D21-B5FF-A404F36B39D3}.Release|iPhoneSimulator.ActiveCfg = Release|Any CPU
		{F8FF84B2-6B84-4D21-B5FF-A404F36B39D3}.Release|iPhoneSimulator.Build.0 = Release|Any CPU
		{F8FF84B2-6B84-4D21-B5FF-A404F36B39D3}.Release|iPhoneSimulator.Deploy.0 = Release|Any CPU
		{F8FF84B2-6B84-4D21-B5FF-A404F36B39D3}.Release|x64.ActiveCfg = Release|Any CPU
		{F8FF84B2-6B84-4D21-B5FF-A404F36B39D3}.Release|x64.Build.0 = Release|Any CPU
		{F8FF84B2-6B84-4D21-B5FF-A404F36B39D3}.Release|x64.Deploy.0 = Release|Any CPU
		{F8FF84B2-6B84-4D21-B5FF-A404F36B39D3}.Release|x86.ActiveCfg = Release|Any CPU
		{F8FF84B2-6B84-4D21-B5FF-A404F36B39D3}.Release|x86.Build.0 = Release|Any CPU
		{F8FF84B2-6B84-4D21-B5FF-A404F36B39D3}.Release|x86.Deploy.0 = Release|Any CPU
		{11C423DF-69BD-411D-9061-1D3B8DB2A943}.Debug|Any CPU.ActiveCfg = Debug|Any CPU
		{11C423DF-69BD-411D-9061-1D3B8DB2A943}.Debug|Any CPU.Build.0 = Debug|Any CPU
		{11C423DF-69BD-411D-9061-1D3B8DB2A943}.Debug|ARM.ActiveCfg = Debug|Any CPU
		{11C423DF-69BD-411D-9061-1D3B8DB2A943}.Debug|ARM.Build.0 = Debug|Any CPU
		{11C423DF-69BD-411D-9061-1D3B8DB2A943}.Debug|iPhone.ActiveCfg = Debug|Any CPU
		{11C423DF-69BD-411D-9061-1D3B8DB2A943}.Debug|iPhone.Build.0 = Debug|Any CPU
		{11C423DF-69BD-411D-9061-1D3B8DB2A943}.Debug|iPhoneSimulator.ActiveCfg = Debug|Any CPU
		{11C423DF-69BD-411D-9061-1D3B8DB2A943}.Debug|iPhoneSimulator.Build.0 = Debug|Any CPU
		{11C423DF-69BD-411D-9061-1D3B8DB2A943}.Debug|x64.ActiveCfg = Debug|Any CPU
		{11C423DF-69BD-411D-9061-1D3B8DB2A943}.Debug|x64.Build.0 = Debug|Any CPU
		{11C423DF-69BD-411D-9061-1D3B8DB2A943}.Debug|x86.ActiveCfg = Debug|Any CPU
		{11C423DF-69BD-411D-9061-1D3B8DB2A943}.Debug|x86.Build.0 = Debug|Any CPU
		{11C423DF-69BD-411D-9061-1D3B8DB2A943}.Release|Any CPU.ActiveCfg = Release|Any CPU
		{11C423DF-69BD-411D-9061-1D3B8DB2A943}.Release|Any CPU.Build.0 = Release|Any CPU
		{11C423DF-69BD-411D-9061-1D3B8DB2A943}.Release|ARM.ActiveCfg = Release|Any CPU
		{11C423DF-69BD-411D-9061-1D3B8DB2A943}.Release|ARM.Build.0 = Release|Any CPU
		{11C423DF-69BD-411D-9061-1D3B8DB2A943}.Release|iPhone.ActiveCfg = Release|Any CPU
		{11C423DF-69BD-411D-9061-1D3B8DB2A943}.Release|iPhone.Build.0 = Release|Any CPU
		{11C423DF-69BD-411D-9061-1D3B8DB2A943}.Release|iPhoneSimulator.ActiveCfg = Release|Any CPU
		{11C423DF-69BD-411D-9061-1D3B8DB2A943}.Release|iPhoneSimulator.Build.0 = Release|Any CPU
		{11C423DF-69BD-411D-9061-1D3B8DB2A943}.Release|x64.ActiveCfg = Release|Any CPU
		{11C423DF-69BD-411D-9061-1D3B8DB2A943}.Release|x64.Build.0 = Release|Any CPU
		{11C423DF-69BD-411D-9061-1D3B8DB2A943}.Release|x86.ActiveCfg = Release|Any CPU
		{11C423DF-69BD-411D-9061-1D3B8DB2A943}.Release|x86.Build.0 = Release|Any CPU
		{441E4404-F997-4325-B70A-C359A573D144}.Debug|Any CPU.ActiveCfg = Debug|Any CPU
		{441E4404-F997-4325-B70A-C359A573D144}.Debug|Any CPU.Build.0 = Debug|Any CPU
		{441E4404-F997-4325-B70A-C359A573D144}.Debug|ARM.ActiveCfg = Debug|Any CPU
		{441E4404-F997-4325-B70A-C359A573D144}.Debug|ARM.Build.0 = Debug|Any CPU
		{441E4404-F997-4325-B70A-C359A573D144}.Debug|iPhone.ActiveCfg = Debug|Any CPU
		{441E4404-F997-4325-B70A-C359A573D144}.Debug|iPhone.Build.0 = Debug|Any CPU
		{441E4404-F997-4325-B70A-C359A573D144}.Debug|iPhoneSimulator.ActiveCfg = Debug|Any CPU
		{441E4404-F997-4325-B70A-C359A573D144}.Debug|iPhoneSimulator.Build.0 = Debug|Any CPU
		{441E4404-F997-4325-B70A-C359A573D144}.Debug|x64.ActiveCfg = Debug|x64
		{441E4404-F997-4325-B70A-C359A573D144}.Debug|x64.Build.0 = Debug|x64
		{441E4404-F997-4325-B70A-C359A573D144}.Debug|x86.ActiveCfg = Debug|Any CPU
		{441E4404-F997-4325-B70A-C359A573D144}.Debug|x86.Build.0 = Debug|Any CPU
		{441E4404-F997-4325-B70A-C359A573D144}.Release|Any CPU.ActiveCfg = Release|Any CPU
		{441E4404-F997-4325-B70A-C359A573D144}.Release|Any CPU.Build.0 = Release|Any CPU
		{441E4404-F997-4325-B70A-C359A573D144}.Release|ARM.ActiveCfg = Release|Any CPU
		{441E4404-F997-4325-B70A-C359A573D144}.Release|ARM.Build.0 = Release|Any CPU
		{441E4404-F997-4325-B70A-C359A573D144}.Release|iPhone.ActiveCfg = Release|Any CPU
		{441E4404-F997-4325-B70A-C359A573D144}.Release|iPhone.Build.0 = Release|Any CPU
		{441E4404-F997-4325-B70A-C359A573D144}.Release|iPhoneSimulator.ActiveCfg = Release|Any CPU
		{441E4404-F997-4325-B70A-C359A573D144}.Release|iPhoneSimulator.Build.0 = Release|Any CPU
		{441E4404-F997-4325-B70A-C359A573D144}.Release|x64.ActiveCfg = Release|x64
		{441E4404-F997-4325-B70A-C359A573D144}.Release|x64.Build.0 = Release|x64
		{441E4404-F997-4325-B70A-C359A573D144}.Release|x86.ActiveCfg = Release|Any CPU
		{441E4404-F997-4325-B70A-C359A573D144}.Release|x86.Build.0 = Release|Any CPU
		{C8A321D4-1B21-4817-ADB6-C62037593324}.Debug|Any CPU.ActiveCfg = Debug|Any CPU
		{C8A321D4-1B21-4817-ADB6-C62037593324}.Debug|Any CPU.Build.0 = Debug|Any CPU
		{C8A321D4-1B21-4817-ADB6-C62037593324}.Debug|ARM.ActiveCfg = Debug|Any CPU
		{C8A321D4-1B21-4817-ADB6-C62037593324}.Debug|ARM.Build.0 = Debug|Any CPU
		{C8A321D4-1B21-4817-ADB6-C62037593324}.Debug|iPhone.ActiveCfg = Debug|Any CPU
		{C8A321D4-1B21-4817-ADB6-C62037593324}.Debug|iPhone.Build.0 = Debug|Any CPU
		{C8A321D4-1B21-4817-ADB6-C62037593324}.Debug|iPhoneSimulator.ActiveCfg = Debug|Any CPU
		{C8A321D4-1B21-4817-ADB6-C62037593324}.Debug|iPhoneSimulator.Build.0 = Debug|Any CPU
		{C8A321D4-1B21-4817-ADB6-C62037593324}.Debug|x64.ActiveCfg = Debug|Any CPU
		{C8A321D4-1B21-4817-ADB6-C62037593324}.Debug|x64.Build.0 = Debug|Any CPU
		{C8A321D4-1B21-4817-ADB6-C62037593324}.Debug|x86.ActiveCfg = Debug|Any CPU
		{C8A321D4-1B21-4817-ADB6-C62037593324}.Debug|x86.Build.0 = Debug|Any CPU
		{C8A321D4-1B21-4817-ADB6-C62037593324}.Release|Any CPU.ActiveCfg = Release|Any CPU
		{C8A321D4-1B21-4817-ADB6-C62037593324}.Release|Any CPU.Build.0 = Release|Any CPU
		{C8A321D4-1B21-4817-ADB6-C62037593324}.Release|ARM.ActiveCfg = Release|Any CPU
		{C8A321D4-1B21-4817-ADB6-C62037593324}.Release|ARM.Build.0 = Release|Any CPU
		{C8A321D4-1B21-4817-ADB6-C62037593324}.Release|iPhone.ActiveCfg = Release|Any CPU
		{C8A321D4-1B21-4817-ADB6-C62037593324}.Release|iPhone.Build.0 = Release|Any CPU
		{C8A321D4-1B21-4817-ADB6-C62037593324}.Release|iPhoneSimulator.ActiveCfg = Release|Any CPU
		{C8A321D4-1B21-4817-ADB6-C62037593324}.Release|iPhoneSimulator.Build.0 = Release|Any CPU
		{C8A321D4-1B21-4817-ADB6-C62037593324}.Release|x64.ActiveCfg = Release|Any CPU
		{C8A321D4-1B21-4817-ADB6-C62037593324}.Release|x64.Build.0 = Release|Any CPU
		{C8A321D4-1B21-4817-ADB6-C62037593324}.Release|x86.ActiveCfg = Release|Any CPU
		{C8A321D4-1B21-4817-ADB6-C62037593324}.Release|x86.Build.0 = Release|Any CPU
		{0B5041DA-67D1-4D61-B874-645BC54FFA60}.Debug|Any CPU.ActiveCfg = Debug|Any CPU
		{0B5041DA-67D1-4D61-B874-645BC54FFA60}.Debug|Any CPU.Build.0 = Debug|Any CPU
		{0B5041DA-67D1-4D61-B874-645BC54FFA60}.Debug|ARM.ActiveCfg = Debug|ARM
		{0B5041DA-67D1-4D61-B874-645BC54FFA60}.Debug|ARM.Build.0 = Debug|ARM
		{0B5041DA-67D1-4D61-B874-645BC54FFA60}.Debug|iPhone.ActiveCfg = Debug|Any CPU
		{0B5041DA-67D1-4D61-B874-645BC54FFA60}.Debug|iPhone.Build.0 = Debug|Any CPU
		{0B5041DA-67D1-4D61-B874-645BC54FFA60}.Debug|iPhoneSimulator.ActiveCfg = Debug|Any CPU
		{0B5041DA-67D1-4D61-B874-645BC54FFA60}.Debug|iPhoneSimulator.Build.0 = Debug|Any CPU
		{0B5041DA-67D1-4D61-B874-645BC54FFA60}.Debug|x64.ActiveCfg = Debug|x64
		{0B5041DA-67D1-4D61-B874-645BC54FFA60}.Debug|x64.Build.0 = Debug|x64
		{0B5041DA-67D1-4D61-B874-645BC54FFA60}.Debug|x86.ActiveCfg = Debug|x86
		{0B5041DA-67D1-4D61-B874-645BC54FFA60}.Debug|x86.Build.0 = Debug|x86
		{0B5041DA-67D1-4D61-B874-645BC54FFA60}.Release|Any CPU.ActiveCfg = Release|Any CPU
		{0B5041DA-67D1-4D61-B874-645BC54FFA60}.Release|Any CPU.Build.0 = Release|Any CPU
		{0B5041DA-67D1-4D61-B874-645BC54FFA60}.Release|ARM.ActiveCfg = Release|ARM
		{0B5041DA-67D1-4D61-B874-645BC54FFA60}.Release|ARM.Build.0 = Release|ARM
		{0B5041DA-67D1-4D61-B874-645BC54FFA60}.Release|iPhone.ActiveCfg = Release|Any CPU
		{0B5041DA-67D1-4D61-B874-645BC54FFA60}.Release|iPhone.Build.0 = Release|Any CPU
		{0B5041DA-67D1-4D61-B874-645BC54FFA60}.Release|iPhoneSimulator.ActiveCfg = Release|Any CPU
		{0B5041DA-67D1-4D61-B874-645BC54FFA60}.Release|iPhoneSimulator.Build.0 = Release|Any CPU
		{0B5041DA-67D1-4D61-B874-645BC54FFA60}.Release|x64.ActiveCfg = Release|x64
		{0B5041DA-67D1-4D61-B874-645BC54FFA60}.Release|x64.Build.0 = Release|x64
		{0B5041DA-67D1-4D61-B874-645BC54FFA60}.Release|x86.ActiveCfg = Release|x86
		{0B5041DA-67D1-4D61-B874-645BC54FFA60}.Release|x86.Build.0 = Release|x86
		{4A3C28CF-4AF0-4AE9-B77E-85E7CFA6B432}.Debug|Any CPU.ActiveCfg = Debug|Any CPU
		{4A3C28CF-4AF0-4AE9-B77E-85E7CFA6B432}.Debug|Any CPU.Build.0 = Debug|Any CPU
		{4A3C28CF-4AF0-4AE9-B77E-85E7CFA6B432}.Debug|ARM.ActiveCfg = Debug|Any CPU
		{4A3C28CF-4AF0-4AE9-B77E-85E7CFA6B432}.Debug|ARM.Build.0 = Debug|Any CPU
		{4A3C28CF-4AF0-4AE9-B77E-85E7CFA6B432}.Debug|iPhone.ActiveCfg = Debug|Any CPU
		{4A3C28CF-4AF0-4AE9-B77E-85E7CFA6B432}.Debug|iPhone.Build.0 = Debug|Any CPU
		{4A3C28CF-4AF0-4AE9-B77E-85E7CFA6B432}.Debug|iPhoneSimulator.ActiveCfg = Debug|Any CPU
		{4A3C28CF-4AF0-4AE9-B77E-85E7CFA6B432}.Debug|iPhoneSimulator.Build.0 = Debug|Any CPU
		{4A3C28CF-4AF0-4AE9-B77E-85E7CFA6B432}.Debug|x64.ActiveCfg = Debug|Any CPU
		{4A3C28CF-4AF0-4AE9-B77E-85E7CFA6B432}.Debug|x64.Build.0 = Debug|Any CPU
		{4A3C28CF-4AF0-4AE9-B77E-85E7CFA6B432}.Debug|x86.ActiveCfg = Debug|Any CPU
		{4A3C28CF-4AF0-4AE9-B77E-85E7CFA6B432}.Debug|x86.Build.0 = Debug|Any CPU
		{4A3C28CF-4AF0-4AE9-B77E-85E7CFA6B432}.Release|Any CPU.ActiveCfg = Release|Any CPU
		{4A3C28CF-4AF0-4AE9-B77E-85E7CFA6B432}.Release|Any CPU.Build.0 = Release|Any CPU
		{4A3C28CF-4AF0-4AE9-B77E-85E7CFA6B432}.Release|ARM.ActiveCfg = Release|Any CPU
		{4A3C28CF-4AF0-4AE9-B77E-85E7CFA6B432}.Release|ARM.Build.0 = Release|Any CPU
		{4A3C28CF-4AF0-4AE9-B77E-85E7CFA6B432}.Release|iPhone.ActiveCfg = Release|Any CPU
		{4A3C28CF-4AF0-4AE9-B77E-85E7CFA6B432}.Release|iPhone.Build.0 = Release|Any CPU
		{4A3C28CF-4AF0-4AE9-B77E-85E7CFA6B432}.Release|iPhoneSimulator.ActiveCfg = Release|Any CPU
		{4A3C28CF-4AF0-4AE9-B77E-85E7CFA6B432}.Release|iPhoneSimulator.Build.0 = Release|Any CPU
		{4A3C28CF-4AF0-4AE9-B77E-85E7CFA6B432}.Release|x64.ActiveCfg = Release|Any CPU
		{4A3C28CF-4AF0-4AE9-B77E-85E7CFA6B432}.Release|x64.Build.0 = Release|Any CPU
		{4A3C28CF-4AF0-4AE9-B77E-85E7CFA6B432}.Release|x86.ActiveCfg = Release|Any CPU
		{4A3C28CF-4AF0-4AE9-B77E-85E7CFA6B432}.Release|x86.Build.0 = Release|Any CPU
	EndGlobalSection
	GlobalSection(SolutionProperties) = preSolution
		HideSolutionNode = FALSE
	EndGlobalSection
	GlobalSection(ExtensibilityGlobals) = postSolution
		SolutionGuid = {F3BF16C1-F8AE-4868-A72F-CC4E2C2DB2CB}
	EndGlobalSection
EndGlobal
